
Microsoft Visual Studio Solution File, Format Version 12.00
# Visual Studio 14
VisualStudioVersion = 14.0.25123.0
MinimumVisualStudioVersion = 10.0.40219.1
Project("{FAE04EC0-301F-11D3-BF4B-00C04F79EFBC}") = "XamarinCarouselView.Droid", "XamarinCarouselView\XamarinCarouselView.Droid\XamarinCarouselView.Droid.csproj", "{E7F632BC-B03B-4481-8994-3EF87C6319D9}"
EndProject
Project("{FAE04EC0-301F-11D3-BF4B-00C04F79EFBC}") = "XamarinCarouselView.iOS", "XamarinCarouselView\XamarinCarouselView.iOS\XamarinCarouselView.iOS.csproj", "{406251D2-DAB6-4AEE-AFB0-CFD3FA106454}"
EndProject
Project("{FAE04EC0-301F-11D3-BF4B-00C04F79EFBC}") = "XamarinCarouselView.WinPhone", "XamarinCarouselView\XamarinCarouselView.WinPhone\XamarinCarouselView.WinPhone.csproj", "{EEB8D7F3-40B3-450B-9BAF-5178D595E487}"
EndProject
Project("{FAE04EC0-301F-11D3-BF4B-00C04F79EFBC}") = "XamarinCarouselView.Windows", "XamarinCarouselView\XamarinCarouselView.Windows\XamarinCarouselView.Windows.csproj", "{B9DAA8A5-2AA7-4F2E-935D-41F8875750D1}"
EndProject
Project("{FAE04EC0-301F-11D3-BF4B-00C04F79EFBC}") = "XamarinCarouselView", "XamarinCarouselView\XamarinCarouselView\XamarinCarouselView.csproj", "{1D0BCAAA-86D3-47D4-BB02-E43AB8686CDC}"
EndProject
Global
	GlobalSection(SolutionConfigurationPlatforms) = preSolution
		Ad-Hoc|Any CPU = Ad-Hoc|Any CPU
		Ad-Hoc|ARM = Ad-Hoc|ARM
		Ad-Hoc|iPhone = Ad-Hoc|iPhone
		Ad-Hoc|iPhoneSimulator = Ad-Hoc|iPhoneSimulator
		Ad-Hoc|x64 = Ad-Hoc|x64
		Ad-Hoc|x86 = Ad-Hoc|x86
		AppStore|Any CPU = AppStore|Any CPU
		AppStore|ARM = AppStore|ARM
		AppStore|iPhone = AppStore|iPhone
		AppStore|iPhoneSimulator = AppStore|iPhoneSimulator
		AppStore|x64 = AppStore|x64
		AppStore|x86 = AppStore|x86
		Debug|Any CPU = Debug|Any CPU
		Debug|ARM = Debug|ARM
		Debug|iPhone = Debug|iPhone
		Debug|iPhoneSimulator = Debug|iPhoneSimulator
		Debug|x64 = Debug|x64
		Debug|x86 = Debug|x86
		Release|Any CPU = Release|Any CPU
		Release|ARM = Release|ARM
		Release|iPhone = Release|iPhone
		Release|iPhoneSimulator = Release|iPhoneSimulator
		Release|x64 = Release|x64
		Release|x86 = Release|x86
	EndGlobalSection
	GlobalSection(ProjectConfigurationPlatforms) = postSolution
		{E7F632BC-B03B-4481-8994-3EF87C6319D9}.Ad-Hoc|Any CPU.ActiveCfg = Release|Any CPU
		{E7F632BC-B03B-4481-8994-3EF87C6319D9}.Ad-Hoc|Any CPU.Build.0 = Release|Any CPU
		{E7F632BC-B03B-4481-8994-3EF87C6319D9}.Ad-Hoc|Any CPU.Deploy.0 = Release|Any CPU
		{E7F632BC-B03B-4481-8994-3EF87C6319D9}.Ad-Hoc|ARM.ActiveCfg = Release|Any CPU
		{E7F632BC-B03B-4481-8994-3EF87C6319D9}.Ad-Hoc|ARM.Build.0 = Release|Any CPU
		{E7F632BC-B03B-4481-8994-3EF87C6319D9}.Ad-Hoc|ARM.Deploy.0 = Release|Any CPU
		{E7F632BC-B03B-4481-8994-3EF87C6319D9}.Ad-Hoc|iPhone.ActiveCfg = Release|Any CPU
		{E7F632BC-B03B-4481-8994-3EF87C6319D9}.Ad-Hoc|iPhone.Build.0 = Release|Any CPU
		{E7F632BC-B03B-4481-8994-3EF87C6319D9}.Ad-Hoc|iPhone.Deploy.0 = Release|Any CPU
		{E7F632BC-B03B-4481-8994-3EF87C6319D9}.Ad-Hoc|iPhoneSimulator.ActiveCfg = Release|Any CPU
		{E7F632BC-B03B-4481-8994-3EF87C6319D9}.Ad-Hoc|iPhoneSimulator.Build.0 = Release|Any CPU
		{E7F632BC-B03B-4481-8994-3EF87C6319D9}.Ad-Hoc|iPhoneSimulator.Deploy.0 = Release|Any CPU
		{E7F632BC-B03B-4481-8994-3EF87C6319D9}.Ad-Hoc|x64.ActiveCfg = Release|Any CPU
		{E7F632BC-B03B-4481-8994-3EF87C6319D9}.Ad-Hoc|x64.Build.0 = Release|Any CPU
		{E7F632BC-B03B-4481-8994-3EF87C6319D9}.Ad-Hoc|x64.Deploy.0 = Release|Any CPU
		{E7F632BC-B03B-4481-8994-3EF87C6319D9}.Ad-Hoc|x86.ActiveCfg = Release|Any CPU
		{E7F632BC-B03B-4481-8994-3EF87C6319D9}.Ad-Hoc|x86.Build.0 = Release|Any CPU
		{E7F632BC-B03B-4481-8994-3EF87C6319D9}.Ad-Hoc|x86.Deploy.0 = Release|Any CPU
		{E7F632BC-B03B-4481-8994-3EF87C6319D9}.AppStore|Any CPU.ActiveCfg = Release|Any CPU
		{E7F632BC-B03B-4481-8994-3EF87C6319D9}.AppStore|Any CPU.Build.0 = Release|Any CPU
		{E7F632BC-B03B-4481-8994-3EF87C6319D9}.AppStore|Any CPU.Deploy.0 = Release|Any CPU
		{E7F632BC-B03B-4481-8994-3EF87C6319D9}.AppStore|ARM.ActiveCfg = Release|Any CPU
		{E7F632BC-B03B-4481-8994-3EF87C6319D9}.AppStore|ARM.Build.0 = Release|Any CPU
		{E7F632BC-B03B-4481-8994-3EF87C6319D9}.AppStore|ARM.Deploy.0 = Release|Any CPU
		{E7F632BC-B03B-4481-8994-3EF87C6319D9}.AppStore|iPhone.ActiveCfg = Release|Any CPU
		{E7F632BC-B03B-4481-8994-3EF87C6319D9}.AppStore|iPhone.Build.0 = Release|Any CPU
		{E7F632BC-B03B-4481-8994-3EF87C6319D9}.AppStore|iPhone.Deploy.0 = Release|Any CPU
		{E7F632BC-B03B-4481-8994-3EF87C6319D9}.AppStore|iPhoneSimulator.ActiveCfg = Release|Any CPU
		{E7F632BC-B03B-4481-8994-3EF87C6319D9}.AppStore|iPhoneSimulator.Build.0 = Release|Any CPU
		{E7F632BC-B03B-4481-8994-3EF87C6319D9}.AppStore|iPhoneSimulator.Deploy.0 = Release|Any CPU
		{E7F632BC-B03B-4481-8994-3EF87C6319D9}.AppStore|x64.ActiveCfg = Release|Any CPU
		{E7F632BC-B03B-4481-8994-3EF87C6319D9}.AppStore|x64.Build.0 = Release|Any CPU
		{E7F632BC-B03B-4481-8994-3EF87C6319D9}.AppStore|x64.Deploy.0 = Release|Any CPU
		{E7F632BC-B03B-4481-8994-3EF87C6319D9}.AppStore|x86.ActiveCfg = Release|Any CPU
		{E7F632BC-B03B-4481-8994-3EF87C6319D9}.AppStore|x86.Build.0 = Release|Any CPU
		{E7F632BC-B03B-4481-8994-3EF87C6319D9}.AppStore|x86.Deploy.0 = Release|Any CPU
		{E7F632BC-B03B-4481-8994-3EF87C6319D9}.Debug|Any CPU.ActiveCfg = Debug|Any CPU
		{E7F632BC-B03B-4481-8994-3EF87C6319D9}.Debug|Any CPU.Build.0 = Debug|Any CPU
		{E7F632BC-B03B-4481-8994-3EF87C6319D9}.Debug|Any CPU.Deploy.0 = Debug|Any CPU
		{E7F632BC-B03B-4481-8994-3EF87C6319D9}.Debug|ARM.ActiveCfg = Debug|Any CPU
		{E7F632BC-B03B-4481-8994-3EF87C6319D9}.Debug|ARM.Build.0 = Debug|Any CPU
		{E7F632BC-B03B-4481-8994-3EF87C6319D9}.Debug|ARM.Deploy.0 = Debug|Any CPU
		{E7F632BC-B03B-4481-8994-3EF87C6319D9}.Debug|iPhone.ActiveCfg = Debug|Any CPU
		{E7F632BC-B03B-4481-8994-3EF87C6319D9}.Debug|iPhone.Build.0 = Debug|Any CPU
		{E7F632BC-B03B-4481-8994-3EF87C6319D9}.Debug|iPhone.Deploy.0 = Debug|Any CPU
		{E7F632BC-B03B-4481-8994-3EF87C6319D9}.Debug|iPhoneSimulator.ActiveCfg = Debug|Any CPU
		{E7F632BC-B03B-4481-8994-3EF87C6319D9}.Debug|iPhoneSimulator.Build.0 = Debug|Any CPU
		{E7F632BC-B03B-4481-8994-3EF87C6319D9}.Debug|iPhoneSimulator.Deploy.0 = Debug|Any CPU
		{E7F632BC-B03B-4481-8994-3EF87C6319D9}.Debug|x64.ActiveCfg = Debug|Any CPU
		{E7F632BC-B03B-4481-8994-3EF87C6319D9}.Debug|x64.Build.0 = Debug|Any CPU
		{E7F632BC-B03B-4481-8994-3EF87C6319D9}.Debug|x64.Deploy.0 = Debug|Any CPU
		{E7F632BC-B03B-4481-8994-3EF87C6319D9}.Debug|x86.ActiveCfg = Debug|Any CPU
		{E7F632BC-B03B-4481-8994-3EF87C6319D9}.Debug|x86.Build.0 = Debug|Any CPU
		{E7F632BC-B03B-4481-8994-3EF87C6319D9}.Debug|x86.Deploy.0 = Debug|Any CPU
		{E7F632BC-B03B-4481-8994-3EF87C6319D9}.Release|Any CPU.ActiveCfg = Release|Any CPU
		{E7F632BC-B03B-4481-8994-3EF87C6319D9}.Release|Any CPU.Build.0 = Release|Any CPU
		{E7F632BC-B03B-4481-8994-3EF87C6319D9}.Release|Any CPU.Deploy.0 = Release|Any CPU
		{E7F632BC-B03B-4481-8994-3EF87C6319D9}.Release|ARM.ActiveCfg = Release|Any CPU
		{E7F632BC-B03B-4481-8994-3EF87C6319D9}.Release|ARM.Build.0 = Release|Any CPU
		{E7F632BC-B03B-4481-8994-3EF87C6319D9}.Release|ARM.Deploy.0 = Release|Any CPU
		{E7F632BC-B03B-4481-8994-3EF87C6319D9}.Release|iPhone.ActiveCfg = Release|Any CPU
		{E7F632BC-B03B-4481-8994-3EF87C6319D9}.Release|iPhone.Build.0 = Release|Any CPU
		{E7F632BC-B03B-4481-8994-3EF87C6319D9}.Release|iPhone.Deploy.0 = Release|Any CPU
		{E7F632BC-B03B-4481-8994-3EF87C6319D9}.Release|iPhoneSimulator.ActiveCfg = Release|Any CPU
		{E7F632BC-B03B-4481-8994-3EF87C6319D9}.Release|iPhoneSimulator.Build.0 = Release|Any CPU
		{E7F632BC-B03B-4481-8994-3EF87C6319D9}.Release|iPhoneSimulator.Deploy.0 = Release|Any CPU
		{E7F632BC-B03B-4481-8994-3EF87C6319D9}.Release|x64.ActiveCfg = Release|Any CPU
		{E7F632BC-B03B-4481-8994-3EF87C6319D9}.Release|x64.Build.0 = Release|Any CPU
		{E7F632BC-B03B-4481-8994-3EF87C6319D9}.Release|x64.Deploy.0 = Release|Any CPU
		{E7F632BC-B03B-4481-8994-3EF87C6319D9}.Release|x86.ActiveCfg = Release|Any CPU
		{E7F632BC-B03B-4481-8994-3EF87C6319D9}.Release|x86.Build.0 = Release|Any CPU
		{E7F632BC-B03B-4481-8994-3EF87C6319D9}.Release|x86.Deploy.0 = Release|Any CPU
		{406251D2-DAB6-4AEE-AFB0-CFD3FA106454}.Ad-Hoc|Any CPU.ActiveCfg = Ad-Hoc|iPhone
		{406251D2-DAB6-4AEE-AFB0-CFD3FA106454}.Ad-Hoc|ARM.ActiveCfg = Ad-Hoc|iPhone
		{406251D2-DAB6-4AEE-AFB0-CFD3FA106454}.Ad-Hoc|iPhone.ActiveCfg = Ad-Hoc|iPhone
		{406251D2-DAB6-4AEE-AFB0-CFD3FA106454}.Ad-Hoc|iPhone.Build.0 = Ad-Hoc|iPhone
		{406251D2-DAB6-4AEE-AFB0-CFD3FA106454}.Ad-Hoc|iPhoneSimulator.ActiveCfg = Ad-Hoc|iPhoneSimulator
		{406251D2-DAB6-4AEE-AFB0-CFD3FA106454}.Ad-Hoc|iPhoneSimulator.Build.0 = Ad-Hoc|iPhoneSimulator
		{406251D2-DAB6-4AEE-AFB0-CFD3FA106454}.Ad-Hoc|x64.ActiveCfg = Ad-Hoc|iPhone
		{406251D2-DAB6-4AEE-AFB0-CFD3FA106454}.Ad-Hoc|x86.ActiveCfg = Ad-Hoc|iPhone
		{406251D2-DAB6-4AEE-AFB0-CFD3FA106454}.AppStore|Any CPU.ActiveCfg = AppStore|iPhone
		{406251D2-DAB6-4AEE-AFB0-CFD3FA106454}.AppStore|ARM.ActiveCfg = AppStore|iPhone
		{406251D2-DAB6-4AEE-AFB0-CFD3FA106454}.AppStore|iPhone.ActiveCfg = AppStore|iPhone
		{406251D2-DAB6-4AEE-AFB0-CFD3FA106454}.AppStore|iPhone.Build.0 = AppStore|iPhone
		{406251D2-DAB6-4AEE-AFB0-CFD3FA106454}.AppStore|iPhoneSimulator.ActiveCfg = AppStore|iPhoneSimulator
		{406251D2-DAB6-4AEE-AFB0-CFD3FA106454}.AppStore|iPhoneSimulator.Build.0 = AppStore|iPhoneSimulator
		{406251D2-DAB6-4AEE-AFB0-CFD3FA106454}.AppStore|x64.ActiveCfg = AppStore|iPhone
		{406251D2-DAB6-4AEE-AFB0-CFD3FA106454}.AppStore|x86.ActiveCfg = AppStore|iPhone
		{406251D2-DAB6-4AEE-AFB0-CFD3FA106454}.Debug|Any CPU.ActiveCfg = Debug|iPhone
		{406251D2-DAB6-4AEE-AFB0-CFD3FA106454}.Debug|ARM.ActiveCfg = Debug|iPhone
		{406251D2-DAB6-4AEE-AFB0-CFD3FA106454}.Debug|iPhone.ActiveCfg = Debug|iPhone
		{406251D2-DAB6-4AEE-AFB0-CFD3FA106454}.Debug|iPhone.Build.0 = Debug|iPhone
		{406251D2-DAB6-4AEE-AFB0-CFD3FA106454}.Debug|iPhoneSimulator.ActiveCfg = Debug|iPhoneSimulator
		{406251D2-DAB6-4AEE-AFB0-CFD3FA106454}.Debug|iPhoneSimulator.Build.0 = Debug|iPhoneSimulator
		{406251D2-DAB6-4AEE-AFB0-CFD3FA106454}.Debug|x64.ActiveCfg = Debug|iPhone
		{406251D2-DAB6-4AEE-AFB0-CFD3FA106454}.Debug|x86.ActiveCfg = Debug|iPhone
		{406251D2-DAB6-4AEE-AFB0-CFD3FA106454}.Release|Any CPU.ActiveCfg = Release|iPhone
		{406251D2-DAB6-4AEE-AFB0-CFD3FA106454}.Release|ARM.ActiveCfg = Release|iPhone
		{406251D2-DAB6-4AEE-AFB0-CFD3FA106454}.Release|iPhone.ActiveCfg = Release|iPhone
		{406251D2-DAB6-4AEE-AFB0-CFD3FA106454}.Release|iPhone.Build.0 = Release|iPhone
		{406251D2-DAB6-4AEE-AFB0-CFD3FA106454}.Release|iPhoneSimulator.ActiveCfg = Release|iPhoneSimulator
		{406251D2-DAB6-4AEE-AFB0-CFD3FA106454}.Release|iPhoneSimulator.Build.0 = Release|iPhoneSimulator
		{406251D2-DAB6-4AEE-AFB0-CFD3FA106454}.Release|x64.ActiveCfg = Release|iPhone
		{406251D2-DAB6-4AEE-AFB0-CFD3FA106454}.Release|x86.ActiveCfg = Release|iPhone
		{EEB8D7F3-40B3-450B-9BAF-5178D595E487}.Ad-Hoc|Any CPU.ActiveCfg = Release|Any CPU
		{EEB8D7F3-40B3-450B-9BAF-5178D595E487}.Ad-Hoc|Any CPU.Build.0 = Release|Any CPU
		{EEB8D7F3-40B3-450B-9BAF-5178D595E487}.Ad-Hoc|Any CPU.Deploy.0 = Release|Any CPU
		{EEB8D7F3-40B3-450B-9BAF-5178D595E487}.Ad-Hoc|ARM.ActiveCfg = Release|ARM
		{EEB8D7F3-40B3-450B-9BAF-5178D595E487}.Ad-Hoc|ARM.Build.0 = Release|ARM
		{EEB8D7F3-40B3-450B-9BAF-5178D595E487}.Ad-Hoc|ARM.Deploy.0 = Release|ARM
		{EEB8D7F3-40B3-450B-9BAF-5178D595E487}.Ad-Hoc|iPhone.ActiveCfg = Release|Any CPU
		{EEB8D7F3-40B3-450B-9BAF-5178D595E487}.Ad-Hoc|iPhone.Build.0 = Release|Any CPU
		{EEB8D7F3-40B3-450B-9BAF-5178D595E487}.Ad-Hoc|iPhone.Deploy.0 = Release|Any CPU
		{EEB8D7F3-40B3-450B-9BAF-5178D595E487}.Ad-Hoc|iPhoneSimulator.ActiveCfg = Release|Any CPU
		{EEB8D7F3-40B3-450B-9BAF-5178D595E487}.Ad-Hoc|iPhoneSimulator.Build.0 = Release|Any CPU
		{EEB8D7F3-40B3-450B-9BAF-5178D595E487}.Ad-Hoc|iPhoneSimulator.Deploy.0 = Release|Any CPU
		{EEB8D7F3-40B3-450B-9BAF-5178D595E487}.Ad-Hoc|x64.ActiveCfg = Release|Any CPU
		{EEB8D7F3-40B3-450B-9BAF-5178D595E487}.Ad-Hoc|x64.Build.0 = Release|Any CPU
		{EEB8D7F3-40B3-450B-9BAF-5178D595E487}.Ad-Hoc|x64.Deploy.0 = Release|Any CPU
		{EEB8D7F3-40B3-450B-9BAF-5178D595E487}.Ad-Hoc|x86.ActiveCfg = Release|x86
		{EEB8D7F3-40B3-450B-9BAF-5178D595E487}.Ad-Hoc|x86.Build.0 = Release|x86
		{EEB8D7F3-40B3-450B-9BAF-5178D595E487}.Ad-Hoc|x86.Deploy.0 = Release|x86
		{EEB8D7F3-40B3-450B-9BAF-5178D595E487}.AppStore|Any CPU.ActiveCfg = Release|Any CPU
		{EEB8D7F3-40B3-450B-9BAF-5178D595E487}.AppStore|Any CPU.Build.0 = Release|Any CPU
		{EEB8D7F3-40B3-450B-9BAF-5178D595E487}.AppStore|Any CPU.Deploy.0 = Release|Any CPU
		{EEB8D7F3-40B3-450B-9BAF-5178D595E487}.AppStore|ARM.ActiveCfg = Release|ARM
		{EEB8D7F3-40B3-450B-9BAF-5178D595E487}.AppStore|ARM.Build.0 = Release|ARM
		{EEB8D7F3-40B3-450B-9BAF-5178D595E487}.AppStore|ARM.Deploy.0 = Release|ARM
		{EEB8D7F3-40B3-450B-9BAF-5178D595E487}.AppStore|iPhone.ActiveCfg = Release|Any CPU
		{EEB8D7F3-40B3-450B-9BAF-5178D595E487}.AppStore|iPhone.Build.0 = Release|Any CPU
		{EEB8D7F3-40B3-450B-9BAF-5178D595E487}.AppStore|iPhone.Deploy.0 = Release|Any CPU
		{EEB8D7F3-40B3-450B-9BAF-5178D595E487}.AppStore|iPhoneSimulator.ActiveCfg = Release|Any CPU
		{EEB8D7F3-40B3-450B-9BAF-5178D595E487}.AppStore|iPhoneSimulator.Build.0 = Release|Any CPU
		{EEB8D7F3-40B3-450B-9BAF-5178D595E487}.AppStore|iPhoneSimulator.Deploy.0 = Release|Any CPU
		{EEB8D7F3-40B3-450B-9BAF-5178D595E487}.AppStore|x64.ActiveCfg = Release|Any CPU
		{EEB8D7F3-40B3-450B-9BAF-5178D595E487}.AppStore|x64.Build.0 = Release|Any CPU
		{EEB8D7F3-40B3-450B-9BAF-5178D595E487}.AppStore|x64.Deploy.0 = Release|Any CPU
		{EEB8D7F3-40B3-450B-9BAF-5178D595E487}.AppStore|x86.ActiveCfg = Release|x86
		{EEB8D7F3-40B3-450B-9BAF-5178D595E487}.AppStore|x86.Build.0 = Release|x86
		{EEB8D7F3-40B3-450B-9BAF-5178D595E487}.AppStore|x86.Deploy.0 = Release|x86
		{EEB8D7F3-40B3-450B-9BAF-5178D595E487}.Debug|Any CPU.ActiveCfg = Debug|Any CPU
		{EEB8D7F3-40B3-450B-9BAF-5178D595E487}.Debug|Any CPU.Build.0 = Debug|Any CPU
		{EEB8D7F3-40B3-450B-9BAF-5178D595E487}.Debug|Any CPU.Deploy.0 = Debug|Any CPU
		{EEB8D7F3-40B3-450B-9BAF-5178D595E487}.Debug|ARM.ActiveCfg = Debug|ARM
		{EEB8D7F3-40B3-450B-9BAF-5178D595E487}.Debug|ARM.Build.0 = Debug|ARM
		{EEB8D7F3-40B3-450B-9BAF-5178D595E487}.Debug|ARM.Deploy.0 = Debug|ARM
		{EEB8D7F3-40B3-450B-9BAF-5178D595E487}.Debug|iPhone.ActiveCfg = Debug|Any CPU
		{EEB8D7F3-40B3-450B-9BAF-5178D595E487}.Debug|iPhone.Build.0 = Debug|Any CPU
		{EEB8D7F3-40B3-450B-9BAF-5178D595E487}.Debug|iPhone.Deploy.0 = Debug|Any CPU
		{EEB8D7F3-40B3-450B-9BAF-5178D595E487}.Debug|iPhoneSimulator.ActiveCfg = Debug|Any CPU
		{EEB8D7F3-40B3-450B-9BAF-5178D595E487}.Debug|iPhoneSimulator.Build.0 = Debug|Any CPU
		{EEB8D7F3-40B3-450B-9BAF-5178D595E487}.Debug|iPhoneSimulator.Deploy.0 = Debug|Any CPU
		{EEB8D7F3-40B3-450B-9BAF-5178D595E487}.Debug|x64.ActiveCfg = Debug|Any CPU
		{EEB8D7F3-40B3-450B-9BAF-5178D595E487}.Debug|x64.Build.0 = Debug|Any CPU
		{EEB8D7F3-40B3-450B-9BAF-5178D595E487}.Debug|x64.Deploy.0 = Debug|Any CPU
		{EEB8D7F3-40B3-450B-9BAF-5178D595E487}.Debug|x86.ActiveCfg = Debug|x86
		{EEB8D7F3-40B3-450B-9BAF-5178D595E487}.Debug|x86.Build.0 = Debug|x86
		{EEB8D7F3-40B3-450B-9BAF-5178D595E487}.Debug|x86.Deploy.0 = Debug|x86
		{EEB8D7F3-40B3-450B-9BAF-5178D595E487}.Release|Any CPU.ActiveCfg = Release|Any CPU
		{EEB8D7F3-40B3-450B-9BAF-5178D595E487}.Release|Any CPU.Build.0 = Release|Any CPU
		{EEB8D7F3-40B3-450B-9BAF-5178D595E487}.Release|Any CPU.Deploy.0 = Release|Any CPU
		{EEB8D7F3-40B3-450B-9BAF-5178D595E487}.Release|ARM.ActiveCfg = Release|ARM
		{EEB8D7F3-40B3-450B-9BAF-5178D595E487}.Release|ARM.Build.0 = Release|ARM
		{EEB8D7F3-40B3-450B-9BAF-5178D595E487}.Release|ARM.Deploy.0 = Release|ARM
		{EEB8D7F3-40B3-450B-9BAF-5178D595E487}.Release|iPhone.ActiveCfg = Release|Any CPU
		{EEB8D7F3-40B3-450B-9BAF-5178D595E487}.Release|iPhone.Build.0 = Release|Any CPU
		{EEB8D7F3-40B3-450B-9BAF-5178D595E487}.Release|iPhone.Deploy.0 = Release|Any CPU
		{EEB8D7F3-40B3-450B-9BAF-5178D595E487}.Release|iPhoneSimulator.ActiveCfg = Release|Any CPU
		{EEB8D7F3-40B3-450B-9BAF-5178D595E487}.Release|iPhoneSimulator.Build.0 = Release|Any CPU
		{EEB8D7F3-40B3-450B-9BAF-5178D595E487}.Release|iPhoneSimulator.Deploy.0 = Release|Any CPU
		{EEB8D7F3-40B3-450B-9BAF-5178D595E487}.Release|x64.ActiveCfg = Release|Any CPU
		{EEB8D7F3-40B3-450B-9BAF-5178D595E487}.Release|x64.Build.0 = Release|Any CPU
		{EEB8D7F3-40B3-450B-9BAF-5178D595E487}.Release|x64.Deploy.0 = Release|Any CPU
		{EEB8D7F3-40B3-450B-9BAF-5178D595E487}.Release|x86.ActiveCfg = Release|x86
		{EEB8D7F3-40B3-450B-9BAF-5178D595E487}.Release|x86.Build.0 = Release|x86
		{EEB8D7F3-40B3-450B-9BAF-5178D595E487}.Release|x86.Deploy.0 = Release|x86
		{B9DAA8A5-2AA7-4F2E-935D-41F8875750D1}.Ad-Hoc|Any CPU.ActiveCfg = Release|Any CPU
		{B9DAA8A5-2AA7-4F2E-935D-41F8875750D1}.Ad-Hoc|Any CPU.Build.0 = Release|Any CPU
		{B9DAA8A5-2AA7-4F2E-935D-41F8875750D1}.Ad-Hoc|Any CPU.Deploy.0 = Release|Any CPU
		{B9DAA8A5-2AA7-4F2E-935D-41F8875750D1}.Ad-Hoc|ARM.ActiveCfg = Release|ARM
		{B9DAA8A5-2AA7-4F2E-935D-41F8875750D1}.Ad-Hoc|ARM.Build.0 = Release|ARM
		{B9DAA8A5-2AA7-4F2E-935D-41F8875750D1}.Ad-Hoc|ARM.Deploy.0 = Release|ARM
		{B9DAA8A5-2AA7-4F2E-935D-41F8875750D1}.Ad-Hoc|iPhone.ActiveCfg = Release|Any CPU
		{B9DAA8A5-2AA7-4F2E-935D-41F8875750D1}.Ad-Hoc|iPhone.Build.0 = Release|Any CPU
		{B9DAA8A5-2AA7-4F2E-935D-41F8875750D1}.Ad-Hoc|iPhone.Deploy.0 = Release|Any CPU
		{B9DAA8A5-2AA7-4F2E-935D-41F8875750D1}.Ad-Hoc|iPhoneSimulator.ActiveCfg = Release|Any CPU
		{B9DAA8A5-2AA7-4F2E-935D-41F8875750D1}.Ad-Hoc|iPhoneSimulator.Build.0 = Release|Any CPU
		{B9DAA8A5-2AA7-4F2E-935D-41F8875750D1}.Ad-Hoc|iPhoneSimulator.Deploy.0 = Release|Any CPU
		{B9DAA8A5-2AA7-4F2E-935D-41F8875750D1}.Ad-Hoc|x64.ActiveCfg = Release|x64
		{B9DAA8A5-2AA7-4F2E-935D-41F8875750D1}.Ad-Hoc|x64.Build.0 = Release|x64
		{B9DAA8A5-2AA7-4F2E-935D-41F8875750D1}.Ad-Hoc|x64.Deploy.0 = Release|x64
		{B9DAA8A5-2AA7-4F2E-935D-41F8875750D1}.Ad-Hoc|x86.ActiveCfg = Release|x86
		{B9DAA8A5-2AA7-4F2E-935D-41F8875750D1}.Ad-Hoc|x86.Build.0 = Release|x86
		{B9DAA8A5-2AA7-4F2E-935D-41F8875750D1}.Ad-Hoc|x86.Deploy.0 = Release|x86
		{B9DAA8A5-2AA7-4F2E-935D-41F8875750D1}.AppStore|Any CPU.ActiveCfg = Release|Any CPU
		{B9DAA8A5-2AA7-4F2E-935D-41F8875750D1}.AppStore|Any CPU.Build.0 = Release|Any CPU
		{B9DAA8A5-2AA7-4F2E-935D-41F8875750D1}.AppStore|Any CPU.Deploy.0 = Release|Any CPU
		{B9DAA8A5-2AA7-4F2E-935D-41F8875750D1}.AppStore|ARM.ActiveCfg = Release|ARM
		{B9DAA8A5-2AA7-4F2E-935D-41F8875750D1}.AppStore|ARM.Build.0 = Release|ARM
		{B9DAA8A5-2AA7-4F2E-935D-41F8875750D1}.AppStore|ARM.Deploy.0 = Release|ARM
		{B9DAA8A5-2AA7-4F2E-935D-41F8875750D1}.AppStore|iPhone.ActiveCfg = Release|Any CPU
		{B9DAA8A5-2AA7-4F2E-935D-41F8875750D1}.AppStore|iPhone.Build.0 = Release|Any CPU
		{B9DAA8A5-2AA7-4F2E-935D-41F8875750D1}.AppStore|iPhone.Deploy.0 = Release|Any CPU
		{B9DAA8A5-2AA7-4F2E-935D-41F8875750D1}.AppStore|iPhoneSimulator.ActiveCfg = Release|Any CPU
		{B9DAA8A5-2AA7-4F2E-935D-41F8875750D1}.AppStore|iPhoneSimulator.Build.0 = Release|Any CPU
		{B9DAA8A5-2AA7-4F2E-935D-41F8875750D1}.AppStore|iPhoneSimulator.Deploy.0 = Release|Any CPU
		{B9DAA8A5-2AA7-4F2E-935D-41F8875750D1}.AppStore|x64.ActiveCfg = Release|x64
		{B9DAA8A5-2AA7-4F2E-935D-41F8875750D1}.AppStore|x64.Build.0 = Release|x64
		{B9DAA8A5-2AA7-4F2E-935D-41F8875750D1}.AppStore|x64.Deploy.0 = Release|x64
		{B9DAA8A5-2AA7-4F2E-935D-41F8875750D1}.AppStore|x86.ActiveCfg = Release|x86
		{B9DAA8A5-2AA7-4F2E-935D-41F8875750D1}.AppStore|x86.Build.0 = Release|x86
		{B9DAA8A5-2AA7-4F2E-935D-41F8875750D1}.AppStore|x86.Deploy.0 = Release|x86
		{B9DAA8A5-2AA7-4F2E-935D-41F8875750D1}.Debug|Any CPU.ActiveCfg = Debug|Any CPU
		{B9DAA8A5-2AA7-4F2E-935D-41F8875750D1}.Debug|Any CPU.Build.0 = Debug|Any CPU
		{B9DAA8A5-2AA7-4F2E-935D-41F8875750D1}.Debug|Any CPU.Deploy.0 = Debug|Any CPU
		{B9DAA8A5-2AA7-4F2E-935D-41F8875750D1}.Debug|ARM.ActiveCfg = Debug|ARM
		{B9DAA8A5-2AA7-4F2E-935D-41F8875750D1}.Debug|ARM.Build.0 = Debug|ARM
		{B9DAA8A5-2AA7-4F2E-935D-41F8875750D1}.Debug|ARM.Deploy.0 = Debug|ARM
		{B9DAA8A5-2AA7-4F2E-935D-41F8875750D1}.Debug|iPhone.ActiveCfg = Debug|Any CPU
		{B9DAA8A5-2AA7-4F2E-935D-41F8875750D1}.Debug|iPhone.Build.0 = Debug|Any CPU
		{B9DAA8A5-2AA7-4F2E-935D-41F8875750D1}.Debug|iPhone.Deploy.0 = Debug|Any CPU
		{B9DAA8A5-2AA7-4F2E-935D-41F8875750D1}.Debug|iPhoneSimulator.ActiveCfg = Debug|Any CPU
		{B9DAA8A5-2AA7-4F2E-935D-41F8875750D1}.Debug|iPhoneSimulator.Build.0 = Debug|Any CPU
		{B9DAA8A5-2AA7-4F2E-935D-41F8875750D1}.Debug|iPhoneSimulator.Deploy.0 = Debug|Any CPU
		{B9DAA8A5-2AA7-4F2E-935D-41F8875750D1}.Debug|x64.ActiveCfg = Debug|x64
		{B9DAA8A5-2AA7-4F2E-935D-41F8875750D1}.Debug|x64.Build.0 = Debug|x64
		{B9DAA8A5-2AA7-4F2E-935D-41F8875750D1}.Debug|x64.Deploy.0 = Debug|x64
		{B9DAA8A5-2AA7-4F2E-935D-41F8875750D1}.Debug|x86.ActiveCfg = Debug|x86
		{B9DAA8A5-2AA7-4F2E-935D-41F8875750D1}.Debug|x86.Build.0 = Debug|x86
		{B9DAA8A5-2AA7-4F2E-935D-41F8875750D1}.Debug|x86.Deploy.0 = Debug|x86
		{B9DAA8A5-2AA7-4F2E-935D-41F8875750D1}.Release|Any CPU.ActiveCfg = Release|Any CPU
		{B9DAA8A5-2AA7-4F2E-935D-41F8875750D1}.Release|Any CPU.Build.0 = Release|Any CPU
		{B9DAA8A5-2AA7-4F2E-935D-41F8875750D1}.Release|Any CPU.Deploy.0 = Release|Any CPU
		{B9DAA8A5-2AA7-4F2E-935D-41F8875750D1}.Release|ARM.ActiveCfg = Release|ARM
		{B9DAA8A5-2AA7-4F2E-935D-41F8875750D1}.Release|ARM.Build.0 = Release|ARM
		{B9DAA8A5-2AA7-4F2E-935D-41F8875750D1}.Release|ARM.Deploy.0 = Release|ARM
		{B9DAA8A5-2AA7-4F2E-935D-41F8875750D1}.Release|iPhone.ActiveCfg = Release|Any CPU
		{B9DAA8A5-2AA7-4F2E-935D-41F8875750D1}.Release|iPhone.Build.0 = Release|Any CPU
		{B9DAA8A5-2AA7-4F2E-935D-41F8875750D1}.Release|iPhone.Deploy.0 = Release|Any CPU
		{B9DAA8A5-2AA7-4F2E-935D-41F8875750D1}.Release|iPhoneSimulator.ActiveCfg = Release|Any CPU
		{B9DAA8A5-2AA7-4F2E-935D-41F8875750D1}.Release|iPhoneSimulator.Build.0 = Release|Any CPU
		{B9DAA8A5-2AA7-4F2E-935D-41F8875750D1}.Release|iPhoneSimulator.Deploy.0 = Release|Any CPU
		{B9DAA8A5-2AA7-4F2E-935D-41F8875750D1}.Release|x64.ActiveCfg = Release|x64
		{B9DAA8A5-2AA7-4F2E-935D-41F8875750D1}.Release|x64.Build.0 = Release|x64
		{B9DAA8A5-2AA7-4F2E-935D-41F8875750D1}.Release|x64.Deploy.0 = Release|x64
		{B9DAA8A5-2AA7-4F2E-935D-41F8875750D1}.Release|x86.ActiveCfg = Release|x86
		{B9DAA8A5-2AA7-4F2E-935D-41F8875750D1}.Release|x86.Build.0 = Release|x86
		{B9DAA8A5-2AA7-4F2E-935D-41F8875750D1}.Release|x86.Deploy.0 = Release|x86
		{1D0BCAAA-86D3-47D4-BB02-E43AB8686CDC}.Ad-Hoc|Any CPU.ActiveCfg = Release|Any CPU
		{1D0BCAAA-86D3-47D4-BB02-E43AB8686CDC}.Ad-Hoc|Any CPU.Build.0 = Release|Any CPU
		{1D0BCAAA-86D3-47D4-BB02-E43AB8686CDC}.Ad-Hoc|ARM.ActiveCfg = Release|Any CPU
		{1D0BCAAA-86D3-47D4-BB02-E43AB8686CDC}.Ad-Hoc|ARM.Build.0 = Release|Any CPU
		{1D0BCAAA-86D3-47D4-BB02-E43AB8686CDC}.Ad-Hoc|iPhone.ActiveCfg = Release|Any CPU
		{1D0BCAAA-86D3-47D4-BB02-E43AB8686CDC}.Ad-Hoc|iPhone.Build.0 = Release|Any CPU
		{1D0BCAAA-86D3-47D4-BB02-E43AB8686CDC}.Ad-Hoc|iPhoneSimulator.ActiveCfg = Release|Any CPU
		{1D0BCAAA-86D3-47D4-BB02-E43AB8686CDC}.Ad-Hoc|iPhoneSimulator.Build.0 = Release|Any CPU
		{1D0BCAAA-86D3-47D4-BB02-E43AB8686CDC}.Ad-Hoc|x64.ActiveCfg = Release|Any CPU
		{1D0BCAAA-86D3-47D4-BB02-E43AB8686CDC}.Ad-Hoc|x64.Build.0 = Release|Any CPU
		{1D0BCAAA-86D3-47D4-BB02-E43AB8686CDC}.Ad-Hoc|x86.ActiveCfg = Release|Any CPU
		{1D0BCAAA-86D3-47D4-BB02-E43AB8686CDC}.Ad-Hoc|x86.Build.0 = Release|Any CPU
		{1D0BCAAA-86D3-47D4-BB02-E43AB8686CDC}.AppStore|Any CPU.ActiveCfg = Release|Any CPU
		{1D0BCAAA-86D3-47D4-BB02-E43AB8686CDC}.AppStore|Any CPU.Build.0 = Release|Any CPU
		{1D0BCAAA-86D3-47D4-BB02-E43AB8686CDC}.AppStore|ARM.ActiveCfg = Release|Any CPU
		{1D0BCAAA-86D3-47D4-BB02-E43AB8686CDC}.AppStore|ARM.Build.0 = Release|Any CPU
		{1D0BCAAA-86D3-47D4-BB02-E43AB8686CDC}.AppStore|iPhone.ActiveCfg = Release|Any CPU
		{1D0BCAAA-86D3-47D4-BB02-E43AB8686CDC}.AppStore|iPhone.Build.0 = Release|Any CPU
		{1D0BCAAA-86D3-47D4-BB02-E43AB8686CDC}.AppStore|iPhoneSimulator.ActiveCfg = Release|Any CPU
		{1D0BCAAA-86D3-47D4-BB02-E43AB8686CDC}.AppStore|iPhoneSimulator.Build.0 = Release|Any CPU
		{1D0BCAAA-86D3-47D4-BB02-E43AB8686CDC}.AppStore|x64.ActiveCfg = Release|Any CPU
		{1D0BCAAA-86D3-47D4-BB02-E43AB8686CDC}.AppStore|x64.Build.0 = Release|Any CPU
		{1D0BCAAA-86D3-47D4-BB02-E43AB8686CDC}.AppStore|x86.ActiveCfg = Release|Any CPU
		{1D0BCAAA-86D3-47D4-BB02-E43AB8686CDC}.AppStore|x86.Build.0 = Release|Any CPU
		{1D0BCAAA-86D3-47D4-BB02-E43AB8686CDC}.Debug|Any CPU.ActiveCfg = Debug|Any CPU
		{1D0BCAAA-86D3-47D4-BB02-E43AB8686CDC}.Debug|Any CPU.Build.0 = Debug|Any CPU
		{1D0BCAAA-86D3-47D4-BB02-E43AB8686CDC}.Debug|ARM.ActiveCfg = Debug|Any CPU
		{1D0BCAAA-86D3-47D4-BB02-E43AB8686CDC}.Debug|ARM.Build.0 = Debug|Any CPU
		{1D0BCAAA-86D3-47D4-BB02-E43AB8686CDC}.Debug|iPhone.ActiveCfg = Debug|Any CPU
		{1D0BCAAA-86D3-47D4-BB02-E43AB8686CDC}.Debug|iPhone.Build.0 = Debug|Any CPU
		{1D0BCAAA-86D3-47D4-BB02-E43AB8686CDC}.Debug|iPhoneSimulator.ActiveCfg = Debug|Any CPU
		{1D0BCAAA-86D3-47D4-BB02-E43AB8686CDC}.Debug|iPhoneSimulator.Build.0 = Debug|Any CPU
		{1D0BCAAA-86D3-47D4-BB02-E43AB8686CDC}.Debug|x64.ActiveCfg = Debug|Any CPU
		{1D0BCAAA-86D3-47D4-BB02-E43AB8686CDC}.Debug|x64.Build.0 = Debug|Any CPU
		{1D0BCAAA-86D3-47D4-BB02-E43AB8686CDC}.Debug|x86.ActiveCfg = Debug|Any CPU
		{1D0BCAAA-86D3-47D4-BB02-E43AB8686CDC}.Debug|x86.Build.0 = Debug|Any CPU
		{1D0BCAAA-86D3-47D4-BB02-E43AB8686CDC}.Release|Any CPU.ActiveCfg = Release|Any CPU
		{1D0BCAAA-86D3-47D4-BB02-E43AB8686CDC}.Release|Any CPU.Build.0 = Release|Any CPU
		{1D0BCAAA-86D3-47D4-BB02-E43AB8686CDC}.Release|ARM.ActiveCfg = Release|Any CPU
		{1D0BCAAA-86D3-47D4-BB02-E43AB8686CDC}.Release|ARM.Build.0 = Release|Any CPU
		{1D0BCAAA-86D3-47D4-BB02-E43AB8686CDC}.Release|iPhone.ActiveCfg = Release|Any CPU
		{1D0BCAAA-86D3-47D4-BB02-E43AB8686CDC}.Release|iPhone.Build.0 = Release|Any CPU
		{1D0BCAAA-86D3-47D4-BB02-E43AB8686CDC}.Release|iPhoneSimulator.ActiveCfg = Release|Any CPU
		{1D0BCAAA-86D3-47D4-BB02-E43AB8686CDC}.Release|iPhoneSimulator.Build.0 = Release|Any CPU
		{1D0BCAAA-86D3-47D4-BB02-E43AB8686CDC}.Release|x64.ActiveCfg = Release|Any CPU
		{1D0BCAAA-86D3-47D4-BB02-E43AB8686CDC}.Release|x64.Build.0 = Release|Any CPU
		{1D0BCAAA-86D3-47D4-BB02-E43AB8686CDC}.Release|x86.ActiveCfg = Release|Any CPU
		{1D0BCAAA-86D3-47D4-BB02-E43AB8686CDC}.Release|x86.Build.0 = Release|Any CPU
	EndGlobalSection
	GlobalSection(SolutionProperties) = preSolution
		HideSolutionNode = FALSE
	EndGlobalSection
EndGlobal
