
Microsoft Visual Studio Solution File, Format Version 12.00
# Visual Studio 14
VisualStudioVersion = 14.0.25123.0
MinimumVisualStudioVersion = 10.0.40219.1
Project("{FAE04EC0-301F-11D3-BF4B-00C04F79EFBC}") = "RendererOrnek.Droid", "RendererOrnek\RendererOrnek.Droid\RendererOrnek.Droid.csproj", "{84F119BB-2BCA-4C2B-8E31-C48B65768140}"
EndProject
Project("{FAE04EC0-301F-11D3-BF4B-00C04F79EFBC}") = "RendererOrnek.iOS", "RendererOrnek\RendererOrnek.iOS\RendererOrnek.iOS.csproj", "{DD6802F9-AE7F-4800-8251-60473EF4A70C}"
EndProject
Project("{FAE04EC0-301F-11D3-BF4B-00C04F79EFBC}") = "RendererOrnek.WinPhone", "RendererOrnek\RendererOrnek.WinPhone\RendererOrnek.WinPhone.csproj", "{9597E994-3279-4A0E-BC92-02AD2F89442E}"
EndProject
Project("{FAE04EC0-301F-11D3-BF4B-00C04F79EFBC}") = "RendererOrnek.UWP", "RendererOrnek\RendererOrnek.UWP\RendererOrnek.UWP.csproj", "{DC44BC13-121E-40F6-A688-AB0B8089008D}"
EndProject
Project("{FAE04EC0-301F-11D3-BF4B-00C04F79EFBC}") = "RendererOrnek.Windows", "RendererOrnek\RendererOrnek.Windows\RendererOrnek.Windows.csproj", "{FBFF5D60-E418-4CDD-84DB-5888EDB64CED}"
EndProject
Project("{D954291E-2A0B-460D-934E-DC6B0785DB48}") = "RendererOrnek", "RendererOrnek\RendererOrnek\RendererOrnek.shproj", "{B2BED9CD-B2A2-4E7C-BC15-790345C1CED1}"
EndProject
Global
	GlobalSection(SharedMSBuildProjectFiles) = preSolution
		RendererOrnek\RendererOrnek\RendererOrnek.projitems*{9597e994-3279-4a0e-bc92-02ad2f89442e}*SharedItemsImports = 4
		RendererOrnek\RendererOrnek\RendererOrnek.projitems*{dd6802f9-ae7f-4800-8251-60473ef4a70c}*SharedItemsImports = 4
		RendererOrnek\RendererOrnek\RendererOrnek.projitems*{fbff5d60-e418-4cdd-84db-5888edb64ced}*SharedItemsImports = 4
		RendererOrnek\RendererOrnek\RendererOrnek.projitems*{dc44bc13-121e-40f6-a688-ab0b8089008d}*SharedItemsImports = 4
		RendererOrnek\RendererOrnek\RendererOrnek.projitems*{84f119bb-2bca-4c2b-8e31-c48b65768140}*SharedItemsImports = 4
		RendererOrnek\RendererOrnek\RendererOrnek.projitems*{b2bed9cd-b2a2-4e7c-bc15-790345c1ced1}*SharedItemsImports = 13
	EndGlobalSection
	GlobalSection(SolutionConfigurationPlatforms) = preSolution
		Ad-Hoc|Any CPU = Ad-Hoc|Any CPU
		Ad-Hoc|ARM = Ad-Hoc|ARM
		Ad-Hoc|iPhone = Ad-Hoc|iPhone
		Ad-Hoc|iPhoneSimulator = Ad-Hoc|iPhoneSimulator
		Ad-Hoc|x64 = Ad-Hoc|x64
		Ad-Hoc|x86 = Ad-Hoc|x86
		AppStore|Any CPU = AppStore|Any CPU
		AppStore|ARM = AppStore|ARM
		AppStore|iPhone = AppStore|iPhone
		AppStore|iPhoneSimulator = AppStore|iPhoneSimulator
		AppStore|x64 = AppStore|x64
		AppStore|x86 = AppStore|x86
		Debug|Any CPU = Debug|Any CPU
		Debug|ARM = Debug|ARM
		Debug|iPhone = Debug|iPhone
		Debug|iPhoneSimulator = Debug|iPhoneSimulator
		Debug|x64 = Debug|x64
		Debug|x86 = Debug|x86
		Release|Any CPU = Release|Any CPU
		Release|ARM = Release|ARM
		Release|iPhone = Release|iPhone
		Release|iPhoneSimulator = Release|iPhoneSimulator
		Release|x64 = Release|x64
		Release|x86 = Release|x86
	EndGlobalSection
	GlobalSection(ProjectConfigurationPlatforms) = postSolution
		{84F119BB-2BCA-4C2B-8E31-C48B65768140}.Ad-Hoc|Any CPU.ActiveCfg = Release|Any CPU
		{84F119BB-2BCA-4C2B-8E31-C48B65768140}.Ad-Hoc|Any CPU.Build.0 = Release|Any CPU
		{84F119BB-2BCA-4C2B-8E31-C48B65768140}.Ad-Hoc|Any CPU.Deploy.0 = Release|Any CPU
		{84F119BB-2BCA-4C2B-8E31-C48B65768140}.Ad-Hoc|ARM.ActiveCfg = Release|Any CPU
		{84F119BB-2BCA-4C2B-8E31-C48B65768140}.Ad-Hoc|ARM.Build.0 = Release|Any CPU
		{84F119BB-2BCA-4C2B-8E31-C48B65768140}.Ad-Hoc|ARM.Deploy.0 = Release|Any CPU
		{84F119BB-2BCA-4C2B-8E31-C48B65768140}.Ad-Hoc|iPhone.ActiveCfg = Release|Any CPU
		{84F119BB-2BCA-4C2B-8E31-C48B65768140}.Ad-Hoc|iPhone.Build.0 = Release|Any CPU
		{84F119BB-2BCA-4C2B-8E31-C48B65768140}.Ad-Hoc|iPhone.Deploy.0 = Release|Any CPU
		{84F119BB-2BCA-4C2B-8E31-C48B65768140}.Ad-Hoc|iPhoneSimulator.ActiveCfg = Release|Any CPU
		{84F119BB-2BCA-4C2B-8E31-C48B65768140}.Ad-Hoc|iPhoneSimulator.Build.0 = Release|Any CPU
		{84F119BB-2BCA-4C2B-8E31-C48B65768140}.Ad-Hoc|iPhoneSimulator.Deploy.0 = Release|Any CPU
		{84F119BB-2BCA-4C2B-8E31-C48B65768140}.Ad-Hoc|x64.ActiveCfg = Release|Any CPU
		{84F119BB-2BCA-4C2B-8E31-C48B65768140}.Ad-Hoc|x64.Build.0 = Release|Any CPU
		{84F119BB-2BCA-4C2B-8E31-C48B65768140}.Ad-Hoc|x64.Deploy.0 = Release|Any CPU
		{84F119BB-2BCA-4C2B-8E31-C48B65768140}.Ad-Hoc|x86.ActiveCfg = Release|Any CPU
		{84F119BB-2BCA-4C2B-8E31-C48B65768140}.Ad-Hoc|x86.Build.0 = Release|Any CPU
		{84F119BB-2BCA-4C2B-8E31-C48B65768140}.Ad-Hoc|x86.Deploy.0 = Release|Any CPU
		{84F119BB-2BCA-4C2B-8E31-C48B65768140}.AppStore|Any CPU.ActiveCfg = Release|Any CPU
		{84F119BB-2BCA-4C2B-8E31-C48B65768140}.AppStore|Any CPU.Build.0 = Release|Any CPU
		{84F119BB-2BCA-4C2B-8E31-C48B65768140}.AppStore|Any CPU.Deploy.0 = Release|Any CPU
		{84F119BB-2BCA-4C2B-8E31-C48B65768140}.AppStore|ARM.ActiveCfg = Release|Any CPU
		{84F119BB-2BCA-4C2B-8E31-C48B65768140}.AppStore|ARM.Build.0 = Release|Any CPU
		{84F119BB-2BCA-4C2B-8E31-C48B65768140}.AppStore|ARM.Deploy.0 = Release|Any CPU
		{84F119BB-2BCA-4C2B-8E31-C48B65768140}.AppStore|iPhone.ActiveCfg = Release|Any CPU
		{84F119BB-2BCA-4C2B-8E31-C48B65768140}.AppStore|iPhone.Build.0 = Release|Any CPU
		{84F119BB-2BCA-4C2B-8E31-C48B65768140}.AppStore|iPhone.Deploy.0 = Release|Any CPU
		{84F119BB-2BCA-4C2B-8E31-C48B65768140}.AppStore|iPhoneSimulator.ActiveCfg = Release|Any CPU
		{84F119BB-2BCA-4C2B-8E31-C48B65768140}.AppStore|iPhoneSimulator.Build.0 = Release|Any CPU
		{84F119BB-2BCA-4C2B-8E31-C48B65768140}.AppStore|iPhoneSimulator.Deploy.0 = Release|Any CPU
		{84F119BB-2BCA-4C2B-8E31-C48B65768140}.AppStore|x64.ActiveCfg = Release|Any CPU
		{84F119BB-2BCA-4C2B-8E31-C48B65768140}.AppStore|x64.Build.0 = Release|Any CPU
		{84F119BB-2BCA-4C2B-8E31-C48B65768140}.AppStore|x64.Deploy.0 = Release|Any CPU
		{84F119BB-2BCA-4C2B-8E31-C48B65768140}.AppStore|x86.ActiveCfg = Release|Any CPU
		{84F119BB-2BCA-4C2B-8E31-C48B65768140}.AppStore|x86.Build.0 = Release|Any CPU
		{84F119BB-2BCA-4C2B-8E31-C48B65768140}.AppStore|x86.Deploy.0 = Release|Any CPU
		{84F119BB-2BCA-4C2B-8E31-C48B65768140}.Debug|Any CPU.ActiveCfg = Debug|Any CPU
		{84F119BB-2BCA-4C2B-8E31-C48B65768140}.Debug|Any CPU.Build.0 = Debug|Any CPU
		{84F119BB-2BCA-4C2B-8E31-C48B65768140}.Debug|Any CPU.Deploy.0 = Debug|Any CPU
		{84F119BB-2BCA-4C2B-8E31-C48B65768140}.Debug|ARM.ActiveCfg = Debug|Any CPU
		{84F119BB-2BCA-4C2B-8E31-C48B65768140}.Debug|ARM.Build.0 = Debug|Any CPU
		{84F119BB-2BCA-4C2B-8E31-C48B65768140}.Debug|ARM.Deploy.0 = Debug|Any CPU
		{84F119BB-2BCA-4C2B-8E31-C48B65768140}.Debug|iPhone.ActiveCfg = Debug|Any CPU
		{84F119BB-2BCA-4C2B-8E31-C48B65768140}.Debug|iPhone.Build.0 = Debug|Any CPU
		{84F119BB-2BCA-4C2B-8E31-C48B65768140}.Debug|iPhone.Deploy.0 = Debug|Any CPU
		{84F119BB-2BCA-4C2B-8E31-C48B65768140}.Debug|iPhoneSimulator.ActiveCfg = Debug|Any CPU
		{84F119BB-2BCA-4C2B-8E31-C48B65768140}.Debug|iPhoneSimulator.Build.0 = Debug|Any CPU
		{84F119BB-2BCA-4C2B-8E31-C48B65768140}.Debug|iPhoneSimulator.Deploy.0 = Debug|Any CPU
		{84F119BB-2BCA-4C2B-8E31-C48B65768140}.Debug|x64.ActiveCfg = Debug|Any CPU
		{84F119BB-2BCA-4C2B-8E31-C48B65768140}.Debug|x64.Build.0 = Debug|Any CPU
		{84F119BB-2BCA-4C2B-8E31-C48B65768140}.Debug|x64.Deploy.0 = Debug|Any CPU
		{84F119BB-2BCA-4C2B-8E31-C48B65768140}.Debug|x86.ActiveCfg = Debug|Any CPU
		{84F119BB-2BCA-4C2B-8E31-C48B65768140}.Debug|x86.Build.0 = Debug|Any CPU
		{84F119BB-2BCA-4C2B-8E31-C48B65768140}.Debug|x86.Deploy.0 = Debug|Any CPU
		{84F119BB-2BCA-4C2B-8E31-C48B65768140}.Release|Any CPU.ActiveCfg = Release|Any CPU
		{84F119BB-2BCA-4C2B-8E31-C48B65768140}.Release|Any CPU.Build.0 = Release|Any CPU
		{84F119BB-2BCA-4C2B-8E31-C48B65768140}.Release|Any CPU.Deploy.0 = Release|Any CPU
		{84F119BB-2BCA-4C2B-8E31-C48B65768140}.Release|ARM.ActiveCfg = Release|Any CPU
		{84F119BB-2BCA-4C2B-8E31-C48B65768140}.Release|ARM.Build.0 = Release|Any CPU
		{84F119BB-2BCA-4C2B-8E31-C48B65768140}.Release|ARM.Deploy.0 = Release|Any CPU
		{84F119BB-2BCA-4C2B-8E31-C48B65768140}.Release|iPhone.ActiveCfg = Release|Any CPU
		{84F119BB-2BCA-4C2B-8E31-C48B65768140}.Release|iPhone.Build.0 = Release|Any CPU
		{84F119BB-2BCA-4C2B-8E31-C48B65768140}.Release|iPhone.Deploy.0 = Release|Any CPU
		{84F119BB-2BCA-4C2B-8E31-C48B65768140}.Release|iPhoneSimulator.ActiveCfg = Release|Any CPU
		{84F119BB-2BCA-4C2B-8E31-C48B65768140}.Release|iPhoneSimulator.Build.0 = Release|Any CPU
		{84F119BB-2BCA-4C2B-8E31-C48B65768140}.Release|iPhoneSimulator.Deploy.0 = Release|Any CPU
		{84F119BB-2BCA-4C2B-8E31-C48B65768140}.Release|x64.ActiveCfg = Release|Any CPU
		{84F119BB-2BCA-4C2B-8E31-C48B65768140}.Release|x64.Build.0 = Release|Any CPU
		{84F119BB-2BCA-4C2B-8E31-C48B65768140}.Release|x64.Deploy.0 = Release|Any CPU
		{84F119BB-2BCA-4C2B-8E31-C48B65768140}.Release|x86.ActiveCfg = Release|Any CPU
		{84F119BB-2BCA-4C2B-8E31-C48B65768140}.Release|x86.Build.0 = Release|Any CPU
		{84F119BB-2BCA-4C2B-8E31-C48B65768140}.Release|x86.Deploy.0 = Release|Any CPU
		{DD6802F9-AE7F-4800-8251-60473EF4A70C}.Ad-Hoc|Any CPU.ActiveCfg = Ad-Hoc|iPhone
		{DD6802F9-AE7F-4800-8251-60473EF4A70C}.Ad-Hoc|ARM.ActiveCfg = Ad-Hoc|iPhone
		{DD6802F9-AE7F-4800-8251-60473EF4A70C}.Ad-Hoc|iPhone.ActiveCfg = Ad-Hoc|iPhone
		{DD6802F9-AE7F-4800-8251-60473EF4A70C}.Ad-Hoc|iPhone.Build.0 = Ad-Hoc|iPhone
		{DD6802F9-AE7F-4800-8251-60473EF4A70C}.Ad-Hoc|iPhoneSimulator.ActiveCfg = Ad-Hoc|iPhoneSimulator
		{DD6802F9-AE7F-4800-8251-60473EF4A70C}.Ad-Hoc|iPhoneSimulator.Build.0 = Ad-Hoc|iPhoneSimulator
		{DD6802F9-AE7F-4800-8251-60473EF4A70C}.Ad-Hoc|x64.ActiveCfg = Ad-Hoc|iPhone
		{DD6802F9-AE7F-4800-8251-60473EF4A70C}.Ad-Hoc|x86.ActiveCfg = Ad-Hoc|iPhone
		{DD6802F9-AE7F-4800-8251-60473EF4A70C}.AppStore|Any CPU.ActiveCfg = AppStore|iPhone
		{DD6802F9-AE7F-4800-8251-60473EF4A70C}.AppStore|ARM.ActiveCfg = AppStore|iPhone
		{DD6802F9-AE7F-4800-8251-60473EF4A70C}.AppStore|iPhone.ActiveCfg = AppStore|iPhone
		{DD6802F9-AE7F-4800-8251-60473EF4A70C}.AppStore|iPhone.Build.0 = AppStore|iPhone
		{DD6802F9-AE7F-4800-8251-60473EF4A70C}.AppStore|iPhoneSimulator.ActiveCfg = AppStore|iPhoneSimulator
		{DD6802F9-AE7F-4800-8251-60473EF4A70C}.AppStore|iPhoneSimulator.Build.0 = AppStore|iPhoneSimulator
		{DD6802F9-AE7F-4800-8251-60473EF4A70C}.AppStore|x64.ActiveCfg = AppStore|iPhone
		{DD6802F9-AE7F-4800-8251-60473EF4A70C}.AppStore|x86.ActiveCfg = AppStore|iPhone
		{DD6802F9-AE7F-4800-8251-60473EF4A70C}.Debug|Any CPU.ActiveCfg = Debug|iPhone
		{DD6802F9-AE7F-4800-8251-60473EF4A70C}.Debug|ARM.ActiveCfg = Debug|iPhone
		{DD6802F9-AE7F-4800-8251-60473EF4A70C}.Debug|iPhone.ActiveCfg = Debug|iPhone
		{DD6802F9-AE7F-4800-8251-60473EF4A70C}.Debug|iPhone.Build.0 = Debug|iPhone
		{DD6802F9-AE7F-4800-8251-60473EF4A70C}.Debug|iPhoneSimulator.ActiveCfg = Debug|iPhoneSimulator
		{DD6802F9-AE7F-4800-8251-60473EF4A70C}.Debug|iPhoneSimulator.Build.0 = Debug|iPhoneSimulator
		{DD6802F9-AE7F-4800-8251-60473EF4A70C}.Debug|x64.ActiveCfg = Debug|iPhone
		{DD6802F9-AE7F-4800-8251-60473EF4A70C}.Debug|x86.ActiveCfg = Debug|iPhone
		{DD6802F9-AE7F-4800-8251-60473EF4A70C}.Release|Any CPU.ActiveCfg = Release|iPhone
		{DD6802F9-AE7F-4800-8251-60473EF4A70C}.Release|ARM.ActiveCfg = Release|iPhone
		{DD6802F9-AE7F-4800-8251-60473EF4A70C}.Release|iPhone.ActiveCfg = Release|iPhone
		{DD6802F9-AE7F-4800-8251-60473EF4A70C}.Release|iPhone.Build.0 = Release|iPhone
		{DD6802F9-AE7F-4800-8251-60473EF4A70C}.Release|iPhoneSimulator.ActiveCfg = Release|iPhoneSimulator
		{DD6802F9-AE7F-4800-8251-60473EF4A70C}.Release|iPhoneSimulator.Build.0 = Release|iPhoneSimulator
		{DD6802F9-AE7F-4800-8251-60473EF4A70C}.Release|x64.ActiveCfg = Release|iPhone
		{DD6802F9-AE7F-4800-8251-60473EF4A70C}.Release|x86.ActiveCfg = Release|iPhone
		{9597E994-3279-4A0E-BC92-02AD2F89442E}.Ad-Hoc|Any CPU.ActiveCfg = Release|Any CPU
		{9597E994-3279-4A0E-BC92-02AD2F89442E}.Ad-Hoc|Any CPU.Build.0 = Release|Any CPU
		{9597E994-3279-4A0E-BC92-02AD2F89442E}.Ad-Hoc|Any CPU.Deploy.0 = Release|Any CPU
		{9597E994-3279-4A0E-BC92-02AD2F89442E}.Ad-Hoc|ARM.ActiveCfg = Release|ARM
		{9597E994-3279-4A0E-BC92-02AD2F89442E}.Ad-Hoc|ARM.Build.0 = Release|ARM
		{9597E994-3279-4A0E-BC92-02AD2F89442E}.Ad-Hoc|ARM.Deploy.0 = Release|ARM
		{9597E994-3279-4A0E-BC92-02AD2F89442E}.Ad-Hoc|iPhone.ActiveCfg = Release|Any CPU
		{9597E994-3279-4A0E-BC92-02AD2F89442E}.Ad-Hoc|iPhone.Build.0 = Release|Any CPU
		{9597E994-3279-4A0E-BC92-02AD2F89442E}.Ad-Hoc|iPhone.Deploy.0 = Release|Any CPU
		{9597E994-3279-4A0E-BC92-02AD2F89442E}.Ad-Hoc|iPhoneSimulator.ActiveCfg = Release|Any CPU
		{9597E994-3279-4A0E-BC92-02AD2F89442E}.Ad-Hoc|iPhoneSimulator.Build.0 = Release|Any CPU
		{9597E994-3279-4A0E-BC92-02AD2F89442E}.Ad-Hoc|iPhoneSimulator.Deploy.0 = Release|Any CPU
		{9597E994-3279-4A0E-BC92-02AD2F89442E}.Ad-Hoc|x64.ActiveCfg = Release|Any CPU
		{9597E994-3279-4A0E-BC92-02AD2F89442E}.Ad-Hoc|x64.Build.0 = Release|Any CPU
		{9597E994-3279-4A0E-BC92-02AD2F89442E}.Ad-Hoc|x64.Deploy.0 = Release|Any CPU
		{9597E994-3279-4A0E-BC92-02AD2F89442E}.Ad-Hoc|x86.ActiveCfg = Release|x86
		{9597E994-3279-4A0E-BC92-02AD2F89442E}.Ad-Hoc|x86.Build.0 = Release|x86
		{9597E994-3279-4A0E-BC92-02AD2F89442E}.Ad-Hoc|x86.Deploy.0 = Release|x86
		{9597E994-3279-4A0E-BC92-02AD2F89442E}.AppStore|Any CPU.ActiveCfg = Release|Any CPU
		{9597E994-3279-4A0E-BC92-02AD2F89442E}.AppStore|Any CPU.Build.0 = Release|Any CPU
		{9597E994-3279-4A0E-BC92-02AD2F89442E}.AppStore|Any CPU.Deploy.0 = Release|Any CPU
		{9597E994-3279-4A0E-BC92-02AD2F89442E}.AppStore|ARM.ActiveCfg = Release|ARM
		{9597E994-3279-4A0E-BC92-02AD2F89442E}.AppStore|ARM.Build.0 = Release|ARM
		{9597E994-3279-4A0E-BC92-02AD2F89442E}.AppStore|ARM.Deploy.0 = Release|ARM
		{9597E994-3279-4A0E-BC92-02AD2F89442E}.AppStore|iPhone.ActiveCfg = Release|Any CPU
		{9597E994-3279-4A0E-BC92-02AD2F89442E}.AppStore|iPhone.Build.0 = Release|Any CPU
		{9597E994-3279-4A0E-BC92-02AD2F89442E}.AppStore|iPhone.Deploy.0 = Release|Any CPU
		{9597E994-3279-4A0E-BC92-02AD2F89442E}.AppStore|iPhoneSimulator.ActiveCfg = Release|Any CPU
		{9597E994-3279-4A0E-BC92-02AD2F89442E}.AppStore|iPhoneSimulator.Build.0 = Release|Any CPU
		{9597E994-3279-4A0E-BC92-02AD2F89442E}.AppStore|iPhoneSimulator.Deploy.0 = Release|Any CPU
		{9597E994-3279-4A0E-BC92-02AD2F89442E}.AppStore|x64.ActiveCfg = Release|Any CPU
		{9597E994-3279-4A0E-BC92-02AD2F89442E}.AppStore|x64.Build.0 = Release|Any CPU
		{9597E994-3279-4A0E-BC92-02AD2F89442E}.AppStore|x64.Deploy.0 = Release|Any CPU
		{9597E994-3279-4A0E-BC92-02AD2F89442E}.AppStore|x86.ActiveCfg = Release|x86
		{9597E994-3279-4A0E-BC92-02AD2F89442E}.AppStore|x86.Build.0 = Release|x86
		{9597E994-3279-4A0E-BC92-02AD2F89442E}.AppStore|x86.Deploy.0 = Release|x86
		{9597E994-3279-4A0E-BC92-02AD2F89442E}.Debug|Any CPU.ActiveCfg = Debug|Any CPU
		{9597E994-3279-4A0E-BC92-02AD2F89442E}.Debug|Any CPU.Build.0 = Debug|Any CPU
		{9597E994-3279-4A0E-BC92-02AD2F89442E}.Debug|Any CPU.Deploy.0 = Debug|Any CPU
		{9597E994-3279-4A0E-BC92-02AD2F89442E}.Debug|ARM.ActiveCfg = Debug|ARM
		{9597E994-3279-4A0E-BC92-02AD2F89442E}.Debug|ARM.Build.0 = Debug|ARM
		{9597E994-3279-4A0E-BC92-02AD2F89442E}.Debug|ARM.Deploy.0 = Debug|ARM
		{9597E994-3279-4A0E-BC92-02AD2F89442E}.Debug|iPhone.ActiveCfg = Debug|Any CPU
		{9597E994-3279-4A0E-BC92-02AD2F89442E}.Debug|iPhone.Build.0 = Debug|Any CPU
		{9597E994-3279-4A0E-BC92-02AD2F89442E}.Debug|iPhone.Deploy.0 = Debug|Any CPU
		{9597E994-3279-4A0E-BC92-02AD2F89442E}.Debug|iPhoneSimulator.ActiveCfg = Debug|Any CPU
		{9597E994-3279-4A0E-BC92-02AD2F89442E}.Debug|iPhoneSimulator.Build.0 = Debug|Any CPU
		{9597E994-3279-4A0E-BC92-02AD2F89442E}.Debug|iPhoneSimulator.Deploy.0 = Debug|Any CPU
		{9597E994-3279-4A0E-BC92-02AD2F89442E}.Debug|x64.ActiveCfg = Debug|Any CPU
		{9597E994-3279-4A0E-BC92-02AD2F89442E}.Debug|x64.Build.0 = Debug|Any CPU
		{9597E994-3279-4A0E-BC92-02AD2F89442E}.Debug|x64.Deploy.0 = Debug|Any CPU
		{9597E994-3279-4A0E-BC92-02AD2F89442E}.Debug|x86.ActiveCfg = Debug|x86
		{9597E994-3279-4A0E-BC92-02AD2F89442E}.Debug|x86.Build.0 = Debug|x86
		{9597E994-3279-4A0E-BC92-02AD2F89442E}.Debug|x86.Deploy.0 = Debug|x86
		{9597E994-3279-4A0E-BC92-02AD2F89442E}.Release|Any CPU.ActiveCfg = Release|Any CPU
		{9597E994-3279-4A0E-BC92-02AD2F89442E}.Release|Any CPU.Build.0 = Release|Any CPU
		{9597E994-3279-4A0E-BC92-02AD2F89442E}.Release|Any CPU.Deploy.0 = Release|Any CPU
		{9597E994-3279-4A0E-BC92-02AD2F89442E}.Release|ARM.ActiveCfg = Release|ARM
		{9597E994-3279-4A0E-BC92-02AD2F89442E}.Release|ARM.Build.0 = Release|ARM
		{9597E994-3279-4A0E-BC92-02AD2F89442E}.Release|ARM.Deploy.0 = Release|ARM
		{9597E994-3279-4A0E-BC92-02AD2F89442E}.Release|iPhone.ActiveCfg = Release|Any CPU
		{9597E994-3279-4A0E-BC92-02AD2F89442E}.Release|iPhone.Build.0 = Release|Any CPU
		{9597E994-3279-4A0E-BC92-02AD2F89442E}.Release|iPhone.Deploy.0 = Release|Any CPU
		{9597E994-3279-4A0E-BC92-02AD2F89442E}.Release|iPhoneSimulator.ActiveCfg = Release|Any CPU
		{9597E994-3279-4A0E-BC92-02AD2F89442E}.Release|iPhoneSimulator.Build.0 = Release|Any CPU
		{9597E994-3279-4A0E-BC92-02AD2F89442E}.Release|iPhoneSimulator.Deploy.0 = Release|Any CPU
		{9597E994-3279-4A0E-BC92-02AD2F89442E}.Release|x64.ActiveCfg = Release|Any CPU
		{9597E994-3279-4A0E-BC92-02AD2F89442E}.Release|x64.Build.0 = Release|Any CPU
		{9597E994-3279-4A0E-BC92-02AD2F89442E}.Release|x64.Deploy.0 = Release|Any CPU
		{9597E994-3279-4A0E-BC92-02AD2F89442E}.Release|x86.ActiveCfg = Release|x86
		{9597E994-3279-4A0E-BC92-02AD2F89442E}.Release|x86.Build.0 = Release|x86
		{9597E994-3279-4A0E-BC92-02AD2F89442E}.Release|x86.Deploy.0 = Release|x86
		{DC44BC13-121E-40F6-A688-AB0B8089008D}.Ad-Hoc|Any CPU.ActiveCfg = Release|x86
		{DC44BC13-121E-40F6-A688-AB0B8089008D}.Ad-Hoc|Any CPU.Build.0 = Release|x86
		{DC44BC13-121E-40F6-A688-AB0B8089008D}.Ad-Hoc|Any CPU.Deploy.0 = Release|x86
		{DC44BC13-121E-40F6-A688-AB0B8089008D}.Ad-Hoc|ARM.ActiveCfg = Release|ARM
		{DC44BC13-121E-40F6-A688-AB0B8089008D}.Ad-Hoc|ARM.Build.0 = Release|ARM
		{DC44BC13-121E-40F6-A688-AB0B8089008D}.Ad-Hoc|ARM.Deploy.0 = Release|ARM
		{DC44BC13-121E-40F6-A688-AB0B8089008D}.Ad-Hoc|iPhone.ActiveCfg = Release|x86
		{DC44BC13-121E-40F6-A688-AB0B8089008D}.Ad-Hoc|iPhone.Build.0 = Release|x86
		{DC44BC13-121E-40F6-A688-AB0B8089008D}.Ad-Hoc|iPhone.Deploy.0 = Release|x86
		{DC44BC13-121E-40F6-A688-AB0B8089008D}.Ad-Hoc|iPhoneSimulator.ActiveCfg = Release|x86
		{DC44BC13-121E-40F6-A688-AB0B8089008D}.Ad-Hoc|iPhoneSimulator.Build.0 = Release|x86
		{DC44BC13-121E-40F6-A688-AB0B8089008D}.Ad-Hoc|iPhoneSimulator.Deploy.0 = Release|x86
		{DC44BC13-121E-40F6-A688-AB0B8089008D}.Ad-Hoc|x64.ActiveCfg = Release|x64
		{DC44BC13-121E-40F6-A688-AB0B8089008D}.Ad-Hoc|x64.Build.0 = Release|x64
		{DC44BC13-121E-40F6-A688-AB0B8089008D}.Ad-Hoc|x64.Deploy.0 = Release|x64
		{DC44BC13-121E-40F6-A688-AB0B8089008D}.Ad-Hoc|x86.ActiveCfg = Release|x86
		{DC44BC13-121E-40F6-A688-AB0B8089008D}.Ad-Hoc|x86.Build.0 = Release|x86
		{DC44BC13-121E-40F6-A688-AB0B8089008D}.Ad-Hoc|x86.Deploy.0 = Release|x86
		{DC44BC13-121E-40F6-A688-AB0B8089008D}.AppStore|Any CPU.ActiveCfg = Release|x86
		{DC44BC13-121E-40F6-A688-AB0B8089008D}.AppStore|Any CPU.Build.0 = Release|x86
		{DC44BC13-121E-40F6-A688-AB0B8089008D}.AppStore|Any CPU.Deploy.0 = Release|x86
		{DC44BC13-121E-40F6-A688-AB0B8089008D}.AppStore|ARM.ActiveCfg = Release|ARM
		{DC44BC13-121E-40F6-A688-AB0B8089008D}.AppStore|ARM.Build.0 = Release|ARM
		{DC44BC13-121E-40F6-A688-AB0B8089008D}.AppStore|ARM.Deploy.0 = Release|ARM
		{DC44BC13-121E-40F6-A688-AB0B8089008D}.AppStore|iPhone.ActiveCfg = Release|x86
		{DC44BC13-121E-40F6-A688-AB0B8089008D}.AppStore|iPhone.Build.0 = Release|x86
		{DC44BC13-121E-40F6-A688-AB0B8089008D}.AppStore|iPhone.Deploy.0 = Release|x86
		{DC44BC13-121E-40F6-A688-AB0B8089008D}.AppStore|iPhoneSimulator.ActiveCfg = Release|x86
		{DC44BC13-121E-40F6-A688-AB0B8089008D}.AppStore|iPhoneSimulator.Build.0 = Release|x86
		{DC44BC13-121E-40F6-A688-AB0B8089008D}.AppStore|iPhoneSimulator.Deploy.0 = Release|x86
		{DC44BC13-121E-40F6-A688-AB0B8089008D}.AppStore|x64.ActiveCfg = Release|x64
		{DC44BC13-121E-40F6-A688-AB0B8089008D}.AppStore|x64.Build.0 = Release|x64
		{DC44BC13-121E-40F6-A688-AB0B8089008D}.AppStore|x64.Deploy.0 = Release|x64
		{DC44BC13-121E-40F6-A688-AB0B8089008D}.AppStore|x86.ActiveCfg = Release|x86
		{DC44BC13-121E-40F6-A688-AB0B8089008D}.AppStore|x86.Build.0 = Release|x86
		{DC44BC13-121E-40F6-A688-AB0B8089008D}.AppStore|x86.Deploy.0 = Release|x86
		{DC44BC13-121E-40F6-A688-AB0B8089008D}.Debug|Any CPU.ActiveCfg = Debug|x86
		{DC44BC13-121E-40F6-A688-AB0B8089008D}.Debug|ARM.ActiveCfg = Debug|ARM
		{DC44BC13-121E-40F6-A688-AB0B8089008D}.Debug|ARM.Build.0 = Debug|ARM
		{DC44BC13-121E-40F6-A688-AB0B8089008D}.Debug|ARM.Deploy.0 = Debug|ARM
		{DC44BC13-121E-40F6-A688-AB0B8089008D}.Debug|iPhone.ActiveCfg = Debug|x86
		{DC44BC13-121E-40F6-A688-AB0B8089008D}.Debug|iPhoneSimulator.ActiveCfg = Debug|x86
		{DC44BC13-121E-40F6-A688-AB0B8089008D}.Debug|x64.ActiveCfg = Debug|x64
		{DC44BC13-121E-40F6-A688-AB0B8089008D}.Debug|x64.Build.0 = Debug|x64
		{DC44BC13-121E-40F6-A688-AB0B8089008D}.Debug|x64.Deploy.0 = Debug|x64
		{DC44BC13-121E-40F6-A688-AB0B8089008D}.Debug|x86.ActiveCfg = Debug|x86
		{DC44BC13-121E-40F6-A688-AB0B8089008D}.Debug|x86.Build.0 = Debug|x86
		{DC44BC13-121E-40F6-A688-AB0B8089008D}.Debug|x86.Deploy.0 = Debug|x86
		{DC44BC13-121E-40F6-A688-AB0B8089008D}.Release|Any CPU.ActiveCfg = Release|x86
		{DC44BC13-121E-40F6-A688-AB0B8089008D}.Release|ARM.ActiveCfg = Release|ARM
		{DC44BC13-121E-40F6-A688-AB0B8089008D}.Release|ARM.Build.0 = Release|ARM
		{DC44BC13-121E-40F6-A688-AB0B8089008D}.Release|ARM.Deploy.0 = Release|ARM
		{DC44BC13-121E-40F6-A688-AB0B8089008D}.Release|iPhone.ActiveCfg = Release|x86
		{DC44BC13-121E-40F6-A688-AB0B8089008D}.Release|iPhoneSimulator.ActiveCfg = Release|x86
		{DC44BC13-121E-40F6-A688-AB0B8089008D}.Release|x64.ActiveCfg = Release|x64
		{DC44BC13-121E-40F6-A688-AB0B8089008D}.Release|x64.Build.0 = Release|x64
		{DC44BC13-121E-40F6-A688-AB0B8089008D}.Release|x64.Deploy.0 = Release|x64
		{DC44BC13-121E-40F6-A688-AB0B8089008D}.Release|x86.ActiveCfg = Release|x86
		{DC44BC13-121E-40F6-A688-AB0B8089008D}.Release|x86.Build.0 = Release|x86
		{DC44BC13-121E-40F6-A688-AB0B8089008D}.Release|x86.Deploy.0 = Release|x86
		{FBFF5D60-E418-4CDD-84DB-5888EDB64CED}.Ad-Hoc|Any CPU.ActiveCfg = Release|Any CPU
		{FBFF5D60-E418-4CDD-84DB-5888EDB64CED}.Ad-Hoc|Any CPU.Build.0 = Release|Any CPU
		{FBFF5D60-E418-4CDD-84DB-5888EDB64CED}.Ad-Hoc|Any CPU.Deploy.0 = Release|Any CPU
		{FBFF5D60-E418-4CDD-84DB-5888EDB64CED}.Ad-Hoc|ARM.ActiveCfg = Release|ARM
		{FBFF5D60-E418-4CDD-84DB-5888EDB64CED}.Ad-Hoc|ARM.Build.0 = Release|ARM
		{FBFF5D60-E418-4CDD-84DB-5888EDB64CED}.Ad-Hoc|ARM.Deploy.0 = Release|ARM
		{FBFF5D60-E418-4CDD-84DB-5888EDB64CED}.Ad-Hoc|iPhone.ActiveCfg = Release|Any CPU
		{FBFF5D60-E418-4CDD-84DB-5888EDB64CED}.Ad-Hoc|iPhone.Build.0 = Release|Any CPU
		{FBFF5D60-E418-4CDD-84DB-5888EDB64CED}.Ad-Hoc|iPhone.Deploy.0 = Release|Any CPU
		{FBFF5D60-E418-4CDD-84DB-5888EDB64CED}.Ad-Hoc|iPhoneSimulator.ActiveCfg = Release|Any CPU
		{FBFF5D60-E418-4CDD-84DB-5888EDB64CED}.Ad-Hoc|iPhoneSimulator.Build.0 = Release|Any CPU
		{FBFF5D60-E418-4CDD-84DB-5888EDB64CED}.Ad-Hoc|iPhoneSimulator.Deploy.0 = Release|Any CPU
		{FBFF5D60-E418-4CDD-84DB-5888EDB64CED}.Ad-Hoc|x64.ActiveCfg = Release|x64
		{FBFF5D60-E418-4CDD-84DB-5888EDB64CED}.Ad-Hoc|x64.Build.0 = Release|x64
		{FBFF5D60-E418-4CDD-84DB-5888EDB64CED}.Ad-Hoc|x64.Deploy.0 = Release|x64
		{FBFF5D60-E418-4CDD-84DB-5888EDB64CED}.Ad-Hoc|x86.ActiveCfg = Release|x86
		{FBFF5D60-E418-4CDD-84DB-5888EDB64CED}.Ad-Hoc|x86.Build.0 = Release|x86
		{FBFF5D60-E418-4CDD-84DB-5888EDB64CED}.Ad-Hoc|x86.Deploy.0 = Release|x86
		{FBFF5D60-E418-4CDD-84DB-5888EDB64CED}.AppStore|Any CPU.ActiveCfg = Release|Any CPU
		{FBFF5D60-E418-4CDD-84DB-5888EDB64CED}.AppStore|Any CPU.Build.0 = Release|Any CPU
		{FBFF5D60-E418-4CDD-84DB-5888EDB64CED}.AppStore|Any CPU.Deploy.0 = Release|Any CPU
		{FBFF5D60-E418-4CDD-84DB-5888EDB64CED}.AppStore|ARM.ActiveCfg = Release|ARM
		{FBFF5D60-E418-4CDD-84DB-5888EDB64CED}.AppStore|ARM.Build.0 = Release|ARM
		{FBFF5D60-E418-4CDD-84DB-5888EDB64CED}.AppStore|ARM.Deploy.0 = Release|ARM
		{FBFF5D60-E418-4CDD-84DB-5888EDB64CED}.AppStore|iPhone.ActiveCfg = Release|Any CPU
		{FBFF5D60-E418-4CDD-84DB-5888EDB64CED}.AppStore|iPhone.Build.0 = Release|Any CPU
		{FBFF5D60-E418-4CDD-84DB-5888EDB64CED}.AppStore|iPhone.Deploy.0 = Release|Any CPU
		{FBFF5D60-E418-4CDD-84DB-5888EDB64CED}.AppStore|iPhoneSimulator.ActiveCfg = Release|Any CPU
		{FBFF5D60-E418-4CDD-84DB-5888EDB64CED}.AppStore|iPhoneSimulator.Build.0 = Release|Any CPU
		{FBFF5D60-E418-4CDD-84DB-5888EDB64CED}.AppStore|iPhoneSimulator.Deploy.0 = Release|Any CPU
		{FBFF5D60-E418-4CDD-84DB-5888EDB64CED}.AppStore|x64.ActiveCfg = Release|x64
		{FBFF5D60-E418-4CDD-84DB-5888EDB64CED}.AppStore|x64.Build.0 = Release|x64
		{FBFF5D60-E418-4CDD-84DB-5888EDB64CED}.AppStore|x64.Deploy.0 = Release|x64
		{FBFF5D60-E418-4CDD-84DB-5888EDB64CED}.AppStore|x86.ActiveCfg = Release|x86
		{FBFF5D60-E418-4CDD-84DB-5888EDB64CED}.AppStore|x86.Build.0 = Release|x86
		{FBFF5D60-E418-4CDD-84DB-5888EDB64CED}.AppStore|x86.Deploy.0 = Release|x86
		{FBFF5D60-E418-4CDD-84DB-5888EDB64CED}.Debug|Any CPU.ActiveCfg = Debug|Any CPU
		{FBFF5D60-E418-4CDD-84DB-5888EDB64CED}.Debug|Any CPU.Build.0 = Debug|Any CPU
		{FBFF5D60-E418-4CDD-84DB-5888EDB64CED}.Debug|Any CPU.Deploy.0 = Debug|Any CPU
		{FBFF5D60-E418-4CDD-84DB-5888EDB64CED}.Debug|ARM.ActiveCfg = Debug|ARM
		{FBFF5D60-E418-4CDD-84DB-5888EDB64CED}.Debug|ARM.Build.0 = Debug|ARM
		{FBFF5D60-E418-4CDD-84DB-5888EDB64CED}.Debug|ARM.Deploy.0 = Debug|ARM
		{FBFF5D60-E418-4CDD-84DB-5888EDB64CED}.Debug|iPhone.ActiveCfg = Debug|Any CPU
		{FBFF5D60-E418-4CDD-84DB-5888EDB64CED}.Debug|iPhone.Build.0 = Debug|Any CPU
		{FBFF5D60-E418-4CDD-84DB-5888EDB64CED}.Debug|iPhone.Deploy.0 = Debug|Any CPU
		{FBFF5D60-E418-4CDD-84DB-5888EDB64CED}.Debug|iPhoneSimulator.ActiveCfg = Debug|Any CPU
		{FBFF5D60-E418-4CDD-84DB-5888EDB64CED}.Debug|iPhoneSimulator.Build.0 = Debug|Any CPU
		{FBFF5D60-E418-4CDD-84DB-5888EDB64CED}.Debug|iPhoneSimulator.Deploy.0 = Debug|Any CPU
		{FBFF5D60-E418-4CDD-84DB-5888EDB64CED}.Debug|x64.ActiveCfg = Debug|x64
		{FBFF5D60-E418-4CDD-84DB-5888EDB64CED}.Debug|x64.Build.0 = Debug|x64
		{FBFF5D60-E418-4CDD-84DB-5888EDB64CED}.Debug|x64.Deploy.0 = Debug|x64
		{FBFF5D60-E418-4CDD-84DB-5888EDB64CED}.Debug|x86.ActiveCfg = Debug|x86
		{FBFF5D60-E418-4CDD-84DB-5888EDB64CED}.Debug|x86.Build.0 = Debug|x86
		{FBFF5D60-E418-4CDD-84DB-5888EDB64CED}.Debug|x86.Deploy.0 = Debug|x86
		{FBFF5D60-E418-4CDD-84DB-5888EDB64CED}.Release|Any CPU.ActiveCfg = Release|Any CPU
		{FBFF5D60-E418-4CDD-84DB-5888EDB64CED}.Release|Any CPU.Build.0 = Release|Any CPU
		{FBFF5D60-E418-4CDD-84DB-5888EDB64CED}.Release|Any CPU.Deploy.0 = Release|Any CPU
		{FBFF5D60-E418-4CDD-84DB-5888EDB64CED}.Release|ARM.ActiveCfg = Release|ARM
		{FBFF5D60-E418-4CDD-84DB-5888EDB64CED}.Release|ARM.Build.0 = Release|ARM
		{FBFF5D60-E418-4CDD-84DB-5888EDB64CED}.Release|ARM.Deploy.0 = Release|ARM
		{FBFF5D60-E418-4CDD-84DB-5888EDB64CED}.Release|iPhone.ActiveCfg = Release|Any CPU
		{FBFF5D60-E418-4CDD-84DB-5888EDB64CED}.Release|iPhone.Build.0 = Release|Any CPU
		{FBFF5D60-E418-4CDD-84DB-5888EDB64CED}.Release|iPhone.Deploy.0 = Release|Any CPU
		{FBFF5D60-E418-4CDD-84DB-5888EDB64CED}.Release|iPhoneSimulator.ActiveCfg = Release|Any CPU
		{FBFF5D60-E418-4CDD-84DB-5888EDB64CED}.Release|iPhoneSimulator.Build.0 = Release|Any CPU
		{FBFF5D60-E418-4CDD-84DB-5888EDB64CED}.Release|iPhoneSimulator.Deploy.0 = Release|Any CPU
		{FBFF5D60-E418-4CDD-84DB-5888EDB64CED}.Release|x64.ActiveCfg = Release|x64
		{FBFF5D60-E418-4CDD-84DB-5888EDB64CED}.Release|x64.Build.0 = Release|x64
		{FBFF5D60-E418-4CDD-84DB-5888EDB64CED}.Release|x64.Deploy.0 = Release|x64
		{FBFF5D60-E418-4CDD-84DB-5888EDB64CED}.Release|x86.ActiveCfg = Release|x86
		{FBFF5D60-E418-4CDD-84DB-5888EDB64CED}.Release|x86.Build.0 = Release|x86
		{FBFF5D60-E418-4CDD-84DB-5888EDB64CED}.Release|x86.Deploy.0 = Release|x86
	EndGlobalSection
	GlobalSection(SolutionProperties) = preSolution
		HideSolutionNode = FALSE
	EndGlobalSection
EndGlobal
