
Microsoft Visual Studio Solution File, Format Version 12.00
# Visual Studio 14
VisualStudioVersion = 14.0.25420.1
MinimumVisualStudioVersion = 10.0.40219.1
Project("{FAE04EC0-301F-11D3-BF4B-00C04F79EFBC}") = "HockeyApp", "HockeyApp\HockeyApp\HockeyApp.csproj", "{521620E2-FE80-4478-9FBE-67D8C84F1D35}"
EndProject
Project("{FAE04EC0-301F-11D3-BF4B-00C04F79EFBC}") = "HockeyApp.Droid", "HockeyApp\HockeyApp.Droid\HockeyApp.Droid.csproj", "{6B886C2E-4F45-4A31-A7B3-8591D98597F8}"
EndProject
Project("{FAE04EC0-301F-11D3-BF4B-00C04F79EFBC}") = "HockeyApp.iOS", "HockeyApp\HockeyApp.iOS\HockeyApp.iOS.csproj", "{D910F032-A4FE-4AFE-AD74-739271BD7A22}"
EndProject
Project("{FAE04EC0-301F-11D3-BF4B-00C04F79EFBC}") = "HockeyApp.WinPhone", "HockeyApp\HockeyApp.WinPhone\HockeyApp.WinPhone.csproj", "{571379BF-7B21-4FF5-A531-A2E680B8578E}"
EndProject
Project("{FAE04EC0-301F-11D3-BF4B-00C04F79EFBC}") = "HockeyApp.Windows", "HockeyApp\HockeyApp.Windows\HockeyApp.Windows.csproj", "{603865D9-1275-43EC-977A-509980D14613}"
EndProject
Global
	GlobalSection(SolutionConfigurationPlatforms) = preSolution
		Ad-Hoc|Any CPU = Ad-Hoc|Any CPU
		Ad-Hoc|ARM = Ad-Hoc|ARM
		Ad-Hoc|iPhone = Ad-Hoc|iPhone
		Ad-Hoc|iPhoneSimulator = Ad-Hoc|iPhoneSimulator
		Ad-Hoc|x64 = Ad-Hoc|x64
		Ad-Hoc|x86 = Ad-Hoc|x86
		AppStore|Any CPU = AppStore|Any CPU
		AppStore|ARM = AppStore|ARM
		AppStore|iPhone = AppStore|iPhone
		AppStore|iPhoneSimulator = AppStore|iPhoneSimulator
		AppStore|x64 = AppStore|x64
		AppStore|x86 = AppStore|x86
		Debug|Any CPU = Debug|Any CPU
		Debug|ARM = Debug|ARM
		Debug|iPhone = Debug|iPhone
		Debug|iPhoneSimulator = Debug|iPhoneSimulator
		Debug|x64 = Debug|x64
		Debug|x86 = Debug|x86
		Release|Any CPU = Release|Any CPU
		Release|ARM = Release|ARM
		Release|iPhone = Release|iPhone
		Release|iPhoneSimulator = Release|iPhoneSimulator
		Release|x64 = Release|x64
		Release|x86 = Release|x86
	EndGlobalSection
	GlobalSection(ProjectConfigurationPlatforms) = postSolution
		{521620E2-FE80-4478-9FBE-67D8C84F1D35}.Ad-Hoc|Any CPU.ActiveCfg = Release|Any CPU
		{521620E2-FE80-4478-9FBE-67D8C84F1D35}.Ad-Hoc|Any CPU.Build.0 = Release|Any CPU
		{521620E2-FE80-4478-9FBE-67D8C84F1D35}.Ad-Hoc|ARM.ActiveCfg = Release|Any CPU
		{521620E2-FE80-4478-9FBE-67D8C84F1D35}.Ad-Hoc|ARM.Build.0 = Release|Any CPU
		{521620E2-FE80-4478-9FBE-67D8C84F1D35}.Ad-Hoc|iPhone.ActiveCfg = Release|Any CPU
		{521620E2-FE80-4478-9FBE-67D8C84F1D35}.Ad-Hoc|iPhone.Build.0 = Release|Any CPU
		{521620E2-FE80-4478-9FBE-67D8C84F1D35}.Ad-Hoc|iPhoneSimulator.ActiveCfg = Release|Any CPU
		{521620E2-FE80-4478-9FBE-67D8C84F1D35}.Ad-Hoc|iPhoneSimulator.Build.0 = Release|Any CPU
		{521620E2-FE80-4478-9FBE-67D8C84F1D35}.Ad-Hoc|x64.ActiveCfg = Release|Any CPU
		{521620E2-FE80-4478-9FBE-67D8C84F1D35}.Ad-Hoc|x64.Build.0 = Release|Any CPU
		{521620E2-FE80-4478-9FBE-67D8C84F1D35}.Ad-Hoc|x86.ActiveCfg = Release|Any CPU
		{521620E2-FE80-4478-9FBE-67D8C84F1D35}.Ad-Hoc|x86.Build.0 = Release|Any CPU
		{521620E2-FE80-4478-9FBE-67D8C84F1D35}.AppStore|Any CPU.ActiveCfg = Release|Any CPU
		{521620E2-FE80-4478-9FBE-67D8C84F1D35}.AppStore|Any CPU.Build.0 = Release|Any CPU
		{521620E2-FE80-4478-9FBE-67D8C84F1D35}.AppStore|ARM.ActiveCfg = Release|Any CPU
		{521620E2-FE80-4478-9FBE-67D8C84F1D35}.AppStore|ARM.Build.0 = Release|Any CPU
		{521620E2-FE80-4478-9FBE-67D8C84F1D35}.AppStore|iPhone.ActiveCfg = Release|Any CPU
		{521620E2-FE80-4478-9FBE-67D8C84F1D35}.AppStore|iPhone.Build.0 = Release|Any CPU
		{521620E2-FE80-4478-9FBE-67D8C84F1D35}.AppStore|iPhoneSimulator.ActiveCfg = Release|Any CPU
		{521620E2-FE80-4478-9FBE-67D8C84F1D35}.AppStore|iPhoneSimulator.Build.0 = Release|Any CPU
		{521620E2-FE80-4478-9FBE-67D8C84F1D35}.AppStore|x64.ActiveCfg = Release|Any CPU
		{521620E2-FE80-4478-9FBE-67D8C84F1D35}.AppStore|x64.Build.0 = Release|Any CPU
		{521620E2-FE80-4478-9FBE-67D8C84F1D35}.AppStore|x86.ActiveCfg = Release|Any CPU
		{521620E2-FE80-4478-9FBE-67D8C84F1D35}.AppStore|x86.Build.0 = Release|Any CPU
		{521620E2-FE80-4478-9FBE-67D8C84F1D35}.Debug|Any CPU.ActiveCfg = Debug|Any CPU
		{521620E2-FE80-4478-9FBE-67D8C84F1D35}.Debug|Any CPU.Build.0 = Debug|Any CPU
		{521620E2-FE80-4478-9FBE-67D8C84F1D35}.Debug|ARM.ActiveCfg = Debug|Any CPU
		{521620E2-FE80-4478-9FBE-67D8C84F1D35}.Debug|ARM.Build.0 = Debug|Any CPU
		{521620E2-FE80-4478-9FBE-67D8C84F1D35}.Debug|iPhone.ActiveCfg = Debug|Any CPU
		{521620E2-FE80-4478-9FBE-67D8C84F1D35}.Debug|iPhone.Build.0 = Debug|Any CPU
		{521620E2-FE80-4478-9FBE-67D8C84F1D35}.Debug|iPhoneSimulator.ActiveCfg = Debug|Any CPU
		{521620E2-FE80-4478-9FBE-67D8C84F1D35}.Debug|iPhoneSimulator.Build.0 = Debug|Any CPU
		{521620E2-FE80-4478-9FBE-67D8C84F1D35}.Debug|x64.ActiveCfg = Debug|Any CPU
		{521620E2-FE80-4478-9FBE-67D8C84F1D35}.Debug|x64.Build.0 = Debug|Any CPU
		{521620E2-FE80-4478-9FBE-67D8C84F1D35}.Debug|x86.ActiveCfg = Debug|Any CPU
		{521620E2-FE80-4478-9FBE-67D8C84F1D35}.Debug|x86.Build.0 = Debug|Any CPU
		{521620E2-FE80-4478-9FBE-67D8C84F1D35}.Release|Any CPU.ActiveCfg = Release|Any CPU
		{521620E2-FE80-4478-9FBE-67D8C84F1D35}.Release|Any CPU.Build.0 = Release|Any CPU
		{521620E2-FE80-4478-9FBE-67D8C84F1D35}.Release|ARM.ActiveCfg = Release|Any CPU
		{521620E2-FE80-4478-9FBE-67D8C84F1D35}.Release|ARM.Build.0 = Release|Any CPU
		{521620E2-FE80-4478-9FBE-67D8C84F1D35}.Release|iPhone.ActiveCfg = Release|Any CPU
		{521620E2-FE80-4478-9FBE-67D8C84F1D35}.Release|iPhone.Build.0 = Release|Any CPU
		{521620E2-FE80-4478-9FBE-67D8C84F1D35}.Release|iPhoneSimulator.ActiveCfg = Release|Any CPU
		{521620E2-FE80-4478-9FBE-67D8C84F1D35}.Release|iPhoneSimulator.Build.0 = Release|Any CPU
		{521620E2-FE80-4478-9FBE-67D8C84F1D35}.Release|x64.ActiveCfg = Release|Any CPU
		{521620E2-FE80-4478-9FBE-67D8C84F1D35}.Release|x64.Build.0 = Release|Any CPU
		{521620E2-FE80-4478-9FBE-67D8C84F1D35}.Release|x86.ActiveCfg = Release|Any CPU
		{521620E2-FE80-4478-9FBE-67D8C84F1D35}.Release|x86.Build.0 = Release|Any CPU
		{6B886C2E-4F45-4A31-A7B3-8591D98597F8}.Ad-Hoc|Any CPU.ActiveCfg = Release|Any CPU
		{6B886C2E-4F45-4A31-A7B3-8591D98597F8}.Ad-Hoc|Any CPU.Build.0 = Release|Any CPU
		{6B886C2E-4F45-4A31-A7B3-8591D98597F8}.Ad-Hoc|Any CPU.Deploy.0 = Release|Any CPU
		{6B886C2E-4F45-4A31-A7B3-8591D98597F8}.Ad-Hoc|ARM.ActiveCfg = Release|Any CPU
		{6B886C2E-4F45-4A31-A7B3-8591D98597F8}.Ad-Hoc|ARM.Build.0 = Release|Any CPU
		{6B886C2E-4F45-4A31-A7B3-8591D98597F8}.Ad-Hoc|ARM.Deploy.0 = Release|Any CPU
		{6B886C2E-4F45-4A31-A7B3-8591D98597F8}.Ad-Hoc|iPhone.ActiveCfg = Release|Any CPU
		{6B886C2E-4F45-4A31-A7B3-8591D98597F8}.Ad-Hoc|iPhone.Build.0 = Release|Any CPU
		{6B886C2E-4F45-4A31-A7B3-8591D98597F8}.Ad-Hoc|iPhone.Deploy.0 = Release|Any CPU
		{6B886C2E-4F45-4A31-A7B3-8591D98597F8}.Ad-Hoc|iPhoneSimulator.ActiveCfg = Release|Any CPU
		{6B886C2E-4F45-4A31-A7B3-8591D98597F8}.Ad-Hoc|iPhoneSimulator.Build.0 = Release|Any CPU
		{6B886C2E-4F45-4A31-A7B3-8591D98597F8}.Ad-Hoc|iPhoneSimulator.Deploy.0 = Release|Any CPU
		{6B886C2E-4F45-4A31-A7B3-8591D98597F8}.Ad-Hoc|x64.ActiveCfg = Release|Any CPU
		{6B886C2E-4F45-4A31-A7B3-8591D98597F8}.Ad-Hoc|x64.Build.0 = Release|Any CPU
		{6B886C2E-4F45-4A31-A7B3-8591D98597F8}.Ad-Hoc|x64.Deploy.0 = Release|Any CPU
		{6B886C2E-4F45-4A31-A7B3-8591D98597F8}.Ad-Hoc|x86.ActiveCfg = Release|Any CPU
		{6B886C2E-4F45-4A31-A7B3-8591D98597F8}.Ad-Hoc|x86.Build.0 = Release|Any CPU
		{6B886C2E-4F45-4A31-A7B3-8591D98597F8}.Ad-Hoc|x86.Deploy.0 = Release|Any CPU
		{6B886C2E-4F45-4A31-A7B3-8591D98597F8}.AppStore|Any CPU.ActiveCfg = Release|Any CPU
		{6B886C2E-4F45-4A31-A7B3-8591D98597F8}.AppStore|Any CPU.Build.0 = Release|Any CPU
		{6B886C2E-4F45-4A31-A7B3-8591D98597F8}.AppStore|Any CPU.Deploy.0 = Release|Any CPU
		{6B886C2E-4F45-4A31-A7B3-8591D98597F8}.AppStore|ARM.ActiveCfg = Release|Any CPU
		{6B886C2E-4F45-4A31-A7B3-8591D98597F8}.AppStore|ARM.Build.0 = Release|Any CPU
		{6B886C2E-4F45-4A31-A7B3-8591D98597F8}.AppStore|ARM.Deploy.0 = Release|Any CPU
		{6B886C2E-4F45-4A31-A7B3-8591D98597F8}.AppStore|iPhone.ActiveCfg = Release|Any CPU
		{6B886C2E-4F45-4A31-A7B3-8591D98597F8}.AppStore|iPhone.Build.0 = Release|Any CPU
		{6B886C2E-4F45-4A31-A7B3-8591D98597F8}.AppStore|iPhone.Deploy.0 = Release|Any CPU
		{6B886C2E-4F45-4A31-A7B3-8591D98597F8}.AppStore|iPhoneSimulator.ActiveCfg = Release|Any CPU
		{6B886C2E-4F45-4A31-A7B3-8591D98597F8}.AppStore|iPhoneSimulator.Build.0 = Release|Any CPU
		{6B886C2E-4F45-4A31-A7B3-8591D98597F8}.AppStore|iPhoneSimulator.Deploy.0 = Release|Any CPU
		{6B886C2E-4F45-4A31-A7B3-8591D98597F8}.AppStore|x64.ActiveCfg = Release|Any CPU
		{6B886C2E-4F45-4A31-A7B3-8591D98597F8}.AppStore|x64.Build.0 = Release|Any CPU
		{6B886C2E-4F45-4A31-A7B3-8591D98597F8}.AppStore|x64.Deploy.0 = Release|Any CPU
		{6B886C2E-4F45-4A31-A7B3-8591D98597F8}.AppStore|x86.ActiveCfg = Release|Any CPU
		{6B886C2E-4F45-4A31-A7B3-8591D98597F8}.AppStore|x86.Build.0 = Release|Any CPU
		{6B886C2E-4F45-4A31-A7B3-8591D98597F8}.AppStore|x86.Deploy.0 = Release|Any CPU
		{6B886C2E-4F45-4A31-A7B3-8591D98597F8}.Debug|Any CPU.ActiveCfg = Debug|Any CPU
		{6B886C2E-4F45-4A31-A7B3-8591D98597F8}.Debug|Any CPU.Build.0 = Debug|Any CPU
		{6B886C2E-4F45-4A31-A7B3-8591D98597F8}.Debug|Any CPU.Deploy.0 = Debug|Any CPU
		{6B886C2E-4F45-4A31-A7B3-8591D98597F8}.Debug|ARM.ActiveCfg = Debug|Any CPU
		{6B886C2E-4F45-4A31-A7B3-8591D98597F8}.Debug|ARM.Build.0 = Debug|Any CPU
		{6B886C2E-4F45-4A31-A7B3-8591D98597F8}.Debug|ARM.Deploy.0 = Debug|Any CPU
		{6B886C2E-4F45-4A31-A7B3-8591D98597F8}.Debug|iPhone.ActiveCfg = Debug|Any CPU
		{6B886C2E-4F45-4A31-A7B3-8591D98597F8}.Debug|iPhone.Build.0 = Debug|Any CPU
		{6B886C2E-4F45-4A31-A7B3-8591D98597F8}.Debug|iPhone.Deploy.0 = Debug|Any CPU
		{6B886C2E-4F45-4A31-A7B3-8591D98597F8}.Debug|iPhoneSimulator.ActiveCfg = Debug|Any CPU
		{6B886C2E-4F45-4A31-A7B3-8591D98597F8}.Debug|iPhoneSimulator.Build.0 = Debug|Any CPU
		{6B886C2E-4F45-4A31-A7B3-8591D98597F8}.Debug|iPhoneSimulator.Deploy.0 = Debug|Any CPU
		{6B886C2E-4F45-4A31-A7B3-8591D98597F8}.Debug|x64.ActiveCfg = Debug|Any CPU
		{6B886C2E-4F45-4A31-A7B3-8591D98597F8}.Debug|x64.Build.0 = Debug|Any CPU
		{6B886C2E-4F45-4A31-A7B3-8591D98597F8}.Debug|x64.Deploy.0 = Debug|Any CPU
		{6B886C2E-4F45-4A31-A7B3-8591D98597F8}.Debug|x86.ActiveCfg = Debug|Any CPU
		{6B886C2E-4F45-4A31-A7B3-8591D98597F8}.Debug|x86.Build.0 = Debug|Any CPU
		{6B886C2E-4F45-4A31-A7B3-8591D98597F8}.Debug|x86.Deploy.0 = Debug|Any CPU
		{6B886C2E-4F45-4A31-A7B3-8591D98597F8}.Release|Any CPU.ActiveCfg = Release|Any CPU
		{6B886C2E-4F45-4A31-A7B3-8591D98597F8}.Release|Any CPU.Build.0 = Release|Any CPU
		{6B886C2E-4F45-4A31-A7B3-8591D98597F8}.Release|Any CPU.Deploy.0 = Release|Any CPU
		{6B886C2E-4F45-4A31-A7B3-8591D98597F8}.Release|ARM.ActiveCfg = Release|Any CPU
		{6B886C2E-4F45-4A31-A7B3-8591D98597F8}.Release|ARM.Build.0 = Release|Any CPU
		{6B886C2E-4F45-4A31-A7B3-8591D98597F8}.Release|ARM.Deploy.0 = Release|Any CPU
		{6B886C2E-4F45-4A31-A7B3-8591D98597F8}.Release|iPhone.ActiveCfg = Release|Any CPU
		{6B886C2E-4F45-4A31-A7B3-8591D98597F8}.Release|iPhone.Build.0 = Release|Any CPU
		{6B886C2E-4F45-4A31-A7B3-8591D98597F8}.Release|iPhone.Deploy.0 = Release|Any CPU
		{6B886C2E-4F45-4A31-A7B3-8591D98597F8}.Release|iPhoneSimulator.ActiveCfg = Release|Any CPU
		{6B886C2E-4F45-4A31-A7B3-8591D98597F8}.Release|iPhoneSimulator.Build.0 = Release|Any CPU
		{6B886C2E-4F45-4A31-A7B3-8591D98597F8}.Release|iPhoneSimulator.Deploy.0 = Release|Any CPU
		{6B886C2E-4F45-4A31-A7B3-8591D98597F8}.Release|x64.ActiveCfg = Release|Any CPU
		{6B886C2E-4F45-4A31-A7B3-8591D98597F8}.Release|x64.Build.0 = Release|Any CPU
		{6B886C2E-4F45-4A31-A7B3-8591D98597F8}.Release|x64.Deploy.0 = Release|Any CPU
		{6B886C2E-4F45-4A31-A7B3-8591D98597F8}.Release|x86.ActiveCfg = Release|Any CPU
		{6B886C2E-4F45-4A31-A7B3-8591D98597F8}.Release|x86.Build.0 = Release|Any CPU
		{6B886C2E-4F45-4A31-A7B3-8591D98597F8}.Release|x86.Deploy.0 = Release|Any CPU
		{D910F032-A4FE-4AFE-AD74-739271BD7A22}.Ad-Hoc|Any CPU.ActiveCfg = Ad-Hoc|iPhone
		{D910F032-A4FE-4AFE-AD74-739271BD7A22}.Ad-Hoc|ARM.ActiveCfg = Ad-Hoc|iPhone
		{D910F032-A4FE-4AFE-AD74-739271BD7A22}.Ad-Hoc|iPhone.ActiveCfg = Ad-Hoc|iPhone
		{D910F032-A4FE-4AFE-AD74-739271BD7A22}.Ad-Hoc|iPhone.Build.0 = Ad-Hoc|iPhone
		{D910F032-A4FE-4AFE-AD74-739271BD7A22}.Ad-Hoc|iPhoneSimulator.ActiveCfg = Ad-Hoc|iPhoneSimulator
		{D910F032-A4FE-4AFE-AD74-739271BD7A22}.Ad-Hoc|iPhoneSimulator.Build.0 = Ad-Hoc|iPhoneSimulator
		{D910F032-A4FE-4AFE-AD74-739271BD7A22}.Ad-Hoc|x64.ActiveCfg = Ad-Hoc|iPhone
		{D910F032-A4FE-4AFE-AD74-739271BD7A22}.Ad-Hoc|x86.ActiveCfg = Ad-Hoc|iPhone
		{D910F032-A4FE-4AFE-AD74-739271BD7A22}.AppStore|Any CPU.ActiveCfg = AppStore|iPhone
		{D910F032-A4FE-4AFE-AD74-739271BD7A22}.AppStore|ARM.ActiveCfg = AppStore|iPhone
		{D910F032-A4FE-4AFE-AD74-739271BD7A22}.AppStore|iPhone.ActiveCfg = AppStore|iPhone
		{D910F032-A4FE-4AFE-AD74-739271BD7A22}.AppStore|iPhone.Build.0 = AppStore|iPhone
		{D910F032-A4FE-4AFE-AD74-739271BD7A22}.AppStore|iPhoneSimulator.ActiveCfg = AppStore|iPhoneSimulator
		{D910F032-A4FE-4AFE-AD74-739271BD7A22}.AppStore|iPhoneSimulator.Build.0 = AppStore|iPhoneSimulator
		{D910F032-A4FE-4AFE-AD74-739271BD7A22}.AppStore|x64.ActiveCfg = AppStore|iPhone
		{D910F032-A4FE-4AFE-AD74-739271BD7A22}.AppStore|x86.ActiveCfg = AppStore|iPhone
		{D910F032-A4FE-4AFE-AD74-739271BD7A22}.Debug|Any CPU.ActiveCfg = Debug|iPhone
		{D910F032-A4FE-4AFE-AD74-739271BD7A22}.Debug|ARM.ActiveCfg = Debug|iPhone
		{D910F032-A4FE-4AFE-AD74-739271BD7A22}.Debug|iPhone.ActiveCfg = Debug|iPhone
		{D910F032-A4FE-4AFE-AD74-739271BD7A22}.Debug|iPhone.Build.0 = Debug|iPhone
		{D910F032-A4FE-4AFE-AD74-739271BD7A22}.Debug|iPhoneSimulator.ActiveCfg = Debug|iPhoneSimulator
		{D910F032-A4FE-4AFE-AD74-739271BD7A22}.Debug|iPhoneSimulator.Build.0 = Debug|iPhoneSimulator
		{D910F032-A4FE-4AFE-AD74-739271BD7A22}.Debug|x64.ActiveCfg = Debug|iPhone
		{D910F032-A4FE-4AFE-AD74-739271BD7A22}.Debug|x86.ActiveCfg = Debug|iPhone
		{D910F032-A4FE-4AFE-AD74-739271BD7A22}.Release|Any CPU.ActiveCfg = Release|iPhone
		{D910F032-A4FE-4AFE-AD74-739271BD7A22}.Release|ARM.ActiveCfg = Release|iPhone
		{D910F032-A4FE-4AFE-AD74-739271BD7A22}.Release|iPhone.ActiveCfg = Release|iPhone
		{D910F032-A4FE-4AFE-AD74-739271BD7A22}.Release|iPhone.Build.0 = Release|iPhone
		{D910F032-A4FE-4AFE-AD74-739271BD7A22}.Release|iPhoneSimulator.ActiveCfg = Release|iPhoneSimulator
		{D910F032-A4FE-4AFE-AD74-739271BD7A22}.Release|iPhoneSimulator.Build.0 = Release|iPhoneSimulator
		{D910F032-A4FE-4AFE-AD74-739271BD7A22}.Release|x64.ActiveCfg = Release|iPhone
		{D910F032-A4FE-4AFE-AD74-739271BD7A22}.Release|x86.ActiveCfg = Release|iPhone
		{571379BF-7B21-4FF5-A531-A2E680B8578E}.Ad-Hoc|Any CPU.ActiveCfg = Release|Any CPU
		{571379BF-7B21-4FF5-A531-A2E680B8578E}.Ad-Hoc|Any CPU.Build.0 = Release|Any CPU
		{571379BF-7B21-4FF5-A531-A2E680B8578E}.Ad-Hoc|Any CPU.Deploy.0 = Release|Any CPU
		{571379BF-7B21-4FF5-A531-A2E680B8578E}.Ad-Hoc|ARM.ActiveCfg = Release|ARM
		{571379BF-7B21-4FF5-A531-A2E680B8578E}.Ad-Hoc|ARM.Build.0 = Release|ARM
		{571379BF-7B21-4FF5-A531-A2E680B8578E}.Ad-Hoc|ARM.Deploy.0 = Release|ARM
		{571379BF-7B21-4FF5-A531-A2E680B8578E}.Ad-Hoc|iPhone.ActiveCfg = Release|Any CPU
		{571379BF-7B21-4FF5-A531-A2E680B8578E}.Ad-Hoc|iPhone.Build.0 = Release|Any CPU
		{571379BF-7B21-4FF5-A531-A2E680B8578E}.Ad-Hoc|iPhone.Deploy.0 = Release|Any CPU
		{571379BF-7B21-4FF5-A531-A2E680B8578E}.Ad-Hoc|iPhoneSimulator.ActiveCfg = Release|Any CPU
		{571379BF-7B21-4FF5-A531-A2E680B8578E}.Ad-Hoc|iPhoneSimulator.Build.0 = Release|Any CPU
		{571379BF-7B21-4FF5-A531-A2E680B8578E}.Ad-Hoc|iPhoneSimulator.Deploy.0 = Release|Any CPU
		{571379BF-7B21-4FF5-A531-A2E680B8578E}.Ad-Hoc|x64.ActiveCfg = Release|Any CPU
		{571379BF-7B21-4FF5-A531-A2E680B8578E}.Ad-Hoc|x64.Build.0 = Release|Any CPU
		{571379BF-7B21-4FF5-A531-A2E680B8578E}.Ad-Hoc|x64.Deploy.0 = Release|Any CPU
		{571379BF-7B21-4FF5-A531-A2E680B8578E}.Ad-Hoc|x86.ActiveCfg = Release|x86
		{571379BF-7B21-4FF5-A531-A2E680B8578E}.Ad-Hoc|x86.Build.0 = Release|x86
		{571379BF-7B21-4FF5-A531-A2E680B8578E}.Ad-Hoc|x86.Deploy.0 = Release|x86
		{571379BF-7B21-4FF5-A531-A2E680B8578E}.AppStore|Any CPU.ActiveCfg = Release|Any CPU
		{571379BF-7B21-4FF5-A531-A2E680B8578E}.AppStore|Any CPU.Build.0 = Release|Any CPU
		{571379BF-7B21-4FF5-A531-A2E680B8578E}.AppStore|Any CPU.Deploy.0 = Release|Any CPU
		{571379BF-7B21-4FF5-A531-A2E680B8578E}.AppStore|ARM.ActiveCfg = Release|ARM
		{571379BF-7B21-4FF5-A531-A2E680B8578E}.AppStore|ARM.Build.0 = Release|ARM
		{571379BF-7B21-4FF5-A531-A2E680B8578E}.AppStore|ARM.Deploy.0 = Release|ARM
		{571379BF-7B21-4FF5-A531-A2E680B8578E}.AppStore|iPhone.ActiveCfg = Release|Any CPU
		{571379BF-7B21-4FF5-A531-A2E680B8578E}.AppStore|iPhone.Build.0 = Release|Any CPU
		{571379BF-7B21-4FF5-A531-A2E680B8578E}.AppStore|iPhone.Deploy.0 = Release|Any CPU
		{571379BF-7B21-4FF5-A531-A2E680B8578E}.AppStore|iPhoneSimulator.ActiveCfg = Release|Any CPU
		{571379BF-7B21-4FF5-A531-A2E680B8578E}.AppStore|iPhoneSimulator.Build.0 = Release|Any CPU
		{571379BF-7B21-4FF5-A531-A2E680B8578E}.AppStore|iPhoneSimulator.Deploy.0 = Release|Any CPU
		{571379BF-7B21-4FF5-A531-A2E680B8578E}.AppStore|x64.ActiveCfg = Release|Any CPU
		{571379BF-7B21-4FF5-A531-A2E680B8578E}.AppStore|x64.Build.0 = Release|Any CPU
		{571379BF-7B21-4FF5-A531-A2E680B8578E}.AppStore|x64.Deploy.0 = Release|Any CPU
		{571379BF-7B21-4FF5-A531-A2E680B8578E}.AppStore|x86.ActiveCfg = Release|x86
		{571379BF-7B21-4FF5-A531-A2E680B8578E}.AppStore|x86.Build.0 = Release|x86
		{571379BF-7B21-4FF5-A531-A2E680B8578E}.AppStore|x86.Deploy.0 = Release|x86
		{571379BF-7B21-4FF5-A531-A2E680B8578E}.Debug|Any CPU.ActiveCfg = Debug|Any CPU
		{571379BF-7B21-4FF5-A531-A2E680B8578E}.Debug|Any CPU.Build.0 = Debug|Any CPU
		{571379BF-7B21-4FF5-A531-A2E680B8578E}.Debug|Any CPU.Deploy.0 = Debug|Any CPU
		{571379BF-7B21-4FF5-A531-A2E680B8578E}.Debug|ARM.ActiveCfg = Debug|ARM
		{571379BF-7B21-4FF5-A531-A2E680B8578E}.Debug|ARM.Build.0 = Debug|ARM
		{571379BF-7B21-4FF5-A531-A2E680B8578E}.Debug|ARM.Deploy.0 = Debug|ARM
		{571379BF-7B21-4FF5-A531-A2E680B8578E}.Debug|iPhone.ActiveCfg = Debug|Any CPU
		{571379BF-7B21-4FF5-A531-A2E680B8578E}.Debug|iPhone.Build.0 = Debug|Any CPU
		{571379BF-7B21-4FF5-A531-A2E680B8578E}.Debug|iPhone.Deploy.0 = Debug|Any CPU
		{571379BF-7B21-4FF5-A531-A2E680B8578E}.Debug|iPhoneSimulator.ActiveCfg = Debug|Any CPU
		{571379BF-7B21-4FF5-A531-A2E680B8578E}.Debug|iPhoneSimulator.Build.0 = Debug|Any CPU
		{571379BF-7B21-4FF5-A531-A2E680B8578E}.Debug|iPhoneSimulator.Deploy.0 = Debug|Any CPU
		{571379BF-7B21-4FF5-A531-A2E680B8578E}.Debug|x64.ActiveCfg = Debug|Any CPU
		{571379BF-7B21-4FF5-A531-A2E680B8578E}.Debug|x64.Build.0 = Debug|Any CPU
		{571379BF-7B21-4FF5-A531-A2E680B8578E}.Debug|x64.Deploy.0 = Debug|Any CPU
		{571379BF-7B21-4FF5-A531-A2E680B8578E}.Debug|x86.ActiveCfg = Debug|x86
		{571379BF-7B21-4FF5-A531-A2E680B8578E}.Debug|x86.Build.0 = Debug|x86
		{571379BF-7B21-4FF5-A531-A2E680B8578E}.Debug|x86.Deploy.0 = Debug|x86
		{571379BF-7B21-4FF5-A531-A2E680B8578E}.Release|Any CPU.ActiveCfg = Release|Any CPU
		{571379BF-7B21-4FF5-A531-A2E680B8578E}.Release|Any CPU.Build.0 = Release|Any CPU
		{571379BF-7B21-4FF5-A531-A2E680B8578E}.Release|Any CPU.Deploy.0 = Release|Any CPU
		{571379BF-7B21-4FF5-A531-A2E680B8578E}.Release|ARM.ActiveCfg = Release|ARM
		{571379BF-7B21-4FF5-A531-A2E680B8578E}.Release|ARM.Build.0 = Release|ARM
		{571379BF-7B21-4FF5-A531-A2E680B8578E}.Release|ARM.Deploy.0 = Release|ARM
		{571379BF-7B21-4FF5-A531-A2E680B8578E}.Release|iPhone.ActiveCfg = Release|Any CPU
		{571379BF-7B21-4FF5-A531-A2E680B8578E}.Release|iPhone.Build.0 = Release|Any CPU
		{571379BF-7B21-4FF5-A531-A2E680B8578E}.Release|iPhone.Deploy.0 = Release|Any CPU
		{571379BF-7B21-4FF5-A531-A2E680B8578E}.Release|iPhoneSimulator.ActiveCfg = Release|Any CPU
		{571379BF-7B21-4FF5-A531-A2E680B8578E}.Release|iPhoneSimulator.Build.0 = Release|Any CPU
		{571379BF-7B21-4FF5-A531-A2E680B8578E}.Release|iPhoneSimulator.Deploy.0 = Release|Any CPU
		{571379BF-7B21-4FF5-A531-A2E680B8578E}.Release|x64.ActiveCfg = Release|Any CPU
		{571379BF-7B21-4FF5-A531-A2E680B8578E}.Release|x64.Build.0 = Release|Any CPU
		{571379BF-7B21-4FF5-A531-A2E680B8578E}.Release|x64.Deploy.0 = Release|Any CPU
		{571379BF-7B21-4FF5-A531-A2E680B8578E}.Release|x86.ActiveCfg = Release|x86
		{571379BF-7B21-4FF5-A531-A2E680B8578E}.Release|x86.Build.0 = Release|x86
		{571379BF-7B21-4FF5-A531-A2E680B8578E}.Release|x86.Deploy.0 = Release|x86
		{603865D9-1275-43EC-977A-509980D14613}.Ad-Hoc|Any CPU.ActiveCfg = Release|Any CPU
		{603865D9-1275-43EC-977A-509980D14613}.Ad-Hoc|Any CPU.Build.0 = Release|Any CPU
		{603865D9-1275-43EC-977A-509980D14613}.Ad-Hoc|Any CPU.Deploy.0 = Release|Any CPU
		{603865D9-1275-43EC-977A-509980D14613}.Ad-Hoc|ARM.ActiveCfg = Release|ARM
		{603865D9-1275-43EC-977A-509980D14613}.Ad-Hoc|ARM.Build.0 = Release|ARM
		{603865D9-1275-43EC-977A-509980D14613}.Ad-Hoc|ARM.Deploy.0 = Release|ARM
		{603865D9-1275-43EC-977A-509980D14613}.Ad-Hoc|iPhone.ActiveCfg = Release|Any CPU
		{603865D9-1275-43EC-977A-509980D14613}.Ad-Hoc|iPhone.Build.0 = Release|Any CPU
		{603865D9-1275-43EC-977A-509980D14613}.Ad-Hoc|iPhone.Deploy.0 = Release|Any CPU
		{603865D9-1275-43EC-977A-509980D14613}.Ad-Hoc|iPhoneSimulator.ActiveCfg = Release|Any CPU
		{603865D9-1275-43EC-977A-509980D14613}.Ad-Hoc|iPhoneSimulator.Build.0 = Release|Any CPU
		{603865D9-1275-43EC-977A-509980D14613}.Ad-Hoc|iPhoneSimulator.Deploy.0 = Release|Any CPU
		{603865D9-1275-43EC-977A-509980D14613}.Ad-Hoc|x64.ActiveCfg = Release|x64
		{603865D9-1275-43EC-977A-509980D14613}.Ad-Hoc|x64.Build.0 = Release|x64
		{603865D9-1275-43EC-977A-509980D14613}.Ad-Hoc|x64.Deploy.0 = Release|x64
		{603865D9-1275-43EC-977A-509980D14613}.Ad-Hoc|x86.ActiveCfg = Release|x86
		{603865D9-1275-43EC-977A-509980D14613}.Ad-Hoc|x86.Build.0 = Release|x86
		{603865D9-1275-43EC-977A-509980D14613}.Ad-Hoc|x86.Deploy.0 = Release|x86
		{603865D9-1275-43EC-977A-509980D14613}.AppStore|Any CPU.ActiveCfg = Release|Any CPU
		{603865D9-1275-43EC-977A-509980D14613}.AppStore|Any CPU.Build.0 = Release|Any CPU
		{603865D9-1275-43EC-977A-509980D14613}.AppStore|Any CPU.Deploy.0 = Release|Any CPU
		{603865D9-1275-43EC-977A-509980D14613}.AppStore|ARM.ActiveCfg = Release|ARM
		{603865D9-1275-43EC-977A-509980D14613}.AppStore|ARM.Build.0 = Release|ARM
		{603865D9-1275-43EC-977A-509980D14613}.AppStore|ARM.Deploy.0 = Release|ARM
		{603865D9-1275-43EC-977A-509980D14613}.AppStore|iPhone.ActiveCfg = Release|Any CPU
		{603865D9-1275-43EC-977A-509980D14613}.AppStore|iPhone.Build.0 = Release|Any CPU
		{603865D9-1275-43EC-977A-509980D14613}.AppStore|iPhone.Deploy.0 = Release|Any CPU
		{603865D9-1275-43EC-977A-509980D14613}.AppStore|iPhoneSimulator.ActiveCfg = Release|Any CPU
		{603865D9-1275-43EC-977A-509980D14613}.AppStore|iPhoneSimulator.Build.0 = Release|Any CPU
		{603865D9-1275-43EC-977A-509980D14613}.AppStore|iPhoneSimulator.Deploy.0 = Release|Any CPU
		{603865D9-1275-43EC-977A-509980D14613}.AppStore|x64.ActiveCfg = Release|x64
		{603865D9-1275-43EC-977A-509980D14613}.AppStore|x64.Build.0 = Release|x64
		{603865D9-1275-43EC-977A-509980D14613}.AppStore|x64.Deploy.0 = Release|x64
		{603865D9-1275-43EC-977A-509980D14613}.AppStore|x86.ActiveCfg = Release|x86
		{603865D9-1275-43EC-977A-509980D14613}.AppStore|x86.Build.0 = Release|x86
		{603865D9-1275-43EC-977A-509980D14613}.AppStore|x86.Deploy.0 = Release|x86
		{603865D9-1275-43EC-977A-509980D14613}.Debug|Any CPU.ActiveCfg = Debug|Any CPU
		{603865D9-1275-43EC-977A-509980D14613}.Debug|Any CPU.Build.0 = Debug|Any CPU
		{603865D9-1275-43EC-977A-509980D14613}.Debug|Any CPU.Deploy.0 = Debug|Any CPU
		{603865D9-1275-43EC-977A-509980D14613}.Debug|ARM.ActiveCfg = Debug|ARM
		{603865D9-1275-43EC-977A-509980D14613}.Debug|ARM.Build.0 = Debug|ARM
		{603865D9-1275-43EC-977A-509980D14613}.Debug|ARM.Deploy.0 = Debug|ARM
		{603865D9-1275-43EC-977A-509980D14613}.Debug|iPhone.ActiveCfg = Debug|Any CPU
		{603865D9-1275-43EC-977A-509980D14613}.Debug|iPhone.Build.0 = Debug|Any CPU
		{603865D9-1275-43EC-977A-509980D14613}.Debug|iPhone.Deploy.0 = Debug|Any CPU
		{603865D9-1275-43EC-977A-509980D14613}.Debug|iPhoneSimulator.ActiveCfg = Debug|Any CPU
		{603865D9-1275-43EC-977A-509980D14613}.Debug|iPhoneSimulator.Build.0 = Debug|Any CPU
		{603865D9-1275-43EC-977A-509980D14613}.Debug|iPhoneSimulator.Deploy.0 = Debug|Any CPU
		{603865D9-1275-43EC-977A-509980D14613}.Debug|x64.ActiveCfg = Debug|x64
		{603865D9-1275-43EC-977A-509980D14613}.Debug|x64.Build.0 = Debug|x64
		{603865D9-1275-43EC-977A-509980D14613}.Debug|x64.Deploy.0 = Debug|x64
		{603865D9-1275-43EC-977A-509980D14613}.Debug|x86.ActiveCfg = Debug|x86
		{603865D9-1275-43EC-977A-509980D14613}.Debug|x86.Build.0 = Debug|x86
		{603865D9-1275-43EC-977A-509980D14613}.Debug|x86.Deploy.0 = Debug|x86
		{603865D9-1275-43EC-977A-509980D14613}.Release|Any CPU.ActiveCfg = Release|Any CPU
		{603865D9-1275-43EC-977A-509980D14613}.Release|Any CPU.Build.0 = Release|Any CPU
		{603865D9-1275-43EC-977A-509980D14613}.Release|Any CPU.Deploy.0 = Release|Any CPU
		{603865D9-1275-43EC-977A-509980D14613}.Release|ARM.ActiveCfg = Release|ARM
		{603865D9-1275-43EC-977A-509980D14613}.Release|ARM.Build.0 = Release|ARM
		{603865D9-1275-43EC-977A-509980D14613}.Release|ARM.Deploy.0 = Release|ARM
		{603865D9-1275-43EC-977A-509980D14613}.Release|iPhone.ActiveCfg = Release|Any CPU
		{603865D9-1275-43EC-977A-509980D14613}.Release|iPhone.Build.0 = Release|Any CPU
		{603865D9-1275-43EC-977A-509980D14613}.Release|iPhone.Deploy.0 = Release|Any CPU
		{603865D9-1275-43EC-977A-509980D14613}.Release|iPhoneSimulator.ActiveCfg = Release|Any CPU
		{603865D9-1275-43EC-977A-509980D14613}.Release|iPhoneSimulator.Build.0 = Release|Any CPU
		{603865D9-1275-43EC-977A-509980D14613}.Release|iPhoneSimulator.Deploy.0 = Release|Any CPU
		{603865D9-1275-43EC-977A-509980D14613}.Release|x64.ActiveCfg = Release|x64
		{603865D9-1275-43EC-977A-509980D14613}.Release|x64.Build.0 = Release|x64
		{603865D9-1275-43EC-977A-509980D14613}.Release|x64.Deploy.0 = Release|x64
		{603865D9-1275-43EC-977A-509980D14613}.Release|x86.ActiveCfg = Release|x86
		{603865D9-1275-43EC-977A-509980D14613}.Release|x86.Build.0 = Release|x86
		{603865D9-1275-43EC-977A-509980D14613}.Release|x86.Deploy.0 = Release|x86
	EndGlobalSection
	GlobalSection(SolutionProperties) = preSolution
		HideSolutionNode = FALSE
	EndGlobalSection
EndGlobal
