
Microsoft Visual Studio Solution File, Format Version 12.00
# Visual Studio 14
VisualStudioVersion = 14.0.25123.0
MinimumVisualStudioVersion = 10.0.40219.1
Project("{FAE04EC0-301F-11D3-BF4B-00C04F79EFBC}") = "XamarinDeviceHelper.Droid", "XamarinDeviceHelper\XamarinDeviceHelper.Droid\XamarinDeviceHelper.Droid.csproj", "{181E3217-8DCF-4072-BD15-AAABFF307E6C}"
EndProject
Project("{FAE04EC0-301F-11D3-BF4B-00C04F79EFBC}") = "XamarinDeviceHelper.iOS", "XamarinDeviceHelper\XamarinDeviceHelper.iOS\XamarinDeviceHelper.iOS.csproj", "{6CFA556B-4C29-4606-8C5D-6DCB5A4399DB}"
EndProject
Project("{FAE04EC0-301F-11D3-BF4B-00C04F79EFBC}") = "XamarinDeviceHelper.WinPhone", "XamarinDeviceHelper\XamarinDeviceHelper.WinPhone\XamarinDeviceHelper.WinPhone.csproj", "{1E1D6374-C7B2-4D98-98EA-D38FBD6A73B4}"
EndProject
Project("{FAE04EC0-301F-11D3-BF4B-00C04F79EFBC}") = "XamarinDeviceHelper.Windows", "XamarinDeviceHelper\XamarinDeviceHelper.Windows\XamarinDeviceHelper.Windows.csproj", "{1C9E1830-BF95-480B-B001-8F6D0DD3974A}"
EndProject
Project("{FAE04EC0-301F-11D3-BF4B-00C04F79EFBC}") = "XamarinDeviceHelper", "XamarinDeviceHelper\XamarinDeviceHelper\XamarinDeviceHelper.csproj", "{A75ADF21-A504-4D60-A923-335A61E4319B}"
EndProject
Global
	GlobalSection(SolutionConfigurationPlatforms) = preSolution
		Ad-Hoc|Any CPU = Ad-Hoc|Any CPU
		Ad-Hoc|ARM = Ad-Hoc|ARM
		Ad-Hoc|iPhone = Ad-Hoc|iPhone
		Ad-Hoc|iPhoneSimulator = Ad-Hoc|iPhoneSimulator
		Ad-Hoc|x64 = Ad-Hoc|x64
		Ad-Hoc|x86 = Ad-Hoc|x86
		AppStore|Any CPU = AppStore|Any CPU
		AppStore|ARM = AppStore|ARM
		AppStore|iPhone = AppStore|iPhone
		AppStore|iPhoneSimulator = AppStore|iPhoneSimulator
		AppStore|x64 = AppStore|x64
		AppStore|x86 = AppStore|x86
		Debug|Any CPU = Debug|Any CPU
		Debug|ARM = Debug|ARM
		Debug|iPhone = Debug|iPhone
		Debug|iPhoneSimulator = Debug|iPhoneSimulator
		Debug|x64 = Debug|x64
		Debug|x86 = Debug|x86
		Release|Any CPU = Release|Any CPU
		Release|ARM = Release|ARM
		Release|iPhone = Release|iPhone
		Release|iPhoneSimulator = Release|iPhoneSimulator
		Release|x64 = Release|x64
		Release|x86 = Release|x86
	EndGlobalSection
	GlobalSection(ProjectConfigurationPlatforms) = postSolution
		{181E3217-8DCF-4072-BD15-AAABFF307E6C}.Ad-Hoc|Any CPU.ActiveCfg = Release|Any CPU
		{181E3217-8DCF-4072-BD15-AAABFF307E6C}.Ad-Hoc|Any CPU.Build.0 = Release|Any CPU
		{181E3217-8DCF-4072-BD15-AAABFF307E6C}.Ad-Hoc|Any CPU.Deploy.0 = Release|Any CPU
		{181E3217-8DCF-4072-BD15-AAABFF307E6C}.Ad-Hoc|ARM.ActiveCfg = Release|Any CPU
		{181E3217-8DCF-4072-BD15-AAABFF307E6C}.Ad-Hoc|ARM.Build.0 = Release|Any CPU
		{181E3217-8DCF-4072-BD15-AAABFF307E6C}.Ad-Hoc|ARM.Deploy.0 = Release|Any CPU
		{181E3217-8DCF-4072-BD15-AAABFF307E6C}.Ad-Hoc|iPhone.ActiveCfg = Release|Any CPU
		{181E3217-8DCF-4072-BD15-AAABFF307E6C}.Ad-Hoc|iPhone.Build.0 = Release|Any CPU
		{181E3217-8DCF-4072-BD15-AAABFF307E6C}.Ad-Hoc|iPhone.Deploy.0 = Release|Any CPU
		{181E3217-8DCF-4072-BD15-AAABFF307E6C}.Ad-Hoc|iPhoneSimulator.ActiveCfg = Release|Any CPU
		{181E3217-8DCF-4072-BD15-AAABFF307E6C}.Ad-Hoc|iPhoneSimulator.Build.0 = Release|Any CPU
		{181E3217-8DCF-4072-BD15-AAABFF307E6C}.Ad-Hoc|iPhoneSimulator.Deploy.0 = Release|Any CPU
		{181E3217-8DCF-4072-BD15-AAABFF307E6C}.Ad-Hoc|x64.ActiveCfg = Release|Any CPU
		{181E3217-8DCF-4072-BD15-AAABFF307E6C}.Ad-Hoc|x64.Build.0 = Release|Any CPU
		{181E3217-8DCF-4072-BD15-AAABFF307E6C}.Ad-Hoc|x64.Deploy.0 = Release|Any CPU
		{181E3217-8DCF-4072-BD15-AAABFF307E6C}.Ad-Hoc|x86.ActiveCfg = Release|Any CPU
		{181E3217-8DCF-4072-BD15-AAABFF307E6C}.Ad-Hoc|x86.Build.0 = Release|Any CPU
		{181E3217-8DCF-4072-BD15-AAABFF307E6C}.Ad-Hoc|x86.Deploy.0 = Release|Any CPU
		{181E3217-8DCF-4072-BD15-AAABFF307E6C}.AppStore|Any CPU.ActiveCfg = Release|Any CPU
		{181E3217-8DCF-4072-BD15-AAABFF307E6C}.AppStore|Any CPU.Build.0 = Release|Any CPU
		{181E3217-8DCF-4072-BD15-AAABFF307E6C}.AppStore|Any CPU.Deploy.0 = Release|Any CPU
		{181E3217-8DCF-4072-BD15-AAABFF307E6C}.AppStore|ARM.ActiveCfg = Release|Any CPU
		{181E3217-8DCF-4072-BD15-AAABFF307E6C}.AppStore|ARM.Build.0 = Release|Any CPU
		{181E3217-8DCF-4072-BD15-AAABFF307E6C}.AppStore|ARM.Deploy.0 = Release|Any CPU
		{181E3217-8DCF-4072-BD15-AAABFF307E6C}.AppStore|iPhone.ActiveCfg = Release|Any CPU
		{181E3217-8DCF-4072-BD15-AAABFF307E6C}.AppStore|iPhone.Build.0 = Release|Any CPU
		{181E3217-8DCF-4072-BD15-AAABFF307E6C}.AppStore|iPhone.Deploy.0 = Release|Any CPU
		{181E3217-8DCF-4072-BD15-AAABFF307E6C}.AppStore|iPhoneSimulator.ActiveCfg = Release|Any CPU
		{181E3217-8DCF-4072-BD15-AAABFF307E6C}.AppStore|iPhoneSimulator.Build.0 = Release|Any CPU
		{181E3217-8DCF-4072-BD15-AAABFF307E6C}.AppStore|iPhoneSimulator.Deploy.0 = Release|Any CPU
		{181E3217-8DCF-4072-BD15-AAABFF307E6C}.AppStore|x64.ActiveCfg = Release|Any CPU
		{181E3217-8DCF-4072-BD15-AAABFF307E6C}.AppStore|x64.Build.0 = Release|Any CPU
		{181E3217-8DCF-4072-BD15-AAABFF307E6C}.AppStore|x64.Deploy.0 = Release|Any CPU
		{181E3217-8DCF-4072-BD15-AAABFF307E6C}.AppStore|x86.ActiveCfg = Release|Any CPU
		{181E3217-8DCF-4072-BD15-AAABFF307E6C}.AppStore|x86.Build.0 = Release|Any CPU
		{181E3217-8DCF-4072-BD15-AAABFF307E6C}.AppStore|x86.Deploy.0 = Release|Any CPU
		{181E3217-8DCF-4072-BD15-AAABFF307E6C}.Debug|Any CPU.ActiveCfg = Debug|Any CPU
		{181E3217-8DCF-4072-BD15-AAABFF307E6C}.Debug|Any CPU.Build.0 = Debug|Any CPU
		{181E3217-8DCF-4072-BD15-AAABFF307E6C}.Debug|Any CPU.Deploy.0 = Debug|Any CPU
		{181E3217-8DCF-4072-BD15-AAABFF307E6C}.Debug|ARM.ActiveCfg = Debug|Any CPU
		{181E3217-8DCF-4072-BD15-AAABFF307E6C}.Debug|ARM.Build.0 = Debug|Any CPU
		{181E3217-8DCF-4072-BD15-AAABFF307E6C}.Debug|ARM.Deploy.0 = Debug|Any CPU
		{181E3217-8DCF-4072-BD15-AAABFF307E6C}.Debug|iPhone.ActiveCfg = Debug|Any CPU
		{181E3217-8DCF-4072-BD15-AAABFF307E6C}.Debug|iPhone.Build.0 = Debug|Any CPU
		{181E3217-8DCF-4072-BD15-AAABFF307E6C}.Debug|iPhone.Deploy.0 = Debug|Any CPU
		{181E3217-8DCF-4072-BD15-AAABFF307E6C}.Debug|iPhoneSimulator.ActiveCfg = Debug|Any CPU
		{181E3217-8DCF-4072-BD15-AAABFF307E6C}.Debug|iPhoneSimulator.Build.0 = Debug|Any CPU
		{181E3217-8DCF-4072-BD15-AAABFF307E6C}.Debug|iPhoneSimulator.Deploy.0 = Debug|Any CPU
		{181E3217-8DCF-4072-BD15-AAABFF307E6C}.Debug|x64.ActiveCfg = Debug|Any CPU
		{181E3217-8DCF-4072-BD15-AAABFF307E6C}.Debug|x64.Build.0 = Debug|Any CPU
		{181E3217-8DCF-4072-BD15-AAABFF307E6C}.Debug|x64.Deploy.0 = Debug|Any CPU
		{181E3217-8DCF-4072-BD15-AAABFF307E6C}.Debug|x86.ActiveCfg = Debug|Any CPU
		{181E3217-8DCF-4072-BD15-AAABFF307E6C}.Debug|x86.Build.0 = Debug|Any CPU
		{181E3217-8DCF-4072-BD15-AAABFF307E6C}.Debug|x86.Deploy.0 = Debug|Any CPU
		{181E3217-8DCF-4072-BD15-AAABFF307E6C}.Release|Any CPU.ActiveCfg = Release|Any CPU
		{181E3217-8DCF-4072-BD15-AAABFF307E6C}.Release|Any CPU.Build.0 = Release|Any CPU
		{181E3217-8DCF-4072-BD15-AAABFF307E6C}.Release|Any CPU.Deploy.0 = Release|Any CPU
		{181E3217-8DCF-4072-BD15-AAABFF307E6C}.Release|ARM.ActiveCfg = Release|Any CPU
		{181E3217-8DCF-4072-BD15-AAABFF307E6C}.Release|ARM.Build.0 = Release|Any CPU
		{181E3217-8DCF-4072-BD15-AAABFF307E6C}.Release|ARM.Deploy.0 = Release|Any CPU
		{181E3217-8DCF-4072-BD15-AAABFF307E6C}.Release|iPhone.ActiveCfg = Release|Any CPU
		{181E3217-8DCF-4072-BD15-AAABFF307E6C}.Release|iPhone.Build.0 = Release|Any CPU
		{181E3217-8DCF-4072-BD15-AAABFF307E6C}.Release|iPhone.Deploy.0 = Release|Any CPU
		{181E3217-8DCF-4072-BD15-AAABFF307E6C}.Release|iPhoneSimulator.ActiveCfg = Release|Any CPU
		{181E3217-8DCF-4072-BD15-AAABFF307E6C}.Release|iPhoneSimulator.Build.0 = Release|Any CPU
		{181E3217-8DCF-4072-BD15-AAABFF307E6C}.Release|iPhoneSimulator.Deploy.0 = Release|Any CPU
		{181E3217-8DCF-4072-BD15-AAABFF307E6C}.Release|x64.ActiveCfg = Release|Any CPU
		{181E3217-8DCF-4072-BD15-AAABFF307E6C}.Release|x64.Build.0 = Release|Any CPU
		{181E3217-8DCF-4072-BD15-AAABFF307E6C}.Release|x64.Deploy.0 = Release|Any CPU
		{181E3217-8DCF-4072-BD15-AAABFF307E6C}.Release|x86.ActiveCfg = Release|Any CPU
		{181E3217-8DCF-4072-BD15-AAABFF307E6C}.Release|x86.Build.0 = Release|Any CPU
		{181E3217-8DCF-4072-BD15-AAABFF307E6C}.Release|x86.Deploy.0 = Release|Any CPU
		{6CFA556B-4C29-4606-8C5D-6DCB5A4399DB}.Ad-Hoc|Any CPU.ActiveCfg = Ad-Hoc|iPhone
		{6CFA556B-4C29-4606-8C5D-6DCB5A4399DB}.Ad-Hoc|ARM.ActiveCfg = Ad-Hoc|iPhone
		{6CFA556B-4C29-4606-8C5D-6DCB5A4399DB}.Ad-Hoc|iPhone.ActiveCfg = Ad-Hoc|iPhone
		{6CFA556B-4C29-4606-8C5D-6DCB5A4399DB}.Ad-Hoc|iPhone.Build.0 = Ad-Hoc|iPhone
		{6CFA556B-4C29-4606-8C5D-6DCB5A4399DB}.Ad-Hoc|iPhoneSimulator.ActiveCfg = Ad-Hoc|iPhoneSimulator
		{6CFA556B-4C29-4606-8C5D-6DCB5A4399DB}.Ad-Hoc|iPhoneSimulator.Build.0 = Ad-Hoc|iPhoneSimulator
		{6CFA556B-4C29-4606-8C5D-6DCB5A4399DB}.Ad-Hoc|x64.ActiveCfg = Ad-Hoc|iPhone
		{6CFA556B-4C29-4606-8C5D-6DCB5A4399DB}.Ad-Hoc|x86.ActiveCfg = Ad-Hoc|iPhone
		{6CFA556B-4C29-4606-8C5D-6DCB5A4399DB}.AppStore|Any CPU.ActiveCfg = AppStore|iPhone
		{6CFA556B-4C29-4606-8C5D-6DCB5A4399DB}.AppStore|ARM.ActiveCfg = AppStore|iPhone
		{6CFA556B-4C29-4606-8C5D-6DCB5A4399DB}.AppStore|iPhone.ActiveCfg = AppStore|iPhone
		{6CFA556B-4C29-4606-8C5D-6DCB5A4399DB}.AppStore|iPhone.Build.0 = AppStore|iPhone
		{6CFA556B-4C29-4606-8C5D-6DCB5A4399DB}.AppStore|iPhoneSimulator.ActiveCfg = AppStore|iPhoneSimulator
		{6CFA556B-4C29-4606-8C5D-6DCB5A4399DB}.AppStore|iPhoneSimulator.Build.0 = AppStore|iPhoneSimulator
		{6CFA556B-4C29-4606-8C5D-6DCB5A4399DB}.AppStore|x64.ActiveCfg = AppStore|iPhone
		{6CFA556B-4C29-4606-8C5D-6DCB5A4399DB}.AppStore|x86.ActiveCfg = AppStore|iPhone
		{6CFA556B-4C29-4606-8C5D-6DCB5A4399DB}.Debug|Any CPU.ActiveCfg = Debug|iPhone
		{6CFA556B-4C29-4606-8C5D-6DCB5A4399DB}.Debug|ARM.ActiveCfg = Debug|iPhone
		{6CFA556B-4C29-4606-8C5D-6DCB5A4399DB}.Debug|iPhone.ActiveCfg = Debug|iPhone
		{6CFA556B-4C29-4606-8C5D-6DCB5A4399DB}.Debug|iPhone.Build.0 = Debug|iPhone
		{6CFA556B-4C29-4606-8C5D-6DCB5A4399DB}.Debug|iPhoneSimulator.ActiveCfg = Debug|iPhoneSimulator
		{6CFA556B-4C29-4606-8C5D-6DCB5A4399DB}.Debug|iPhoneSimulator.Build.0 = Debug|iPhoneSimulator
		{6CFA556B-4C29-4606-8C5D-6DCB5A4399DB}.Debug|x64.ActiveCfg = Debug|iPhone
		{6CFA556B-4C29-4606-8C5D-6DCB5A4399DB}.Debug|x86.ActiveCfg = Debug|iPhone
		{6CFA556B-4C29-4606-8C5D-6DCB5A4399DB}.Release|Any CPU.ActiveCfg = Release|iPhone
		{6CFA556B-4C29-4606-8C5D-6DCB5A4399DB}.Release|ARM.ActiveCfg = Release|iPhone
		{6CFA556B-4C29-4606-8C5D-6DCB5A4399DB}.Release|iPhone.ActiveCfg = Release|iPhone
		{6CFA556B-4C29-4606-8C5D-6DCB5A4399DB}.Release|iPhone.Build.0 = Release|iPhone
		{6CFA556B-4C29-4606-8C5D-6DCB5A4399DB}.Release|iPhoneSimulator.ActiveCfg = Release|iPhoneSimulator
		{6CFA556B-4C29-4606-8C5D-6DCB5A4399DB}.Release|iPhoneSimulator.Build.0 = Release|iPhoneSimulator
		{6CFA556B-4C29-4606-8C5D-6DCB5A4399DB}.Release|x64.ActiveCfg = Release|iPhone
		{6CFA556B-4C29-4606-8C5D-6DCB5A4399DB}.Release|x86.ActiveCfg = Release|iPhone
		{1E1D6374-C7B2-4D98-98EA-D38FBD6A73B4}.Ad-Hoc|Any CPU.ActiveCfg = Release|Any CPU
		{1E1D6374-C7B2-4D98-98EA-D38FBD6A73B4}.Ad-Hoc|Any CPU.Build.0 = Release|Any CPU
		{1E1D6374-C7B2-4D98-98EA-D38FBD6A73B4}.Ad-Hoc|Any CPU.Deploy.0 = Release|Any CPU
		{1E1D6374-C7B2-4D98-98EA-D38FBD6A73B4}.Ad-Hoc|ARM.ActiveCfg = Release|ARM
		{1E1D6374-C7B2-4D98-98EA-D38FBD6A73B4}.Ad-Hoc|ARM.Build.0 = Release|ARM
		{1E1D6374-C7B2-4D98-98EA-D38FBD6A73B4}.Ad-Hoc|ARM.Deploy.0 = Release|ARM
		{1E1D6374-C7B2-4D98-98EA-D38FBD6A73B4}.Ad-Hoc|iPhone.ActiveCfg = Release|Any CPU
		{1E1D6374-C7B2-4D98-98EA-D38FBD6A73B4}.Ad-Hoc|iPhone.Build.0 = Release|Any CPU
		{1E1D6374-C7B2-4D98-98EA-D38FBD6A73B4}.Ad-Hoc|iPhone.Deploy.0 = Release|Any CPU
		{1E1D6374-C7B2-4D98-98EA-D38FBD6A73B4}.Ad-Hoc|iPhoneSimulator.ActiveCfg = Release|Any CPU
		{1E1D6374-C7B2-4D98-98EA-D38FBD6A73B4}.Ad-Hoc|iPhoneSimulator.Build.0 = Release|Any CPU
		{1E1D6374-C7B2-4D98-98EA-D38FBD6A73B4}.Ad-Hoc|iPhoneSimulator.Deploy.0 = Release|Any CPU
		{1E1D6374-C7B2-4D98-98EA-D38FBD6A73B4}.Ad-Hoc|x64.ActiveCfg = Release|Any CPU
		{1E1D6374-C7B2-4D98-98EA-D38FBD6A73B4}.Ad-Hoc|x64.Build.0 = Release|Any CPU
		{1E1D6374-C7B2-4D98-98EA-D38FBD6A73B4}.Ad-Hoc|x64.Deploy.0 = Release|Any CPU
		{1E1D6374-C7B2-4D98-98EA-D38FBD6A73B4}.Ad-Hoc|x86.ActiveCfg = Release|x86
		{1E1D6374-C7B2-4D98-98EA-D38FBD6A73B4}.Ad-Hoc|x86.Build.0 = Release|x86
		{1E1D6374-C7B2-4D98-98EA-D38FBD6A73B4}.Ad-Hoc|x86.Deploy.0 = Release|x86
		{1E1D6374-C7B2-4D98-98EA-D38FBD6A73B4}.AppStore|Any CPU.ActiveCfg = Release|Any CPU
		{1E1D6374-C7B2-4D98-98EA-D38FBD6A73B4}.AppStore|Any CPU.Build.0 = Release|Any CPU
		{1E1D6374-C7B2-4D98-98EA-D38FBD6A73B4}.AppStore|Any CPU.Deploy.0 = Release|Any CPU
		{1E1D6374-C7B2-4D98-98EA-D38FBD6A73B4}.AppStore|ARM.ActiveCfg = Release|ARM
		{1E1D6374-C7B2-4D98-98EA-D38FBD6A73B4}.AppStore|ARM.Build.0 = Release|ARM
		{1E1D6374-C7B2-4D98-98EA-D38FBD6A73B4}.AppStore|ARM.Deploy.0 = Release|ARM
		{1E1D6374-C7B2-4D98-98EA-D38FBD6A73B4}.AppStore|iPhone.ActiveCfg = Release|Any CPU
		{1E1D6374-C7B2-4D98-98EA-D38FBD6A73B4}.AppStore|iPhone.Build.0 = Release|Any CPU
		{1E1D6374-C7B2-4D98-98EA-D38FBD6A73B4}.AppStore|iPhone.Deploy.0 = Release|Any CPU
		{1E1D6374-C7B2-4D98-98EA-D38FBD6A73B4}.AppStore|iPhoneSimulator.ActiveCfg = Release|Any CPU
		{1E1D6374-C7B2-4D98-98EA-D38FBD6A73B4}.AppStore|iPhoneSimulator.Build.0 = Release|Any CPU
		{1E1D6374-C7B2-4D98-98EA-D38FBD6A73B4}.AppStore|iPhoneSimulator.Deploy.0 = Release|Any CPU
		{1E1D6374-C7B2-4D98-98EA-D38FBD6A73B4}.AppStore|x64.ActiveCfg = Release|Any CPU
		{1E1D6374-C7B2-4D98-98EA-D38FBD6A73B4}.AppStore|x64.Build.0 = Release|Any CPU
		{1E1D6374-C7B2-4D98-98EA-D38FBD6A73B4}.AppStore|x64.Deploy.0 = Release|Any CPU
		{1E1D6374-C7B2-4D98-98EA-D38FBD6A73B4}.AppStore|x86.ActiveCfg = Release|x86
		{1E1D6374-C7B2-4D98-98EA-D38FBD6A73B4}.AppStore|x86.Build.0 = Release|x86
		{1E1D6374-C7B2-4D98-98EA-D38FBD6A73B4}.AppStore|x86.Deploy.0 = Release|x86
		{1E1D6374-C7B2-4D98-98EA-D38FBD6A73B4}.Debug|Any CPU.ActiveCfg = Debug|Any CPU
		{1E1D6374-C7B2-4D98-98EA-D38FBD6A73B4}.Debug|Any CPU.Build.0 = Debug|Any CPU
		{1E1D6374-C7B2-4D98-98EA-D38FBD6A73B4}.Debug|Any CPU.Deploy.0 = Debug|Any CPU
		{1E1D6374-C7B2-4D98-98EA-D38FBD6A73B4}.Debug|ARM.ActiveCfg = Debug|ARM
		{1E1D6374-C7B2-4D98-98EA-D38FBD6A73B4}.Debug|ARM.Build.0 = Debug|ARM
		{1E1D6374-C7B2-4D98-98EA-D38FBD6A73B4}.Debug|ARM.Deploy.0 = Debug|ARM
		{1E1D6374-C7B2-4D98-98EA-D38FBD6A73B4}.Debug|iPhone.ActiveCfg = Debug|Any CPU
		{1E1D6374-C7B2-4D98-98EA-D38FBD6A73B4}.Debug|iPhone.Build.0 = Debug|Any CPU
		{1E1D6374-C7B2-4D98-98EA-D38FBD6A73B4}.Debug|iPhone.Deploy.0 = Debug|Any CPU
		{1E1D6374-C7B2-4D98-98EA-D38FBD6A73B4}.Debug|iPhoneSimulator.ActiveCfg = Debug|Any CPU
		{1E1D6374-C7B2-4D98-98EA-D38FBD6A73B4}.Debug|iPhoneSimulator.Build.0 = Debug|Any CPU
		{1E1D6374-C7B2-4D98-98EA-D38FBD6A73B4}.Debug|iPhoneSimulator.Deploy.0 = Debug|Any CPU
		{1E1D6374-C7B2-4D98-98EA-D38FBD6A73B4}.Debug|x64.ActiveCfg = Debug|Any CPU
		{1E1D6374-C7B2-4D98-98EA-D38FBD6A73B4}.Debug|x64.Build.0 = Debug|Any CPU
		{1E1D6374-C7B2-4D98-98EA-D38FBD6A73B4}.Debug|x64.Deploy.0 = Debug|Any CPU
		{1E1D6374-C7B2-4D98-98EA-D38FBD6A73B4}.Debug|x86.ActiveCfg = Debug|x86
		{1E1D6374-C7B2-4D98-98EA-D38FBD6A73B4}.Debug|x86.Build.0 = Debug|x86
		{1E1D6374-C7B2-4D98-98EA-D38FBD6A73B4}.Debug|x86.Deploy.0 = Debug|x86
		{1E1D6374-C7B2-4D98-98EA-D38FBD6A73B4}.Release|Any CPU.ActiveCfg = Release|Any CPU
		{1E1D6374-C7B2-4D98-98EA-D38FBD6A73B4}.Release|Any CPU.Build.0 = Release|Any CPU
		{1E1D6374-C7B2-4D98-98EA-D38FBD6A73B4}.Release|Any CPU.Deploy.0 = Release|Any CPU
		{1E1D6374-C7B2-4D98-98EA-D38FBD6A73B4}.Release|ARM.ActiveCfg = Release|ARM
		{1E1D6374-C7B2-4D98-98EA-D38FBD6A73B4}.Release|ARM.Build.0 = Release|ARM
		{1E1D6374-C7B2-4D98-98EA-D38FBD6A73B4}.Release|ARM.Deploy.0 = Release|ARM
		{1E1D6374-C7B2-4D98-98EA-D38FBD6A73B4}.Release|iPhone.ActiveCfg = Release|Any CPU
		{1E1D6374-C7B2-4D98-98EA-D38FBD6A73B4}.Release|iPhone.Build.0 = Release|Any CPU
		{1E1D6374-C7B2-4D98-98EA-D38FBD6A73B4}.Release|iPhone.Deploy.0 = Release|Any CPU
		{1E1D6374-C7B2-4D98-98EA-D38FBD6A73B4}.Release|iPhoneSimulator.ActiveCfg = Release|Any CPU
		{1E1D6374-C7B2-4D98-98EA-D38FBD6A73B4}.Release|iPhoneSimulator.Build.0 = Release|Any CPU
		{1E1D6374-C7B2-4D98-98EA-D38FBD6A73B4}.Release|iPhoneSimulator.Deploy.0 = Release|Any CPU
		{1E1D6374-C7B2-4D98-98EA-D38FBD6A73B4}.Release|x64.ActiveCfg = Release|Any CPU
		{1E1D6374-C7B2-4D98-98EA-D38FBD6A73B4}.Release|x64.Build.0 = Release|Any CPU
		{1E1D6374-C7B2-4D98-98EA-D38FBD6A73B4}.Release|x64.Deploy.0 = Release|Any CPU
		{1E1D6374-C7B2-4D98-98EA-D38FBD6A73B4}.Release|x86.ActiveCfg = Release|x86
		{1E1D6374-C7B2-4D98-98EA-D38FBD6A73B4}.Release|x86.Build.0 = Release|x86
		{1E1D6374-C7B2-4D98-98EA-D38FBD6A73B4}.Release|x86.Deploy.0 = Release|x86
		{1C9E1830-BF95-480B-B001-8F6D0DD3974A}.Ad-Hoc|Any CPU.ActiveCfg = Release|Any CPU
		{1C9E1830-BF95-480B-B001-8F6D0DD3974A}.Ad-Hoc|Any CPU.Build.0 = Release|Any CPU
		{1C9E1830-BF95-480B-B001-8F6D0DD3974A}.Ad-Hoc|Any CPU.Deploy.0 = Release|Any CPU
		{1C9E1830-BF95-480B-B001-8F6D0DD3974A}.Ad-Hoc|ARM.ActiveCfg = Release|ARM
		{1C9E1830-BF95-480B-B001-8F6D0DD3974A}.Ad-Hoc|ARM.Build.0 = Release|ARM
		{1C9E1830-BF95-480B-B001-8F6D0DD3974A}.Ad-Hoc|ARM.Deploy.0 = Release|ARM
		{1C9E1830-BF95-480B-B001-8F6D0DD3974A}.Ad-Hoc|iPhone.ActiveCfg = Release|Any CPU
		{1C9E1830-BF95-480B-B001-8F6D0DD3974A}.Ad-Hoc|iPhone.Build.0 = Release|Any CPU
		{1C9E1830-BF95-480B-B001-8F6D0DD3974A}.Ad-Hoc|iPhone.Deploy.0 = Release|Any CPU
		{1C9E1830-BF95-480B-B001-8F6D0DD3974A}.Ad-Hoc|iPhoneSimulator.ActiveCfg = Release|Any CPU
		{1C9E1830-BF95-480B-B001-8F6D0DD3974A}.Ad-Hoc|iPhoneSimulator.Build.0 = Release|Any CPU
		{1C9E1830-BF95-480B-B001-8F6D0DD3974A}.Ad-Hoc|iPhoneSimulator.Deploy.0 = Release|Any CPU
		{1C9E1830-BF95-480B-B001-8F6D0DD3974A}.Ad-Hoc|x64.ActiveCfg = Release|x64
		{1C9E1830-BF95-480B-B001-8F6D0DD3974A}.Ad-Hoc|x64.Build.0 = Release|x64
		{1C9E1830-BF95-480B-B001-8F6D0DD3974A}.Ad-Hoc|x64.Deploy.0 = Release|x64
		{1C9E1830-BF95-480B-B001-8F6D0DD3974A}.Ad-Hoc|x86.ActiveCfg = Release|x86
		{1C9E1830-BF95-480B-B001-8F6D0DD3974A}.Ad-Hoc|x86.Build.0 = Release|x86
		{1C9E1830-BF95-480B-B001-8F6D0DD3974A}.Ad-Hoc|x86.Deploy.0 = Release|x86
		{1C9E1830-BF95-480B-B001-8F6D0DD3974A}.AppStore|Any CPU.ActiveCfg = Release|Any CPU
		{1C9E1830-BF95-480B-B001-8F6D0DD3974A}.AppStore|Any CPU.Build.0 = Release|Any CPU
		{1C9E1830-BF95-480B-B001-8F6D0DD3974A}.AppStore|Any CPU.Deploy.0 = Release|Any CPU
		{1C9E1830-BF95-480B-B001-8F6D0DD3974A}.AppStore|ARM.ActiveCfg = Release|ARM
		{1C9E1830-BF95-480B-B001-8F6D0DD3974A}.AppStore|ARM.Build.0 = Release|ARM
		{1C9E1830-BF95-480B-B001-8F6D0DD3974A}.AppStore|ARM.Deploy.0 = Release|ARM
		{1C9E1830-BF95-480B-B001-8F6D0DD3974A}.AppStore|iPhone.ActiveCfg = Release|Any CPU
		{1C9E1830-BF95-480B-B001-8F6D0DD3974A}.AppStore|iPhone.Build.0 = Release|Any CPU
		{1C9E1830-BF95-480B-B001-8F6D0DD3974A}.AppStore|iPhone.Deploy.0 = Release|Any CPU
		{1C9E1830-BF95-480B-B001-8F6D0DD3974A}.AppStore|iPhoneSimulator.ActiveCfg = Release|Any CPU
		{1C9E1830-BF95-480B-B001-8F6D0DD3974A}.AppStore|iPhoneSimulator.Build.0 = Release|Any CPU
		{1C9E1830-BF95-480B-B001-8F6D0DD3974A}.AppStore|iPhoneSimulator.Deploy.0 = Release|Any CPU
		{1C9E1830-BF95-480B-B001-8F6D0DD3974A}.AppStore|x64.ActiveCfg = Release|x64
		{1C9E1830-BF95-480B-B001-8F6D0DD3974A}.AppStore|x64.Build.0 = Release|x64
		{1C9E1830-BF95-480B-B001-8F6D0DD3974A}.AppStore|x64.Deploy.0 = Release|x64
		{1C9E1830-BF95-480B-B001-8F6D0DD3974A}.AppStore|x86.ActiveCfg = Release|x86
		{1C9E1830-BF95-480B-B001-8F6D0DD3974A}.AppStore|x86.Build.0 = Release|x86
		{1C9E1830-BF95-480B-B001-8F6D0DD3974A}.AppStore|x86.Deploy.0 = Release|x86
		{1C9E1830-BF95-480B-B001-8F6D0DD3974A}.Debug|Any CPU.ActiveCfg = Debug|Any CPU
		{1C9E1830-BF95-480B-B001-8F6D0DD3974A}.Debug|Any CPU.Build.0 = Debug|Any CPU
		{1C9E1830-BF95-480B-B001-8F6D0DD3974A}.Debug|Any CPU.Deploy.0 = Debug|Any CPU
		{1C9E1830-BF95-480B-B001-8F6D0DD3974A}.Debug|ARM.ActiveCfg = Debug|ARM
		{1C9E1830-BF95-480B-B001-8F6D0DD3974A}.Debug|ARM.Build.0 = Debug|ARM
		{1C9E1830-BF95-480B-B001-8F6D0DD3974A}.Debug|ARM.Deploy.0 = Debug|ARM
		{1C9E1830-BF95-480B-B001-8F6D0DD3974A}.Debug|iPhone.ActiveCfg = Debug|Any CPU
		{1C9E1830-BF95-480B-B001-8F6D0DD3974A}.Debug|iPhone.Build.0 = Debug|Any CPU
		{1C9E1830-BF95-480B-B001-8F6D0DD3974A}.Debug|iPhone.Deploy.0 = Debug|Any CPU
		{1C9E1830-BF95-480B-B001-8F6D0DD3974A}.Debug|iPhoneSimulator.ActiveCfg = Debug|Any CPU
		{1C9E1830-BF95-480B-B001-8F6D0DD3974A}.Debug|iPhoneSimulator.Build.0 = Debug|Any CPU
		{1C9E1830-BF95-480B-B001-8F6D0DD3974A}.Debug|iPhoneSimulator.Deploy.0 = Debug|Any CPU
		{1C9E1830-BF95-480B-B001-8F6D0DD3974A}.Debug|x64.ActiveCfg = Debug|x64
		{1C9E1830-BF95-480B-B001-8F6D0DD3974A}.Debug|x64.Build.0 = Debug|x64
		{1C9E1830-BF95-480B-B001-8F6D0DD3974A}.Debug|x64.Deploy.0 = Debug|x64
		{1C9E1830-BF95-480B-B001-8F6D0DD3974A}.Debug|x86.ActiveCfg = Debug|x86
		{1C9E1830-BF95-480B-B001-8F6D0DD3974A}.Debug|x86.Build.0 = Debug|x86
		{1C9E1830-BF95-480B-B001-8F6D0DD3974A}.Debug|x86.Deploy.0 = Debug|x86
		{1C9E1830-BF95-480B-B001-8F6D0DD3974A}.Release|Any CPU.ActiveCfg = Release|Any CPU
		{1C9E1830-BF95-480B-B001-8F6D0DD3974A}.Release|Any CPU.Build.0 = Release|Any CPU
		{1C9E1830-BF95-480B-B001-8F6D0DD3974A}.Release|Any CPU.Deploy.0 = Release|Any CPU
		{1C9E1830-BF95-480B-B001-8F6D0DD3974A}.Release|ARM.ActiveCfg = Release|ARM
		{1C9E1830-BF95-480B-B001-8F6D0DD3974A}.Release|ARM.Build.0 = Release|ARM
		{1C9E1830-BF95-480B-B001-8F6D0DD3974A}.Release|ARM.Deploy.0 = Release|ARM
		{1C9E1830-BF95-480B-B001-8F6D0DD3974A}.Release|iPhone.ActiveCfg = Release|Any CPU
		{1C9E1830-BF95-480B-B001-8F6D0DD3974A}.Release|iPhone.Build.0 = Release|Any CPU
		{1C9E1830-BF95-480B-B001-8F6D0DD3974A}.Release|iPhone.Deploy.0 = Release|Any CPU
		{1C9E1830-BF95-480B-B001-8F6D0DD3974A}.Release|iPhoneSimulator.ActiveCfg = Release|Any CPU
		{1C9E1830-BF95-480B-B001-8F6D0DD3974A}.Release|iPhoneSimulator.Build.0 = Release|Any CPU
		{1C9E1830-BF95-480B-B001-8F6D0DD3974A}.Release|iPhoneSimulator.Deploy.0 = Release|Any CPU
		{1C9E1830-BF95-480B-B001-8F6D0DD3974A}.Release|x64.ActiveCfg = Release|x64
		{1C9E1830-BF95-480B-B001-8F6D0DD3974A}.Release|x64.Build.0 = Release|x64
		{1C9E1830-BF95-480B-B001-8F6D0DD3974A}.Release|x64.Deploy.0 = Release|x64
		{1C9E1830-BF95-480B-B001-8F6D0DD3974A}.Release|x86.ActiveCfg = Release|x86
		{1C9E1830-BF95-480B-B001-8F6D0DD3974A}.Release|x86.Build.0 = Release|x86
		{1C9E1830-BF95-480B-B001-8F6D0DD3974A}.Release|x86.Deploy.0 = Release|x86
		{A75ADF21-A504-4D60-A923-335A61E4319B}.Ad-Hoc|Any CPU.ActiveCfg = Release|Any CPU
		{A75ADF21-A504-4D60-A923-335A61E4319B}.Ad-Hoc|Any CPU.Build.0 = Release|Any CPU
		{A75ADF21-A504-4D60-A923-335A61E4319B}.Ad-Hoc|ARM.ActiveCfg = Release|Any CPU
		{A75ADF21-A504-4D60-A923-335A61E4319B}.Ad-Hoc|ARM.Build.0 = Release|Any CPU
		{A75ADF21-A504-4D60-A923-335A61E4319B}.Ad-Hoc|iPhone.ActiveCfg = Release|Any CPU
		{A75ADF21-A504-4D60-A923-335A61E4319B}.Ad-Hoc|iPhone.Build.0 = Release|Any CPU
		{A75ADF21-A504-4D60-A923-335A61E4319B}.Ad-Hoc|iPhoneSimulator.ActiveCfg = Release|Any CPU
		{A75ADF21-A504-4D60-A923-335A61E4319B}.Ad-Hoc|iPhoneSimulator.Build.0 = Release|Any CPU
		{A75ADF21-A504-4D60-A923-335A61E4319B}.Ad-Hoc|x64.ActiveCfg = Release|Any CPU
		{A75ADF21-A504-4D60-A923-335A61E4319B}.Ad-Hoc|x64.Build.0 = Release|Any CPU
		{A75ADF21-A504-4D60-A923-335A61E4319B}.Ad-Hoc|x86.ActiveCfg = Release|Any CPU
		{A75ADF21-A504-4D60-A923-335A61E4319B}.Ad-Hoc|x86.Build.0 = Release|Any CPU
		{A75ADF21-A504-4D60-A923-335A61E4319B}.AppStore|Any CPU.ActiveCfg = Release|Any CPU
		{A75ADF21-A504-4D60-A923-335A61E4319B}.AppStore|Any CPU.Build.0 = Release|Any CPU
		{A75ADF21-A504-4D60-A923-335A61E4319B}.AppStore|ARM.ActiveCfg = Release|Any CPU
		{A75ADF21-A504-4D60-A923-335A61E4319B}.AppStore|ARM.Build.0 = Release|Any CPU
		{A75ADF21-A504-4D60-A923-335A61E4319B}.AppStore|iPhone.ActiveCfg = Release|Any CPU
		{A75ADF21-A504-4D60-A923-335A61E4319B}.AppStore|iPhone.Build.0 = Release|Any CPU
		{A75ADF21-A504-4D60-A923-335A61E4319B}.AppStore|iPhoneSimulator.ActiveCfg = Release|Any CPU
		{A75ADF21-A504-4D60-A923-335A61E4319B}.AppStore|iPhoneSimulator.Build.0 = Release|Any CPU
		{A75ADF21-A504-4D60-A923-335A61E4319B}.AppStore|x64.ActiveCfg = Release|Any CPU
		{A75ADF21-A504-4D60-A923-335A61E4319B}.AppStore|x64.Build.0 = Release|Any CPU
		{A75ADF21-A504-4D60-A923-335A61E4319B}.AppStore|x86.ActiveCfg = Release|Any CPU
		{A75ADF21-A504-4D60-A923-335A61E4319B}.AppStore|x86.Build.0 = Release|Any CPU
		{A75ADF21-A504-4D60-A923-335A61E4319B}.Debug|Any CPU.ActiveCfg = Debug|Any CPU
		{A75ADF21-A504-4D60-A923-335A61E4319B}.Debug|Any CPU.Build.0 = Debug|Any CPU
		{A75ADF21-A504-4D60-A923-335A61E4319B}.Debug|ARM.ActiveCfg = Debug|Any CPU
		{A75ADF21-A504-4D60-A923-335A61E4319B}.Debug|ARM.Build.0 = Debug|Any CPU
		{A75ADF21-A504-4D60-A923-335A61E4319B}.Debug|iPhone.ActiveCfg = Debug|Any CPU
		{A75ADF21-A504-4D60-A923-335A61E4319B}.Debug|iPhone.Build.0 = Debug|Any CPU
		{A75ADF21-A504-4D60-A923-335A61E4319B}.Debug|iPhoneSimulator.ActiveCfg = Debug|Any CPU
		{A75ADF21-A504-4D60-A923-335A61E4319B}.Debug|iPhoneSimulator.Build.0 = Debug|Any CPU
		{A75ADF21-A504-4D60-A923-335A61E4319B}.Debug|x64.ActiveCfg = Debug|Any CPU
		{A75ADF21-A504-4D60-A923-335A61E4319B}.Debug|x64.Build.0 = Debug|Any CPU
		{A75ADF21-A504-4D60-A923-335A61E4319B}.Debug|x86.ActiveCfg = Debug|Any CPU
		{A75ADF21-A504-4D60-A923-335A61E4319B}.Debug|x86.Build.0 = Debug|Any CPU
		{A75ADF21-A504-4D60-A923-335A61E4319B}.Release|Any CPU.ActiveCfg = Release|Any CPU
		{A75ADF21-A504-4D60-A923-335A61E4319B}.Release|Any CPU.Build.0 = Release|Any CPU
		{A75ADF21-A504-4D60-A923-335A61E4319B}.Release|ARM.ActiveCfg = Release|Any CPU
		{A75ADF21-A504-4D60-A923-335A61E4319B}.Release|ARM.Build.0 = Release|Any CPU
		{A75ADF21-A504-4D60-A923-335A61E4319B}.Release|iPhone.ActiveCfg = Release|Any CPU
		{A75ADF21-A504-4D60-A923-335A61E4319B}.Release|iPhone.Build.0 = Release|Any CPU
		{A75ADF21-A504-4D60-A923-335A61E4319B}.Release|iPhoneSimulator.ActiveCfg = Release|Any CPU
		{A75ADF21-A504-4D60-A923-335A61E4319B}.Release|iPhoneSimulator.Build.0 = Release|Any CPU
		{A75ADF21-A504-4D60-A923-335A61E4319B}.Release|x64.ActiveCfg = Release|Any CPU
		{A75ADF21-A504-4D60-A923-335A61E4319B}.Release|x64.Build.0 = Release|Any CPU
		{A75ADF21-A504-4D60-A923-335A61E4319B}.Release|x86.ActiveCfg = Release|Any CPU
		{A75ADF21-A504-4D60-A923-335A61E4319B}.Release|x86.Build.0 = Release|Any CPU
	EndGlobalSection
	GlobalSection(SolutionProperties) = preSolution
		HideSolutionNode = FALSE
	EndGlobalSection
EndGlobal
