
Microsoft Visual Studio Solution File, Format Version 12.00
# Visual Studio 14
VisualStudioVersion = 14.0.25420.1
MinimumVisualStudioVersion = 10.0.40219.1
Project("{FAE04EC0-301F-11D3-BF4B-00C04F79EFBC}") = "XamarinReader", "XamarinReader\XamarinReader\XamarinReader.csproj", "{C119BE3A-8A01-434D-B819-7D1E6A2643B0}"
EndProject
Project("{FAE04EC0-301F-11D3-BF4B-00C04F79EFBC}") = "XamarinReader.Droid", "XamarinReader\XamarinReader.Droid\XamarinReader.Droid.csproj", "{8B201943-7C87-46EF-B788-7B2922BB7757}"
EndProject
Project("{FAE04EC0-301F-11D3-BF4B-00C04F79EFBC}") = "XamarinReader.iOS", "XamarinReader\XamarinReader.iOS\XamarinReader.iOS.csproj", "{C56C4705-B234-40D1-953A-4624E24025C4}"
EndProject
Project("{FAE04EC0-301F-11D3-BF4B-00C04F79EFBC}") = "XamarinReader.WinPhone", "XamarinReader\XamarinReader.WinPhone\XamarinReader.WinPhone.csproj", "{29928554-4854-4132-BC2F-BF8D98BFEF6C}"
EndProject
Project("{FAE04EC0-301F-11D3-BF4B-00C04F79EFBC}") = "XamarinReader.Windows", "XamarinReader\XamarinReader.Windows\XamarinReader.Windows.csproj", "{B49C1D48-720A-44D3-BDD1-8BD23A139C1E}"
EndProject
Global
	GlobalSection(SolutionConfigurationPlatforms) = preSolution
		Ad-Hoc|Any CPU = Ad-Hoc|Any CPU
		Ad-Hoc|ARM = Ad-Hoc|ARM
		Ad-Hoc|iPhone = Ad-Hoc|iPhone
		Ad-Hoc|iPhoneSimulator = Ad-Hoc|iPhoneSimulator
		Ad-Hoc|x64 = Ad-Hoc|x64
		Ad-Hoc|x86 = Ad-Hoc|x86
		AppStore|Any CPU = AppStore|Any CPU
		AppStore|ARM = AppStore|ARM
		AppStore|iPhone = AppStore|iPhone
		AppStore|iPhoneSimulator = AppStore|iPhoneSimulator
		AppStore|x64 = AppStore|x64
		AppStore|x86 = AppStore|x86
		Debug|Any CPU = Debug|Any CPU
		Debug|ARM = Debug|ARM
		Debug|iPhone = Debug|iPhone
		Debug|iPhoneSimulator = Debug|iPhoneSimulator
		Debug|x64 = Debug|x64
		Debug|x86 = Debug|x86
		Release|Any CPU = Release|Any CPU
		Release|ARM = Release|ARM
		Release|iPhone = Release|iPhone
		Release|iPhoneSimulator = Release|iPhoneSimulator
		Release|x64 = Release|x64
		Release|x86 = Release|x86
	EndGlobalSection
	GlobalSection(ProjectConfigurationPlatforms) = postSolution
		{C119BE3A-8A01-434D-B819-7D1E6A2643B0}.Ad-Hoc|Any CPU.ActiveCfg = Release|Any CPU
		{C119BE3A-8A01-434D-B819-7D1E6A2643B0}.Ad-Hoc|Any CPU.Build.0 = Release|Any CPU
		{C119BE3A-8A01-434D-B819-7D1E6A2643B0}.Ad-Hoc|ARM.ActiveCfg = Release|Any CPU
		{C119BE3A-8A01-434D-B819-7D1E6A2643B0}.Ad-Hoc|ARM.Build.0 = Release|Any CPU
		{C119BE3A-8A01-434D-B819-7D1E6A2643B0}.Ad-Hoc|iPhone.ActiveCfg = Release|Any CPU
		{C119BE3A-8A01-434D-B819-7D1E6A2643B0}.Ad-Hoc|iPhone.Build.0 = Release|Any CPU
		{C119BE3A-8A01-434D-B819-7D1E6A2643B0}.Ad-Hoc|iPhoneSimulator.ActiveCfg = Release|Any CPU
		{C119BE3A-8A01-434D-B819-7D1E6A2643B0}.Ad-Hoc|iPhoneSimulator.Build.0 = Release|Any CPU
		{C119BE3A-8A01-434D-B819-7D1E6A2643B0}.Ad-Hoc|x64.ActiveCfg = Release|Any CPU
		{C119BE3A-8A01-434D-B819-7D1E6A2643B0}.Ad-Hoc|x64.Build.0 = Release|Any CPU
		{C119BE3A-8A01-434D-B819-7D1E6A2643B0}.Ad-Hoc|x86.ActiveCfg = Release|Any CPU
		{C119BE3A-8A01-434D-B819-7D1E6A2643B0}.Ad-Hoc|x86.Build.0 = Release|Any CPU
		{C119BE3A-8A01-434D-B819-7D1E6A2643B0}.AppStore|Any CPU.ActiveCfg = Release|Any CPU
		{C119BE3A-8A01-434D-B819-7D1E6A2643B0}.AppStore|Any CPU.Build.0 = Release|Any CPU
		{C119BE3A-8A01-434D-B819-7D1E6A2643B0}.AppStore|ARM.ActiveCfg = Release|Any CPU
		{C119BE3A-8A01-434D-B819-7D1E6A2643B0}.AppStore|ARM.Build.0 = Release|Any CPU
		{C119BE3A-8A01-434D-B819-7D1E6A2643B0}.AppStore|iPhone.ActiveCfg = Release|Any CPU
		{C119BE3A-8A01-434D-B819-7D1E6A2643B0}.AppStore|iPhone.Build.0 = Release|Any CPU
		{C119BE3A-8A01-434D-B819-7D1E6A2643B0}.AppStore|iPhoneSimulator.ActiveCfg = Release|Any CPU
		{C119BE3A-8A01-434D-B819-7D1E6A2643B0}.AppStore|iPhoneSimulator.Build.0 = Release|Any CPU
		{C119BE3A-8A01-434D-B819-7D1E6A2643B0}.AppStore|x64.ActiveCfg = Release|Any CPU
		{C119BE3A-8A01-434D-B819-7D1E6A2643B0}.AppStore|x64.Build.0 = Release|Any CPU
		{C119BE3A-8A01-434D-B819-7D1E6A2643B0}.AppStore|x86.ActiveCfg = Release|Any CPU
		{C119BE3A-8A01-434D-B819-7D1E6A2643B0}.AppStore|x86.Build.0 = Release|Any CPU
		{C119BE3A-8A01-434D-B819-7D1E6A2643B0}.Debug|Any CPU.ActiveCfg = Debug|Any CPU
		{C119BE3A-8A01-434D-B819-7D1E6A2643B0}.Debug|Any CPU.Build.0 = Debug|Any CPU
		{C119BE3A-8A01-434D-B819-7D1E6A2643B0}.Debug|ARM.ActiveCfg = Debug|Any CPU
		{C119BE3A-8A01-434D-B819-7D1E6A2643B0}.Debug|ARM.Build.0 = Debug|Any CPU
		{C119BE3A-8A01-434D-B819-7D1E6A2643B0}.Debug|iPhone.ActiveCfg = Debug|Any CPU
		{C119BE3A-8A01-434D-B819-7D1E6A2643B0}.Debug|iPhone.Build.0 = Debug|Any CPU
		{C119BE3A-8A01-434D-B819-7D1E6A2643B0}.Debug|iPhoneSimulator.ActiveCfg = Debug|Any CPU
		{C119BE3A-8A01-434D-B819-7D1E6A2643B0}.Debug|iPhoneSimulator.Build.0 = Debug|Any CPU
		{C119BE3A-8A01-434D-B819-7D1E6A2643B0}.Debug|x64.ActiveCfg = Debug|Any CPU
		{C119BE3A-8A01-434D-B819-7D1E6A2643B0}.Debug|x64.Build.0 = Debug|Any CPU
		{C119BE3A-8A01-434D-B819-7D1E6A2643B0}.Debug|x86.ActiveCfg = Debug|Any CPU
		{C119BE3A-8A01-434D-B819-7D1E6A2643B0}.Debug|x86.Build.0 = Debug|Any CPU
		{C119BE3A-8A01-434D-B819-7D1E6A2643B0}.Release|Any CPU.ActiveCfg = Release|Any CPU
		{C119BE3A-8A01-434D-B819-7D1E6A2643B0}.Release|Any CPU.Build.0 = Release|Any CPU
		{C119BE3A-8A01-434D-B819-7D1E6A2643B0}.Release|ARM.ActiveCfg = Release|Any CPU
		{C119BE3A-8A01-434D-B819-7D1E6A2643B0}.Release|ARM.Build.0 = Release|Any CPU
		{C119BE3A-8A01-434D-B819-7D1E6A2643B0}.Release|iPhone.ActiveCfg = Release|Any CPU
		{C119BE3A-8A01-434D-B819-7D1E6A2643B0}.Release|iPhone.Build.0 = Release|Any CPU
		{C119BE3A-8A01-434D-B819-7D1E6A2643B0}.Release|iPhoneSimulator.ActiveCfg = Release|Any CPU
		{C119BE3A-8A01-434D-B819-7D1E6A2643B0}.Release|iPhoneSimulator.Build.0 = Release|Any CPU
		{C119BE3A-8A01-434D-B819-7D1E6A2643B0}.Release|x64.ActiveCfg = Release|Any CPU
		{C119BE3A-8A01-434D-B819-7D1E6A2643B0}.Release|x64.Build.0 = Release|Any CPU
		{C119BE3A-8A01-434D-B819-7D1E6A2643B0}.Release|x86.ActiveCfg = Release|Any CPU
		{C119BE3A-8A01-434D-B819-7D1E6A2643B0}.Release|x86.Build.0 = Release|Any CPU
		{8B201943-7C87-46EF-B788-7B2922BB7757}.Ad-Hoc|Any CPU.ActiveCfg = Release|Any CPU
		{8B201943-7C87-46EF-B788-7B2922BB7757}.Ad-Hoc|Any CPU.Build.0 = Release|Any CPU
		{8B201943-7C87-46EF-B788-7B2922BB7757}.Ad-Hoc|Any CPU.Deploy.0 = Release|Any CPU
		{8B201943-7C87-46EF-B788-7B2922BB7757}.Ad-Hoc|ARM.ActiveCfg = Release|Any CPU
		{8B201943-7C87-46EF-B788-7B2922BB7757}.Ad-Hoc|ARM.Build.0 = Release|Any CPU
		{8B201943-7C87-46EF-B788-7B2922BB7757}.Ad-Hoc|ARM.Deploy.0 = Release|Any CPU
		{8B201943-7C87-46EF-B788-7B2922BB7757}.Ad-Hoc|iPhone.ActiveCfg = Release|Any CPU
		{8B201943-7C87-46EF-B788-7B2922BB7757}.Ad-Hoc|iPhone.Build.0 = Release|Any CPU
		{8B201943-7C87-46EF-B788-7B2922BB7757}.Ad-Hoc|iPhone.Deploy.0 = Release|Any CPU
		{8B201943-7C87-46EF-B788-7B2922BB7757}.Ad-Hoc|iPhoneSimulator.ActiveCfg = Release|Any CPU
		{8B201943-7C87-46EF-B788-7B2922BB7757}.Ad-Hoc|iPhoneSimulator.Build.0 = Release|Any CPU
		{8B201943-7C87-46EF-B788-7B2922BB7757}.Ad-Hoc|iPhoneSimulator.Deploy.0 = Release|Any CPU
		{8B201943-7C87-46EF-B788-7B2922BB7757}.Ad-Hoc|x64.ActiveCfg = Release|Any CPU
		{8B201943-7C87-46EF-B788-7B2922BB7757}.Ad-Hoc|x64.Build.0 = Release|Any CPU
		{8B201943-7C87-46EF-B788-7B2922BB7757}.Ad-Hoc|x64.Deploy.0 = Release|Any CPU
		{8B201943-7C87-46EF-B788-7B2922BB7757}.Ad-Hoc|x86.ActiveCfg = Release|Any CPU
		{8B201943-7C87-46EF-B788-7B2922BB7757}.Ad-Hoc|x86.Build.0 = Release|Any CPU
		{8B201943-7C87-46EF-B788-7B2922BB7757}.Ad-Hoc|x86.Deploy.0 = Release|Any CPU
		{8B201943-7C87-46EF-B788-7B2922BB7757}.AppStore|Any CPU.ActiveCfg = Release|Any CPU
		{8B201943-7C87-46EF-B788-7B2922BB7757}.AppStore|Any CPU.Build.0 = Release|Any CPU
		{8B201943-7C87-46EF-B788-7B2922BB7757}.AppStore|Any CPU.Deploy.0 = Release|Any CPU
		{8B201943-7C87-46EF-B788-7B2922BB7757}.AppStore|ARM.ActiveCfg = Release|Any CPU
		{8B201943-7C87-46EF-B788-7B2922BB7757}.AppStore|ARM.Build.0 = Release|Any CPU
		{8B201943-7C87-46EF-B788-7B2922BB7757}.AppStore|ARM.Deploy.0 = Release|Any CPU
		{8B201943-7C87-46EF-B788-7B2922BB7757}.AppStore|iPhone.ActiveCfg = Release|Any CPU
		{8B201943-7C87-46EF-B788-7B2922BB7757}.AppStore|iPhone.Build.0 = Release|Any CPU
		{8B201943-7C87-46EF-B788-7B2922BB7757}.AppStore|iPhone.Deploy.0 = Release|Any CPU
		{8B201943-7C87-46EF-B788-7B2922BB7757}.AppStore|iPhoneSimulator.ActiveCfg = Release|Any CPU
		{8B201943-7C87-46EF-B788-7B2922BB7757}.AppStore|iPhoneSimulator.Build.0 = Release|Any CPU
		{8B201943-7C87-46EF-B788-7B2922BB7757}.AppStore|iPhoneSimulator.Deploy.0 = Release|Any CPU
		{8B201943-7C87-46EF-B788-7B2922BB7757}.AppStore|x64.ActiveCfg = Release|Any CPU
		{8B201943-7C87-46EF-B788-7B2922BB7757}.AppStore|x64.Build.0 = Release|Any CPU
		{8B201943-7C87-46EF-B788-7B2922BB7757}.AppStore|x64.Deploy.0 = Release|Any CPU
		{8B201943-7C87-46EF-B788-7B2922BB7757}.AppStore|x86.ActiveCfg = Release|Any CPU
		{8B201943-7C87-46EF-B788-7B2922BB7757}.AppStore|x86.Build.0 = Release|Any CPU
		{8B201943-7C87-46EF-B788-7B2922BB7757}.AppStore|x86.Deploy.0 = Release|Any CPU
		{8B201943-7C87-46EF-B788-7B2922BB7757}.Debug|Any CPU.ActiveCfg = Debug|Any CPU
		{8B201943-7C87-46EF-B788-7B2922BB7757}.Debug|Any CPU.Build.0 = Debug|Any CPU
		{8B201943-7C87-46EF-B788-7B2922BB7757}.Debug|Any CPU.Deploy.0 = Debug|Any CPU
		{8B201943-7C87-46EF-B788-7B2922BB7757}.Debug|ARM.ActiveCfg = Debug|Any CPU
		{8B201943-7C87-46EF-B788-7B2922BB7757}.Debug|ARM.Build.0 = Debug|Any CPU
		{8B201943-7C87-46EF-B788-7B2922BB7757}.Debug|ARM.Deploy.0 = Debug|Any CPU
		{8B201943-7C87-46EF-B788-7B2922BB7757}.Debug|iPhone.ActiveCfg = Debug|Any CPU
		{8B201943-7C87-46EF-B788-7B2922BB7757}.Debug|iPhone.Build.0 = Debug|Any CPU
		{8B201943-7C87-46EF-B788-7B2922BB7757}.Debug|iPhone.Deploy.0 = Debug|Any CPU
		{8B201943-7C87-46EF-B788-7B2922BB7757}.Debug|iPhoneSimulator.ActiveCfg = Debug|Any CPU
		{8B201943-7C87-46EF-B788-7B2922BB7757}.Debug|iPhoneSimulator.Build.0 = Debug|Any CPU
		{8B201943-7C87-46EF-B788-7B2922BB7757}.Debug|iPhoneSimulator.Deploy.0 = Debug|Any CPU
		{8B201943-7C87-46EF-B788-7B2922BB7757}.Debug|x64.ActiveCfg = Debug|Any CPU
		{8B201943-7C87-46EF-B788-7B2922BB7757}.Debug|x64.Build.0 = Debug|Any CPU
		{8B201943-7C87-46EF-B788-7B2922BB7757}.Debug|x64.Deploy.0 = Debug|Any CPU
		{8B201943-7C87-46EF-B788-7B2922BB7757}.Debug|x86.ActiveCfg = Debug|Any CPU
		{8B201943-7C87-46EF-B788-7B2922BB7757}.Debug|x86.Build.0 = Debug|Any CPU
		{8B201943-7C87-46EF-B788-7B2922BB7757}.Debug|x86.Deploy.0 = Debug|Any CPU
		{8B201943-7C87-46EF-B788-7B2922BB7757}.Release|Any CPU.ActiveCfg = Release|Any CPU
		{8B201943-7C87-46EF-B788-7B2922BB7757}.Release|Any CPU.Build.0 = Release|Any CPU
		{8B201943-7C87-46EF-B788-7B2922BB7757}.Release|Any CPU.Deploy.0 = Release|Any CPU
		{8B201943-7C87-46EF-B788-7B2922BB7757}.Release|ARM.ActiveCfg = Release|Any CPU
		{8B201943-7C87-46EF-B788-7B2922BB7757}.Release|ARM.Build.0 = Release|Any CPU
		{8B201943-7C87-46EF-B788-7B2922BB7757}.Release|ARM.Deploy.0 = Release|Any CPU
		{8B201943-7C87-46EF-B788-7B2922BB7757}.Release|iPhone.ActiveCfg = Release|Any CPU
		{8B201943-7C87-46EF-B788-7B2922BB7757}.Release|iPhone.Build.0 = Release|Any CPU
		{8B201943-7C87-46EF-B788-7B2922BB7757}.Release|iPhone.Deploy.0 = Release|Any CPU
		{8B201943-7C87-46EF-B788-7B2922BB7757}.Release|iPhoneSimulator.ActiveCfg = Release|Any CPU
		{8B201943-7C87-46EF-B788-7B2922BB7757}.Release|iPhoneSimulator.Build.0 = Release|Any CPU
		{8B201943-7C87-46EF-B788-7B2922BB7757}.Release|iPhoneSimulator.Deploy.0 = Release|Any CPU
		{8B201943-7C87-46EF-B788-7B2922BB7757}.Release|x64.ActiveCfg = Release|Any CPU
		{8B201943-7C87-46EF-B788-7B2922BB7757}.Release|x64.Build.0 = Release|Any CPU
		{8B201943-7C87-46EF-B788-7B2922BB7757}.Release|x64.Deploy.0 = Release|Any CPU
		{8B201943-7C87-46EF-B788-7B2922BB7757}.Release|x86.ActiveCfg = Release|Any CPU
		{8B201943-7C87-46EF-B788-7B2922BB7757}.Release|x86.Build.0 = Release|Any CPU
		{8B201943-7C87-46EF-B788-7B2922BB7757}.Release|x86.Deploy.0 = Release|Any CPU
		{C56C4705-B234-40D1-953A-4624E24025C4}.Ad-Hoc|Any CPU.ActiveCfg = Ad-Hoc|iPhone
		{C56C4705-B234-40D1-953A-4624E24025C4}.Ad-Hoc|ARM.ActiveCfg = Ad-Hoc|iPhone
		{C56C4705-B234-40D1-953A-4624E24025C4}.Ad-Hoc|iPhone.ActiveCfg = Ad-Hoc|iPhone
		{C56C4705-B234-40D1-953A-4624E24025C4}.Ad-Hoc|iPhone.Build.0 = Ad-Hoc|iPhone
		{C56C4705-B234-40D1-953A-4624E24025C4}.Ad-Hoc|iPhoneSimulator.ActiveCfg = Ad-Hoc|iPhoneSimulator
		{C56C4705-B234-40D1-953A-4624E24025C4}.Ad-Hoc|iPhoneSimulator.Build.0 = Ad-Hoc|iPhoneSimulator
		{C56C4705-B234-40D1-953A-4624E24025C4}.Ad-Hoc|x64.ActiveCfg = Ad-Hoc|iPhone
		{C56C4705-B234-40D1-953A-4624E24025C4}.Ad-Hoc|x86.ActiveCfg = Ad-Hoc|iPhone
		{C56C4705-B234-40D1-953A-4624E24025C4}.AppStore|Any CPU.ActiveCfg = AppStore|iPhone
		{C56C4705-B234-40D1-953A-4624E24025C4}.AppStore|ARM.ActiveCfg = AppStore|iPhone
		{C56C4705-B234-40D1-953A-4624E24025C4}.AppStore|iPhone.ActiveCfg = AppStore|iPhone
		{C56C4705-B234-40D1-953A-4624E24025C4}.AppStore|iPhone.Build.0 = AppStore|iPhone
		{C56C4705-B234-40D1-953A-4624E24025C4}.AppStore|iPhoneSimulator.ActiveCfg = AppStore|iPhoneSimulator
		{C56C4705-B234-40D1-953A-4624E24025C4}.AppStore|iPhoneSimulator.Build.0 = AppStore|iPhoneSimulator
		{C56C4705-B234-40D1-953A-4624E24025C4}.AppStore|x64.ActiveCfg = AppStore|iPhone
		{C56C4705-B234-40D1-953A-4624E24025C4}.AppStore|x86.ActiveCfg = AppStore|iPhone
		{C56C4705-B234-40D1-953A-4624E24025C4}.Debug|Any CPU.ActiveCfg = Debug|iPhone
		{C56C4705-B234-40D1-953A-4624E24025C4}.Debug|ARM.ActiveCfg = Debug|iPhone
		{C56C4705-B234-40D1-953A-4624E24025C4}.Debug|iPhone.ActiveCfg = Debug|iPhone
		{C56C4705-B234-40D1-953A-4624E24025C4}.Debug|iPhone.Build.0 = Debug|iPhone
		{C56C4705-B234-40D1-953A-4624E24025C4}.Debug|iPhoneSimulator.ActiveCfg = Debug|iPhoneSimulator
		{C56C4705-B234-40D1-953A-4624E24025C4}.Debug|iPhoneSimulator.Build.0 = Debug|iPhoneSimulator
		{C56C4705-B234-40D1-953A-4624E24025C4}.Debug|x64.ActiveCfg = Debug|iPhone
		{C56C4705-B234-40D1-953A-4624E24025C4}.Debug|x86.ActiveCfg = Debug|iPhone
		{C56C4705-B234-40D1-953A-4624E24025C4}.Release|Any CPU.ActiveCfg = Release|iPhone
		{C56C4705-B234-40D1-953A-4624E24025C4}.Release|ARM.ActiveCfg = Release|iPhone
		{C56C4705-B234-40D1-953A-4624E24025C4}.Release|iPhone.ActiveCfg = Release|iPhone
		{C56C4705-B234-40D1-953A-4624E24025C4}.Release|iPhone.Build.0 = Release|iPhone
		{C56C4705-B234-40D1-953A-4624E24025C4}.Release|iPhoneSimulator.ActiveCfg = Release|iPhoneSimulator
		{C56C4705-B234-40D1-953A-4624E24025C4}.Release|iPhoneSimulator.Build.0 = Release|iPhoneSimulator
		{C56C4705-B234-40D1-953A-4624E24025C4}.Release|x64.ActiveCfg = Release|iPhone
		{C56C4705-B234-40D1-953A-4624E24025C4}.Release|x86.ActiveCfg = Release|iPhone
		{29928554-4854-4132-BC2F-BF8D98BFEF6C}.Ad-Hoc|Any CPU.ActiveCfg = Release|Any CPU
		{29928554-4854-4132-BC2F-BF8D98BFEF6C}.Ad-Hoc|Any CPU.Build.0 = Release|Any CPU
		{29928554-4854-4132-BC2F-BF8D98BFEF6C}.Ad-Hoc|Any CPU.Deploy.0 = Release|Any CPU
		{29928554-4854-4132-BC2F-BF8D98BFEF6C}.Ad-Hoc|ARM.ActiveCfg = Release|ARM
		{29928554-4854-4132-BC2F-BF8D98BFEF6C}.Ad-Hoc|ARM.Build.0 = Release|ARM
		{29928554-4854-4132-BC2F-BF8D98BFEF6C}.Ad-Hoc|ARM.Deploy.0 = Release|ARM
		{29928554-4854-4132-BC2F-BF8D98BFEF6C}.Ad-Hoc|iPhone.ActiveCfg = Release|Any CPU
		{29928554-4854-4132-BC2F-BF8D98BFEF6C}.Ad-Hoc|iPhone.Build.0 = Release|Any CPU
		{29928554-4854-4132-BC2F-BF8D98BFEF6C}.Ad-Hoc|iPhone.Deploy.0 = Release|Any CPU
		{29928554-4854-4132-BC2F-BF8D98BFEF6C}.Ad-Hoc|iPhoneSimulator.ActiveCfg = Release|Any CPU
		{29928554-4854-4132-BC2F-BF8D98BFEF6C}.Ad-Hoc|iPhoneSimulator.Build.0 = Release|Any CPU
		{29928554-4854-4132-BC2F-BF8D98BFEF6C}.Ad-Hoc|iPhoneSimulator.Deploy.0 = Release|Any CPU
		{29928554-4854-4132-BC2F-BF8D98BFEF6C}.Ad-Hoc|x64.ActiveCfg = Release|Any CPU
		{29928554-4854-4132-BC2F-BF8D98BFEF6C}.Ad-Hoc|x64.Build.0 = Release|Any CPU
		{29928554-4854-4132-BC2F-BF8D98BFEF6C}.Ad-Hoc|x64.Deploy.0 = Release|Any CPU
		{29928554-4854-4132-BC2F-BF8D98BFEF6C}.Ad-Hoc|x86.ActiveCfg = Release|x86
		{29928554-4854-4132-BC2F-BF8D98BFEF6C}.Ad-Hoc|x86.Build.0 = Release|x86
		{29928554-4854-4132-BC2F-BF8D98BFEF6C}.Ad-Hoc|x86.Deploy.0 = Release|x86
		{29928554-4854-4132-BC2F-BF8D98BFEF6C}.AppStore|Any CPU.ActiveCfg = Release|Any CPU
		{29928554-4854-4132-BC2F-BF8D98BFEF6C}.AppStore|Any CPU.Build.0 = Release|Any CPU
		{29928554-4854-4132-BC2F-BF8D98BFEF6C}.AppStore|Any CPU.Deploy.0 = Release|Any CPU
		{29928554-4854-4132-BC2F-BF8D98BFEF6C}.AppStore|ARM.ActiveCfg = Release|ARM
		{29928554-4854-4132-BC2F-BF8D98BFEF6C}.AppStore|ARM.Build.0 = Release|ARM
		{29928554-4854-4132-BC2F-BF8D98BFEF6C}.AppStore|ARM.Deploy.0 = Release|ARM
		{29928554-4854-4132-BC2F-BF8D98BFEF6C}.AppStore|iPhone.ActiveCfg = Release|Any CPU
		{29928554-4854-4132-BC2F-BF8D98BFEF6C}.AppStore|iPhone.Build.0 = Release|Any CPU
		{29928554-4854-4132-BC2F-BF8D98BFEF6C}.AppStore|iPhone.Deploy.0 = Release|Any CPU
		{29928554-4854-4132-BC2F-BF8D98BFEF6C}.AppStore|iPhoneSimulator.ActiveCfg = Release|Any CPU
		{29928554-4854-4132-BC2F-BF8D98BFEF6C}.AppStore|iPhoneSimulator.Build.0 = Release|Any CPU
		{29928554-4854-4132-BC2F-BF8D98BFEF6C}.AppStore|iPhoneSimulator.Deploy.0 = Release|Any CPU
		{29928554-4854-4132-BC2F-BF8D98BFEF6C}.AppStore|x64.ActiveCfg = Release|Any CPU
		{29928554-4854-4132-BC2F-BF8D98BFEF6C}.AppStore|x64.Build.0 = Release|Any CPU
		{29928554-4854-4132-BC2F-BF8D98BFEF6C}.AppStore|x64.Deploy.0 = Release|Any CPU
		{29928554-4854-4132-BC2F-BF8D98BFEF6C}.AppStore|x86.ActiveCfg = Release|x86
		{29928554-4854-4132-BC2F-BF8D98BFEF6C}.AppStore|x86.Build.0 = Release|x86
		{29928554-4854-4132-BC2F-BF8D98BFEF6C}.AppStore|x86.Deploy.0 = Release|x86
		{29928554-4854-4132-BC2F-BF8D98BFEF6C}.Debug|Any CPU.ActiveCfg = Debug|Any CPU
		{29928554-4854-4132-BC2F-BF8D98BFEF6C}.Debug|Any CPU.Build.0 = Debug|Any CPU
		{29928554-4854-4132-BC2F-BF8D98BFEF6C}.Debug|Any CPU.Deploy.0 = Debug|Any CPU
		{29928554-4854-4132-BC2F-BF8D98BFEF6C}.Debug|ARM.ActiveCfg = Debug|ARM
		{29928554-4854-4132-BC2F-BF8D98BFEF6C}.Debug|ARM.Build.0 = Debug|ARM
		{29928554-4854-4132-BC2F-BF8D98BFEF6C}.Debug|ARM.Deploy.0 = Debug|ARM
		{29928554-4854-4132-BC2F-BF8D98BFEF6C}.Debug|iPhone.ActiveCfg = Debug|Any CPU
		{29928554-4854-4132-BC2F-BF8D98BFEF6C}.Debug|iPhone.Build.0 = Debug|Any CPU
		{29928554-4854-4132-BC2F-BF8D98BFEF6C}.Debug|iPhone.Deploy.0 = Debug|Any CPU
		{29928554-4854-4132-BC2F-BF8D98BFEF6C}.Debug|iPhoneSimulator.ActiveCfg = Debug|Any CPU
		{29928554-4854-4132-BC2F-BF8D98BFEF6C}.Debug|iPhoneSimulator.Build.0 = Debug|Any CPU
		{29928554-4854-4132-BC2F-BF8D98BFEF6C}.Debug|iPhoneSimulator.Deploy.0 = Debug|Any CPU
		{29928554-4854-4132-BC2F-BF8D98BFEF6C}.Debug|x64.ActiveCfg = Debug|Any CPU
		{29928554-4854-4132-BC2F-BF8D98BFEF6C}.Debug|x64.Build.0 = Debug|Any CPU
		{29928554-4854-4132-BC2F-BF8D98BFEF6C}.Debug|x64.Deploy.0 = Debug|Any CPU
		{29928554-4854-4132-BC2F-BF8D98BFEF6C}.Debug|x86.ActiveCfg = Debug|x86
		{29928554-4854-4132-BC2F-BF8D98BFEF6C}.Debug|x86.Build.0 = Debug|x86
		{29928554-4854-4132-BC2F-BF8D98BFEF6C}.Debug|x86.Deploy.0 = Debug|x86
		{29928554-4854-4132-BC2F-BF8D98BFEF6C}.Release|Any CPU.ActiveCfg = Release|Any CPU
		{29928554-4854-4132-BC2F-BF8D98BFEF6C}.Release|Any CPU.Build.0 = Release|Any CPU
		{29928554-4854-4132-BC2F-BF8D98BFEF6C}.Release|Any CPU.Deploy.0 = Release|Any CPU
		{29928554-4854-4132-BC2F-BF8D98BFEF6C}.Release|ARM.ActiveCfg = Release|ARM
		{29928554-4854-4132-BC2F-BF8D98BFEF6C}.Release|ARM.Build.0 = Release|ARM
		{29928554-4854-4132-BC2F-BF8D98BFEF6C}.Release|ARM.Deploy.0 = Release|ARM
		{29928554-4854-4132-BC2F-BF8D98BFEF6C}.Release|iPhone.ActiveCfg = Release|Any CPU
		{29928554-4854-4132-BC2F-BF8D98BFEF6C}.Release|iPhone.Build.0 = Release|Any CPU
		{29928554-4854-4132-BC2F-BF8D98BFEF6C}.Release|iPhone.Deploy.0 = Release|Any CPU
		{29928554-4854-4132-BC2F-BF8D98BFEF6C}.Release|iPhoneSimulator.ActiveCfg = Release|Any CPU
		{29928554-4854-4132-BC2F-BF8D98BFEF6C}.Release|iPhoneSimulator.Build.0 = Release|Any CPU
		{29928554-4854-4132-BC2F-BF8D98BFEF6C}.Release|iPhoneSimulator.Deploy.0 = Release|Any CPU
		{29928554-4854-4132-BC2F-BF8D98BFEF6C}.Release|x64.ActiveCfg = Release|Any CPU
		{29928554-4854-4132-BC2F-BF8D98BFEF6C}.Release|x64.Build.0 = Release|Any CPU
		{29928554-4854-4132-BC2F-BF8D98BFEF6C}.Release|x64.Deploy.0 = Release|Any CPU
		{29928554-4854-4132-BC2F-BF8D98BFEF6C}.Release|x86.ActiveCfg = Release|x86
		{29928554-4854-4132-BC2F-BF8D98BFEF6C}.Release|x86.Build.0 = Release|x86
		{29928554-4854-4132-BC2F-BF8D98BFEF6C}.Release|x86.Deploy.0 = Release|x86
		{B49C1D48-720A-44D3-BDD1-8BD23A139C1E}.Ad-Hoc|Any CPU.ActiveCfg = Release|Any CPU
		{B49C1D48-720A-44D3-BDD1-8BD23A139C1E}.Ad-Hoc|Any CPU.Build.0 = Release|Any CPU
		{B49C1D48-720A-44D3-BDD1-8BD23A139C1E}.Ad-Hoc|Any CPU.Deploy.0 = Release|Any CPU
		{B49C1D48-720A-44D3-BDD1-8BD23A139C1E}.Ad-Hoc|ARM.ActiveCfg = Release|ARM
		{B49C1D48-720A-44D3-BDD1-8BD23A139C1E}.Ad-Hoc|ARM.Build.0 = Release|ARM
		{B49C1D48-720A-44D3-BDD1-8BD23A139C1E}.Ad-Hoc|ARM.Deploy.0 = Release|ARM
		{B49C1D48-720A-44D3-BDD1-8BD23A139C1E}.Ad-Hoc|iPhone.ActiveCfg = Release|Any CPU
		{B49C1D48-720A-44D3-BDD1-8BD23A139C1E}.Ad-Hoc|iPhone.Build.0 = Release|Any CPU
		{B49C1D48-720A-44D3-BDD1-8BD23A139C1E}.Ad-Hoc|iPhone.Deploy.0 = Release|Any CPU
		{B49C1D48-720A-44D3-BDD1-8BD23A139C1E}.Ad-Hoc|iPhoneSimulator.ActiveCfg = Release|Any CPU
		{B49C1D48-720A-44D3-BDD1-8BD23A139C1E}.Ad-Hoc|iPhoneSimulator.Build.0 = Release|Any CPU
		{B49C1D48-720A-44D3-BDD1-8BD23A139C1E}.Ad-Hoc|iPhoneSimulator.Deploy.0 = Release|Any CPU
		{B49C1D48-720A-44D3-BDD1-8BD23A139C1E}.Ad-Hoc|x64.ActiveCfg = Release|x64
		{B49C1D48-720A-44D3-BDD1-8BD23A139C1E}.Ad-Hoc|x64.Build.0 = Release|x64
		{B49C1D48-720A-44D3-BDD1-8BD23A139C1E}.Ad-Hoc|x64.Deploy.0 = Release|x64
		{B49C1D48-720A-44D3-BDD1-8BD23A139C1E}.Ad-Hoc|x86.ActiveCfg = Release|x86
		{B49C1D48-720A-44D3-BDD1-8BD23A139C1E}.Ad-Hoc|x86.Build.0 = Release|x86
		{B49C1D48-720A-44D3-BDD1-8BD23A139C1E}.Ad-Hoc|x86.Deploy.0 = Release|x86
		{B49C1D48-720A-44D3-BDD1-8BD23A139C1E}.AppStore|Any CPU.ActiveCfg = Release|Any CPU
		{B49C1D48-720A-44D3-BDD1-8BD23A139C1E}.AppStore|Any CPU.Build.0 = Release|Any CPU
		{B49C1D48-720A-44D3-BDD1-8BD23A139C1E}.AppStore|Any CPU.Deploy.0 = Release|Any CPU
		{B49C1D48-720A-44D3-BDD1-8BD23A139C1E}.AppStore|ARM.ActiveCfg = Release|ARM
		{B49C1D48-720A-44D3-BDD1-8BD23A139C1E}.AppStore|ARM.Build.0 = Release|ARM
		{B49C1D48-720A-44D3-BDD1-8BD23A139C1E}.AppStore|ARM.Deploy.0 = Release|ARM
		{B49C1D48-720A-44D3-BDD1-8BD23A139C1E}.AppStore|iPhone.ActiveCfg = Release|Any CPU
		{B49C1D48-720A-44D3-BDD1-8BD23A139C1E}.AppStore|iPhone.Build.0 = Release|Any CPU
		{B49C1D48-720A-44D3-BDD1-8BD23A139C1E}.AppStore|iPhone.Deploy.0 = Release|Any CPU
		{B49C1D48-720A-44D3-BDD1-8BD23A139C1E}.AppStore|iPhoneSimulator.ActiveCfg = Release|Any CPU
		{B49C1D48-720A-44D3-BDD1-8BD23A139C1E}.AppStore|iPhoneSimulator.Build.0 = Release|Any CPU
		{B49C1D48-720A-44D3-BDD1-8BD23A139C1E}.AppStore|iPhoneSimulator.Deploy.0 = Release|Any CPU
		{B49C1D48-720A-44D3-BDD1-8BD23A139C1E}.AppStore|x64.ActiveCfg = Release|x64
		{B49C1D48-720A-44D3-BDD1-8BD23A139C1E}.AppStore|x64.Build.0 = Release|x64
		{B49C1D48-720A-44D3-BDD1-8BD23A139C1E}.AppStore|x64.Deploy.0 = Release|x64
		{B49C1D48-720A-44D3-BDD1-8BD23A139C1E}.AppStore|x86.ActiveCfg = Release|x86
		{B49C1D48-720A-44D3-BDD1-8BD23A139C1E}.AppStore|x86.Build.0 = Release|x86
		{B49C1D48-720A-44D3-BDD1-8BD23A139C1E}.AppStore|x86.Deploy.0 = Release|x86
		{B49C1D48-720A-44D3-BDD1-8BD23A139C1E}.Debug|Any CPU.ActiveCfg = Debug|Any CPU
		{B49C1D48-720A-44D3-BDD1-8BD23A139C1E}.Debug|Any CPU.Build.0 = Debug|Any CPU
		{B49C1D48-720A-44D3-BDD1-8BD23A139C1E}.Debug|Any CPU.Deploy.0 = Debug|Any CPU
		{B49C1D48-720A-44D3-BDD1-8BD23A139C1E}.Debug|ARM.ActiveCfg = Debug|ARM
		{B49C1D48-720A-44D3-BDD1-8BD23A139C1E}.Debug|ARM.Build.0 = Debug|ARM
		{B49C1D48-720A-44D3-BDD1-8BD23A139C1E}.Debug|ARM.Deploy.0 = Debug|ARM
		{B49C1D48-720A-44D3-BDD1-8BD23A139C1E}.Debug|iPhone.ActiveCfg = Debug|Any CPU
		{B49C1D48-720A-44D3-BDD1-8BD23A139C1E}.Debug|iPhone.Build.0 = Debug|Any CPU
		{B49C1D48-720A-44D3-BDD1-8BD23A139C1E}.Debug|iPhone.Deploy.0 = Debug|Any CPU
		{B49C1D48-720A-44D3-BDD1-8BD23A139C1E}.Debug|iPhoneSimulator.ActiveCfg = Debug|Any CPU
		{B49C1D48-720A-44D3-BDD1-8BD23A139C1E}.Debug|iPhoneSimulator.Build.0 = Debug|Any CPU
		{B49C1D48-720A-44D3-BDD1-8BD23A139C1E}.Debug|iPhoneSimulator.Deploy.0 = Debug|Any CPU
		{B49C1D48-720A-44D3-BDD1-8BD23A139C1E}.Debug|x64.ActiveCfg = Debug|x64
		{B49C1D48-720A-44D3-BDD1-8BD23A139C1E}.Debug|x64.Build.0 = Debug|x64
		{B49C1D48-720A-44D3-BDD1-8BD23A139C1E}.Debug|x64.Deploy.0 = Debug|x64
		{B49C1D48-720A-44D3-BDD1-8BD23A139C1E}.Debug|x86.ActiveCfg = Debug|x86
		{B49C1D48-720A-44D3-BDD1-8BD23A139C1E}.Debug|x86.Build.0 = Debug|x86
		{B49C1D48-720A-44D3-BDD1-8BD23A139C1E}.Debug|x86.Deploy.0 = Debug|x86
		{B49C1D48-720A-44D3-BDD1-8BD23A139C1E}.Release|Any CPU.ActiveCfg = Release|Any CPU
		{B49C1D48-720A-44D3-BDD1-8BD23A139C1E}.Release|Any CPU.Build.0 = Release|Any CPU
		{B49C1D48-720A-44D3-BDD1-8BD23A139C1E}.Release|Any CPU.Deploy.0 = Release|Any CPU
		{B49C1D48-720A-44D3-BDD1-8BD23A139C1E}.Release|ARM.ActiveCfg = Release|ARM
		{B49C1D48-720A-44D3-BDD1-8BD23A139C1E}.Release|ARM.Build.0 = Release|ARM
		{B49C1D48-720A-44D3-BDD1-8BD23A139C1E}.Release|ARM.Deploy.0 = Release|ARM
		{B49C1D48-720A-44D3-BDD1-8BD23A139C1E}.Release|iPhone.ActiveCfg = Release|Any CPU
		{B49C1D48-720A-44D3-BDD1-8BD23A139C1E}.Release|iPhone.Build.0 = Release|Any CPU
		{B49C1D48-720A-44D3-BDD1-8BD23A139C1E}.Release|iPhone.Deploy.0 = Release|Any CPU
		{B49C1D48-720A-44D3-BDD1-8BD23A139C1E}.Release|iPhoneSimulator.ActiveCfg = Release|Any CPU
		{B49C1D48-720A-44D3-BDD1-8BD23A139C1E}.Release|iPhoneSimulator.Build.0 = Release|Any CPU
		{B49C1D48-720A-44D3-BDD1-8BD23A139C1E}.Release|iPhoneSimulator.Deploy.0 = Release|Any CPU
		{B49C1D48-720A-44D3-BDD1-8BD23A139C1E}.Release|x64.ActiveCfg = Release|x64
		{B49C1D48-720A-44D3-BDD1-8BD23A139C1E}.Release|x64.Build.0 = Release|x64
		{B49C1D48-720A-44D3-BDD1-8BD23A139C1E}.Release|x64.Deploy.0 = Release|x64
		{B49C1D48-720A-44D3-BDD1-8BD23A139C1E}.Release|x86.ActiveCfg = Release|x86
		{B49C1D48-720A-44D3-BDD1-8BD23A139C1E}.Release|x86.Build.0 = Release|x86
		{B49C1D48-720A-44D3-BDD1-8BD23A139C1E}.Release|x86.Deploy.0 = Release|x86
	EndGlobalSection
	GlobalSection(SolutionProperties) = preSolution
		HideSolutionNode = FALSE
	EndGlobalSection
EndGlobal
