
Microsoft Visual Studio Solution File, Format Version 12.00
# Visual Studio 14
VisualStudioVersion = 14.0.24720.0
MinimumVisualStudioVersion = 10.0.40219.1
Project("{FAE04EC0-301F-11D3-BF4B-00C04F79EFBC}") = "SharedProject.Droid", "SharedProject\SharedProject.Droid\SharedProject.Droid.csproj", "{B85A8061-8E9A-4EB1-9DF0-43CC3036D42D}"
EndProject
Project("{FAE04EC0-301F-11D3-BF4B-00C04F79EFBC}") = "SharedProject.iOS", "SharedProject\SharedProject.iOS\SharedProject.iOS.csproj", "{4D11D1C8-E373-473C-B6B1-72243C0802B2}"
EndProject
Project("{FAE04EC0-301F-11D3-BF4B-00C04F79EFBC}") = "SharedProject.WinPhone", "SharedProject\SharedProject.WinPhone\SharedProject.WinPhone.csproj", "{41895D5F-B356-444D-9216-90F9A9C64A26}"
EndProject
Project("{D954291E-2A0B-460D-934E-DC6B0785DB48}") = "SharedProject", "SharedProject\SharedProject\SharedProject.shproj", "{01090AAC-314A-4983-AC13-E46A8843BA82}"
EndProject
Global
	GlobalSection(SharedMSBuildProjectFiles) = preSolution
		SharedProject\SharedProject\SharedProject.projitems*{01090aac-314a-4983-ac13-e46a8843ba82}*SharedItemsImports = 13
		SharedProject\SharedProject\SharedProject.projitems*{4d11d1c8-e373-473c-b6b1-72243c0802b2}*SharedItemsImports = 4
		SharedProject\SharedProject\SharedProject.projitems*{41895d5f-b356-444d-9216-90f9a9c64a26}*SharedItemsImports = 4
		SharedProject\SharedProject\SharedProject.projitems*{b85a8061-8e9a-4eb1-9df0-43cc3036d42d}*SharedItemsImports = 4
	EndGlobalSection
	GlobalSection(SolutionConfigurationPlatforms) = preSolution
		Ad-Hoc|Any CPU = Ad-Hoc|Any CPU
		Ad-Hoc|ARM = Ad-Hoc|ARM
		Ad-Hoc|iPhone = Ad-Hoc|iPhone
		Ad-Hoc|iPhoneSimulator = Ad-Hoc|iPhoneSimulator
		Ad-Hoc|x86 = Ad-Hoc|x86
		AppStore|Any CPU = AppStore|Any CPU
		AppStore|ARM = AppStore|ARM
		AppStore|iPhone = AppStore|iPhone
		AppStore|iPhoneSimulator = AppStore|iPhoneSimulator
		AppStore|x86 = AppStore|x86
		Debug|Any CPU = Debug|Any CPU
		Debug|ARM = Debug|ARM
		Debug|iPhone = Debug|iPhone
		Debug|iPhoneSimulator = Debug|iPhoneSimulator
		Debug|x86 = Debug|x86
		Release|Any CPU = Release|Any CPU
		Release|ARM = Release|ARM
		Release|iPhone = Release|iPhone
		Release|iPhoneSimulator = Release|iPhoneSimulator
		Release|x86 = Release|x86
	EndGlobalSection
	GlobalSection(ProjectConfigurationPlatforms) = postSolution
		{B85A8061-8E9A-4EB1-9DF0-43CC3036D42D}.Ad-Hoc|Any CPU.ActiveCfg = Release|Any CPU
		{B85A8061-8E9A-4EB1-9DF0-43CC3036D42D}.Ad-Hoc|Any CPU.Build.0 = Release|Any CPU
		{B85A8061-8E9A-4EB1-9DF0-43CC3036D42D}.Ad-Hoc|Any CPU.Deploy.0 = Release|Any CPU
		{B85A8061-8E9A-4EB1-9DF0-43CC3036D42D}.Ad-Hoc|ARM.ActiveCfg = Release|Any CPU
		{B85A8061-8E9A-4EB1-9DF0-43CC3036D42D}.Ad-Hoc|ARM.Build.0 = Release|Any CPU
		{B85A8061-8E9A-4EB1-9DF0-43CC3036D42D}.Ad-Hoc|ARM.Deploy.0 = Release|Any CPU
		{B85A8061-8E9A-4EB1-9DF0-43CC3036D42D}.Ad-Hoc|iPhone.ActiveCfg = Release|Any CPU
		{B85A8061-8E9A-4EB1-9DF0-43CC3036D42D}.Ad-Hoc|iPhone.Build.0 = Release|Any CPU
		{B85A8061-8E9A-4EB1-9DF0-43CC3036D42D}.Ad-Hoc|iPhone.Deploy.0 = Release|Any CPU
		{B85A8061-8E9A-4EB1-9DF0-43CC3036D42D}.Ad-Hoc|iPhoneSimulator.ActiveCfg = Release|Any CPU
		{B85A8061-8E9A-4EB1-9DF0-43CC3036D42D}.Ad-Hoc|iPhoneSimulator.Build.0 = Release|Any CPU
		{B85A8061-8E9A-4EB1-9DF0-43CC3036D42D}.Ad-Hoc|iPhoneSimulator.Deploy.0 = Release|Any CPU
		{B85A8061-8E9A-4EB1-9DF0-43CC3036D42D}.Ad-Hoc|x86.ActiveCfg = Release|Any CPU
		{B85A8061-8E9A-4EB1-9DF0-43CC3036D42D}.Ad-Hoc|x86.Build.0 = Release|Any CPU
		{B85A8061-8E9A-4EB1-9DF0-43CC3036D42D}.Ad-Hoc|x86.Deploy.0 = Release|Any CPU
		{B85A8061-8E9A-4EB1-9DF0-43CC3036D42D}.AppStore|Any CPU.ActiveCfg = Release|Any CPU
		{B85A8061-8E9A-4EB1-9DF0-43CC3036D42D}.AppStore|Any CPU.Build.0 = Release|Any CPU
		{B85A8061-8E9A-4EB1-9DF0-43CC3036D42D}.AppStore|Any CPU.Deploy.0 = Release|Any CPU
		{B85A8061-8E9A-4EB1-9DF0-43CC3036D42D}.AppStore|ARM.ActiveCfg = Release|Any CPU
		{B85A8061-8E9A-4EB1-9DF0-43CC3036D42D}.AppStore|ARM.Build.0 = Release|Any CPU
		{B85A8061-8E9A-4EB1-9DF0-43CC3036D42D}.AppStore|ARM.Deploy.0 = Release|Any CPU
		{B85A8061-8E9A-4EB1-9DF0-43CC3036D42D}.AppStore|iPhone.ActiveCfg = Release|Any CPU
		{B85A8061-8E9A-4EB1-9DF0-43CC3036D42D}.AppStore|iPhone.Build.0 = Release|Any CPU
		{B85A8061-8E9A-4EB1-9DF0-43CC3036D42D}.AppStore|iPhone.Deploy.0 = Release|Any CPU
		{B85A8061-8E9A-4EB1-9DF0-43CC3036D42D}.AppStore|iPhoneSimulator.ActiveCfg = Release|Any CPU
		{B85A8061-8E9A-4EB1-9DF0-43CC3036D42D}.AppStore|iPhoneSimulator.Build.0 = Release|Any CPU
		{B85A8061-8E9A-4EB1-9DF0-43CC3036D42D}.AppStore|iPhoneSimulator.Deploy.0 = Release|Any CPU
		{B85A8061-8E9A-4EB1-9DF0-43CC3036D42D}.AppStore|x86.ActiveCfg = Release|Any CPU
		{B85A8061-8E9A-4EB1-9DF0-43CC3036D42D}.AppStore|x86.Build.0 = Release|Any CPU
		{B85A8061-8E9A-4EB1-9DF0-43CC3036D42D}.AppStore|x86.Deploy.0 = Release|Any CPU
		{B85A8061-8E9A-4EB1-9DF0-43CC3036D42D}.Debug|Any CPU.ActiveCfg = Debug|Any CPU
		{B85A8061-8E9A-4EB1-9DF0-43CC3036D42D}.Debug|Any CPU.Build.0 = Debug|Any CPU
		{B85A8061-8E9A-4EB1-9DF0-43CC3036D42D}.Debug|Any CPU.Deploy.0 = Debug|Any CPU
		{B85A8061-8E9A-4EB1-9DF0-43CC3036D42D}.Debug|ARM.ActiveCfg = Debug|Any CPU
		{B85A8061-8E9A-4EB1-9DF0-43CC3036D42D}.Debug|ARM.Build.0 = Debug|Any CPU
		{B85A8061-8E9A-4EB1-9DF0-43CC3036D42D}.Debug|ARM.Deploy.0 = Debug|Any CPU
		{B85A8061-8E9A-4EB1-9DF0-43CC3036D42D}.Debug|iPhone.ActiveCfg = Debug|Any CPU
		{B85A8061-8E9A-4EB1-9DF0-43CC3036D42D}.Debug|iPhone.Build.0 = Debug|Any CPU
		{B85A8061-8E9A-4EB1-9DF0-43CC3036D42D}.Debug|iPhone.Deploy.0 = Debug|Any CPU
		{B85A8061-8E9A-4EB1-9DF0-43CC3036D42D}.Debug|iPhoneSimulator.ActiveCfg = Debug|Any CPU
		{B85A8061-8E9A-4EB1-9DF0-43CC3036D42D}.Debug|iPhoneSimulator.Build.0 = Debug|Any CPU
		{B85A8061-8E9A-4EB1-9DF0-43CC3036D42D}.Debug|iPhoneSimulator.Deploy.0 = Debug|Any CPU
		{B85A8061-8E9A-4EB1-9DF0-43CC3036D42D}.Debug|x86.ActiveCfg = Debug|Any CPU
		{B85A8061-8E9A-4EB1-9DF0-43CC3036D42D}.Debug|x86.Build.0 = Debug|Any CPU
		{B85A8061-8E9A-4EB1-9DF0-43CC3036D42D}.Debug|x86.Deploy.0 = Debug|Any CPU
		{B85A8061-8E9A-4EB1-9DF0-43CC3036D42D}.Release|Any CPU.ActiveCfg = Release|Any CPU
		{B85A8061-8E9A-4EB1-9DF0-43CC3036D42D}.Release|Any CPU.Build.0 = Release|Any CPU
		{B85A8061-8E9A-4EB1-9DF0-43CC3036D42D}.Release|Any CPU.Deploy.0 = Release|Any CPU
		{B85A8061-8E9A-4EB1-9DF0-43CC3036D42D}.Release|ARM.ActiveCfg = Release|Any CPU
		{B85A8061-8E9A-4EB1-9DF0-43CC3036D42D}.Release|ARM.Build.0 = Release|Any CPU
		{B85A8061-8E9A-4EB1-9DF0-43CC3036D42D}.Release|ARM.Deploy.0 = Release|Any CPU
		{B85A8061-8E9A-4EB1-9DF0-43CC3036D42D}.Release|iPhone.ActiveCfg = Release|Any CPU
		{B85A8061-8E9A-4EB1-9DF0-43CC3036D42D}.Release|iPhone.Build.0 = Release|Any CPU
		{B85A8061-8E9A-4EB1-9DF0-43CC3036D42D}.Release|iPhone.Deploy.0 = Release|Any CPU
		{B85A8061-8E9A-4EB1-9DF0-43CC3036D42D}.Release|iPhoneSimulator.ActiveCfg = Release|Any CPU
		{B85A8061-8E9A-4EB1-9DF0-43CC3036D42D}.Release|iPhoneSimulator.Build.0 = Release|Any CPU
		{B85A8061-8E9A-4EB1-9DF0-43CC3036D42D}.Release|iPhoneSimulator.Deploy.0 = Release|Any CPU
		{B85A8061-8E9A-4EB1-9DF0-43CC3036D42D}.Release|x86.ActiveCfg = Release|Any CPU
		{B85A8061-8E9A-4EB1-9DF0-43CC3036D42D}.Release|x86.Build.0 = Release|Any CPU
		{B85A8061-8E9A-4EB1-9DF0-43CC3036D42D}.Release|x86.Deploy.0 = Release|Any CPU
		{4D11D1C8-E373-473C-B6B1-72243C0802B2}.Ad-Hoc|Any CPU.ActiveCfg = Ad-Hoc|iPhone
		{4D11D1C8-E373-473C-B6B1-72243C0802B2}.Ad-Hoc|ARM.ActiveCfg = Ad-Hoc|iPhone
		{4D11D1C8-E373-473C-B6B1-72243C0802B2}.Ad-Hoc|iPhone.ActiveCfg = Ad-Hoc|iPhone
		{4D11D1C8-E373-473C-B6B1-72243C0802B2}.Ad-Hoc|iPhone.Build.0 = Ad-Hoc|iPhone
		{4D11D1C8-E373-473C-B6B1-72243C0802B2}.Ad-Hoc|iPhoneSimulator.ActiveCfg = Ad-Hoc|iPhoneSimulator
		{4D11D1C8-E373-473C-B6B1-72243C0802B2}.Ad-Hoc|iPhoneSimulator.Build.0 = Ad-Hoc|iPhoneSimulator
		{4D11D1C8-E373-473C-B6B1-72243C0802B2}.Ad-Hoc|x86.ActiveCfg = Ad-Hoc|iPhone
		{4D11D1C8-E373-473C-B6B1-72243C0802B2}.AppStore|Any CPU.ActiveCfg = AppStore|iPhone
		{4D11D1C8-E373-473C-B6B1-72243C0802B2}.AppStore|ARM.ActiveCfg = AppStore|iPhone
		{4D11D1C8-E373-473C-B6B1-72243C0802B2}.AppStore|iPhone.ActiveCfg = AppStore|iPhone
		{4D11D1C8-E373-473C-B6B1-72243C0802B2}.AppStore|iPhone.Build.0 = AppStore|iPhone
		{4D11D1C8-E373-473C-B6B1-72243C0802B2}.AppStore|iPhoneSimulator.ActiveCfg = AppStore|iPhoneSimulator
		{4D11D1C8-E373-473C-B6B1-72243C0802B2}.AppStore|iPhoneSimulator.Build.0 = AppStore|iPhoneSimulator
		{4D11D1C8-E373-473C-B6B1-72243C0802B2}.AppStore|x86.ActiveCfg = AppStore|iPhone
		{4D11D1C8-E373-473C-B6B1-72243C0802B2}.Debug|Any CPU.ActiveCfg = Debug|iPhone
		{4D11D1C8-E373-473C-B6B1-72243C0802B2}.Debug|ARM.ActiveCfg = Debug|iPhone
		{4D11D1C8-E373-473C-B6B1-72243C0802B2}.Debug|iPhone.ActiveCfg = Debug|iPhone
		{4D11D1C8-E373-473C-B6B1-72243C0802B2}.Debug|iPhone.Build.0 = Debug|iPhone
		{4D11D1C8-E373-473C-B6B1-72243C0802B2}.Debug|iPhoneSimulator.ActiveCfg = Debug|iPhoneSimulator
		{4D11D1C8-E373-473C-B6B1-72243C0802B2}.Debug|iPhoneSimulator.Build.0 = Debug|iPhoneSimulator
		{4D11D1C8-E373-473C-B6B1-72243C0802B2}.Debug|x86.ActiveCfg = Debug|iPhone
		{4D11D1C8-E373-473C-B6B1-72243C0802B2}.Release|Any CPU.ActiveCfg = Release|iPhone
		{4D11D1C8-E373-473C-B6B1-72243C0802B2}.Release|ARM.ActiveCfg = Release|iPhone
		{4D11D1C8-E373-473C-B6B1-72243C0802B2}.Release|iPhone.ActiveCfg = Release|iPhone
		{4D11D1C8-E373-473C-B6B1-72243C0802B2}.Release|iPhone.Build.0 = Release|iPhone
		{4D11D1C8-E373-473C-B6B1-72243C0802B2}.Release|iPhoneSimulator.ActiveCfg = Release|iPhoneSimulator
		{4D11D1C8-E373-473C-B6B1-72243C0802B2}.Release|iPhoneSimulator.Build.0 = Release|iPhoneSimulator
		{4D11D1C8-E373-473C-B6B1-72243C0802B2}.Release|x86.ActiveCfg = Release|iPhone
		{41895D5F-B356-444D-9216-90F9A9C64A26}.Ad-Hoc|Any CPU.ActiveCfg = Release|Any CPU
		{41895D5F-B356-444D-9216-90F9A9C64A26}.Ad-Hoc|Any CPU.Build.0 = Release|Any CPU
		{41895D5F-B356-444D-9216-90F9A9C64A26}.Ad-Hoc|Any CPU.Deploy.0 = Release|Any CPU
		{41895D5F-B356-444D-9216-90F9A9C64A26}.Ad-Hoc|ARM.ActiveCfg = Release|ARM
		{41895D5F-B356-444D-9216-90F9A9C64A26}.Ad-Hoc|ARM.Build.0 = Release|ARM
		{41895D5F-B356-444D-9216-90F9A9C64A26}.Ad-Hoc|ARM.Deploy.0 = Release|ARM
		{41895D5F-B356-444D-9216-90F9A9C64A26}.Ad-Hoc|iPhone.ActiveCfg = Release|Any CPU
		{41895D5F-B356-444D-9216-90F9A9C64A26}.Ad-Hoc|iPhone.Build.0 = Release|Any CPU
		{41895D5F-B356-444D-9216-90F9A9C64A26}.Ad-Hoc|iPhone.Deploy.0 = Release|Any CPU
		{41895D5F-B356-444D-9216-90F9A9C64A26}.Ad-Hoc|iPhoneSimulator.ActiveCfg = Release|Any CPU
		{41895D5F-B356-444D-9216-90F9A9C64A26}.Ad-Hoc|iPhoneSimulator.Build.0 = Release|Any CPU
		{41895D5F-B356-444D-9216-90F9A9C64A26}.Ad-Hoc|iPhoneSimulator.Deploy.0 = Release|Any CPU
		{41895D5F-B356-444D-9216-90F9A9C64A26}.Ad-Hoc|x86.ActiveCfg = Release|x86
		{41895D5F-B356-444D-9216-90F9A9C64A26}.Ad-Hoc|x86.Build.0 = Release|x86
		{41895D5F-B356-444D-9216-90F9A9C64A26}.Ad-Hoc|x86.Deploy.0 = Release|x86
		{41895D5F-B356-444D-9216-90F9A9C64A26}.AppStore|Any CPU.ActiveCfg = Release|Any CPU
		{41895D5F-B356-444D-9216-90F9A9C64A26}.AppStore|Any CPU.Build.0 = Release|Any CPU
		{41895D5F-B356-444D-9216-90F9A9C64A26}.AppStore|Any CPU.Deploy.0 = Release|Any CPU
		{41895D5F-B356-444D-9216-90F9A9C64A26}.AppStore|ARM.ActiveCfg = Release|ARM
		{41895D5F-B356-444D-9216-90F9A9C64A26}.AppStore|ARM.Build.0 = Release|ARM
		{41895D5F-B356-444D-9216-90F9A9C64A26}.AppStore|ARM.Deploy.0 = Release|ARM
		{41895D5F-B356-444D-9216-90F9A9C64A26}.AppStore|iPhone.ActiveCfg = Release|Any CPU
		{41895D5F-B356-444D-9216-90F9A9C64A26}.AppStore|iPhone.Build.0 = Release|Any CPU
		{41895D5F-B356-444D-9216-90F9A9C64A26}.AppStore|iPhone.Deploy.0 = Release|Any CPU
		{41895D5F-B356-444D-9216-90F9A9C64A26}.AppStore|iPhoneSimulator.ActiveCfg = Release|Any CPU
		{41895D5F-B356-444D-9216-90F9A9C64A26}.AppStore|iPhoneSimulator.Build.0 = Release|Any CPU
		{41895D5F-B356-444D-9216-90F9A9C64A26}.AppStore|iPhoneSimulator.Deploy.0 = Release|Any CPU
		{41895D5F-B356-444D-9216-90F9A9C64A26}.AppStore|x86.ActiveCfg = Release|x86
		{41895D5F-B356-444D-9216-90F9A9C64A26}.AppStore|x86.Build.0 = Release|x86
		{41895D5F-B356-444D-9216-90F9A9C64A26}.AppStore|x86.Deploy.0 = Release|x86
		{41895D5F-B356-444D-9216-90F9A9C64A26}.Debug|Any CPU.ActiveCfg = Debug|Any CPU
		{41895D5F-B356-444D-9216-90F9A9C64A26}.Debug|Any CPU.Build.0 = Debug|Any CPU
		{41895D5F-B356-444D-9216-90F9A9C64A26}.Debug|Any CPU.Deploy.0 = Debug|Any CPU
		{41895D5F-B356-444D-9216-90F9A9C64A26}.Debug|ARM.ActiveCfg = Debug|ARM
		{41895D5F-B356-444D-9216-90F9A9C64A26}.Debug|ARM.Build.0 = Debug|ARM
		{41895D5F-B356-444D-9216-90F9A9C64A26}.Debug|ARM.Deploy.0 = Debug|ARM
		{41895D5F-B356-444D-9216-90F9A9C64A26}.Debug|iPhone.ActiveCfg = Debug|Any CPU
		{41895D5F-B356-444D-9216-90F9A9C64A26}.Debug|iPhone.Build.0 = Debug|Any CPU
		{41895D5F-B356-444D-9216-90F9A9C64A26}.Debug|iPhone.Deploy.0 = Debug|Any CPU
		{41895D5F-B356-444D-9216-90F9A9C64A26}.Debug|iPhoneSimulator.ActiveCfg = Debug|Any CPU
		{41895D5F-B356-444D-9216-90F9A9C64A26}.Debug|iPhoneSimulator.Build.0 = Debug|Any CPU
		{41895D5F-B356-444D-9216-90F9A9C64A26}.Debug|iPhoneSimulator.Deploy.0 = Debug|Any CPU
		{41895D5F-B356-444D-9216-90F9A9C64A26}.Debug|x86.ActiveCfg = Debug|x86
		{41895D5F-B356-444D-9216-90F9A9C64A26}.Debug|x86.Build.0 = Debug|x86
		{41895D5F-B356-444D-9216-90F9A9C64A26}.Debug|x86.Deploy.0 = Debug|x86
		{41895D5F-B356-444D-9216-90F9A9C64A26}.Release|Any CPU.ActiveCfg = Release|Any CPU
		{41895D5F-B356-444D-9216-90F9A9C64A26}.Release|Any CPU.Build.0 = Release|Any CPU
		{41895D5F-B356-444D-9216-90F9A9C64A26}.Release|Any CPU.Deploy.0 = Release|Any CPU
		{41895D5F-B356-444D-9216-90F9A9C64A26}.Release|ARM.ActiveCfg = Release|ARM
		{41895D5F-B356-444D-9216-90F9A9C64A26}.Release|ARM.Build.0 = Release|ARM
		{41895D5F-B356-444D-9216-90F9A9C64A26}.Release|ARM.Deploy.0 = Release|ARM
		{41895D5F-B356-444D-9216-90F9A9C64A26}.Release|iPhone.ActiveCfg = Release|Any CPU
		{41895D5F-B356-444D-9216-90F9A9C64A26}.Release|iPhone.Build.0 = Release|Any CPU
		{41895D5F-B356-444D-9216-90F9A9C64A26}.Release|iPhone.Deploy.0 = Release|Any CPU
		{41895D5F-B356-444D-9216-90F9A9C64A26}.Release|iPhoneSimulator.ActiveCfg = Release|Any CPU
		{41895D5F-B356-444D-9216-90F9A9C64A26}.Release|iPhoneSimulator.Build.0 = Release|Any CPU
		{41895D5F-B356-444D-9216-90F9A9C64A26}.Release|iPhoneSimulator.Deploy.0 = Release|Any CPU
		{41895D5F-B356-444D-9216-90F9A9C64A26}.Release|x86.ActiveCfg = Release|x86
		{41895D5F-B356-444D-9216-90F9A9C64A26}.Release|x86.Build.0 = Release|x86
		{41895D5F-B356-444D-9216-90F9A9C64A26}.Release|x86.Deploy.0 = Release|x86
	EndGlobalSection
	GlobalSection(SolutionProperties) = preSolution
		HideSolutionNode = FALSE
	EndGlobalSection
EndGlobal
