
Microsoft Visual Studio Solution File, Format Version 12.00
# Visual Studio 14
VisualStudioVersion = 14.0.25123.0
MinimumVisualStudioVersion = 10.0.40219.1
Project("{FAE04EC0-301F-11D3-BF4B-00C04F79EFBC}") = "XamarinConverters.Droid", "XamarinConverters\XamarinConverters.Droid\XamarinConverters.Droid.csproj", "{7024C7BC-4149-4255-99C7-D8B25E8E0103}"
EndProject
Project("{FAE04EC0-301F-11D3-BF4B-00C04F79EFBC}") = "XamarinConverters.iOS", "XamarinConverters\XamarinConverters.iOS\XamarinConverters.iOS.csproj", "{AD29A066-21F3-4E35-AB5D-AD2D7AC93006}"
EndProject
Project("{FAE04EC0-301F-11D3-BF4B-00C04F79EFBC}") = "XamarinConverters.WinPhone", "XamarinConverters\XamarinConverters.WinPhone\XamarinConverters.WinPhone.csproj", "{3FACCE20-F1EA-4B6C-A7F8-16A43D94A288}"
EndProject
Project("{FAE04EC0-301F-11D3-BF4B-00C04F79EFBC}") = "XamarinConverters.Windows", "XamarinConverters\XamarinConverters.Windows\XamarinConverters.Windows.csproj", "{51482B2D-2877-4D4A-9311-964B45394D3E}"
EndProject
Project("{FAE04EC0-301F-11D3-BF4B-00C04F79EFBC}") = "XamarinConverters", "XamarinConverters\XamarinConverters\XamarinConverters.csproj", "{D8DA5F45-70D0-4465-8ECB-EF2AC9F68299}"
EndProject
Global
	GlobalSection(SolutionConfigurationPlatforms) = preSolution
		Ad-Hoc|Any CPU = Ad-Hoc|Any CPU
		Ad-Hoc|ARM = Ad-Hoc|ARM
		Ad-Hoc|iPhone = Ad-Hoc|iPhone
		Ad-Hoc|iPhoneSimulator = Ad-Hoc|iPhoneSimulator
		Ad-Hoc|x64 = Ad-Hoc|x64
		Ad-Hoc|x86 = Ad-Hoc|x86
		AppStore|Any CPU = AppStore|Any CPU
		AppStore|ARM = AppStore|ARM
		AppStore|iPhone = AppStore|iPhone
		AppStore|iPhoneSimulator = AppStore|iPhoneSimulator
		AppStore|x64 = AppStore|x64
		AppStore|x86 = AppStore|x86
		Debug|Any CPU = Debug|Any CPU
		Debug|ARM = Debug|ARM
		Debug|iPhone = Debug|iPhone
		Debug|iPhoneSimulator = Debug|iPhoneSimulator
		Debug|x64 = Debug|x64
		Debug|x86 = Debug|x86
		Release|Any CPU = Release|Any CPU
		Release|ARM = Release|ARM
		Release|iPhone = Release|iPhone
		Release|iPhoneSimulator = Release|iPhoneSimulator
		Release|x64 = Release|x64
		Release|x86 = Release|x86
	EndGlobalSection
	GlobalSection(ProjectConfigurationPlatforms) = postSolution
		{7024C7BC-4149-4255-99C7-D8B25E8E0103}.Ad-Hoc|Any CPU.ActiveCfg = Release|Any CPU
		{7024C7BC-4149-4255-99C7-D8B25E8E0103}.Ad-Hoc|Any CPU.Build.0 = Release|Any CPU
		{7024C7BC-4149-4255-99C7-D8B25E8E0103}.Ad-Hoc|Any CPU.Deploy.0 = Release|Any CPU
		{7024C7BC-4149-4255-99C7-D8B25E8E0103}.Ad-Hoc|ARM.ActiveCfg = Release|Any CPU
		{7024C7BC-4149-4255-99C7-D8B25E8E0103}.Ad-Hoc|ARM.Build.0 = Release|Any CPU
		{7024C7BC-4149-4255-99C7-D8B25E8E0103}.Ad-Hoc|ARM.Deploy.0 = Release|Any CPU
		{7024C7BC-4149-4255-99C7-D8B25E8E0103}.Ad-Hoc|iPhone.ActiveCfg = Release|Any CPU
		{7024C7BC-4149-4255-99C7-D8B25E8E0103}.Ad-Hoc|iPhone.Build.0 = Release|Any CPU
		{7024C7BC-4149-4255-99C7-D8B25E8E0103}.Ad-Hoc|iPhone.Deploy.0 = Release|Any CPU
		{7024C7BC-4149-4255-99C7-D8B25E8E0103}.Ad-Hoc|iPhoneSimulator.ActiveCfg = Release|Any CPU
		{7024C7BC-4149-4255-99C7-D8B25E8E0103}.Ad-Hoc|iPhoneSimulator.Build.0 = Release|Any CPU
		{7024C7BC-4149-4255-99C7-D8B25E8E0103}.Ad-Hoc|iPhoneSimulator.Deploy.0 = Release|Any CPU
		{7024C7BC-4149-4255-99C7-D8B25E8E0103}.Ad-Hoc|x64.ActiveCfg = Release|Any CPU
		{7024C7BC-4149-4255-99C7-D8B25E8E0103}.Ad-Hoc|x64.Build.0 = Release|Any CPU
		{7024C7BC-4149-4255-99C7-D8B25E8E0103}.Ad-Hoc|x64.Deploy.0 = Release|Any CPU
		{7024C7BC-4149-4255-99C7-D8B25E8E0103}.Ad-Hoc|x86.ActiveCfg = Release|Any CPU
		{7024C7BC-4149-4255-99C7-D8B25E8E0103}.Ad-Hoc|x86.Build.0 = Release|Any CPU
		{7024C7BC-4149-4255-99C7-D8B25E8E0103}.Ad-Hoc|x86.Deploy.0 = Release|Any CPU
		{7024C7BC-4149-4255-99C7-D8B25E8E0103}.AppStore|Any CPU.ActiveCfg = Release|Any CPU
		{7024C7BC-4149-4255-99C7-D8B25E8E0103}.AppStore|Any CPU.Build.0 = Release|Any CPU
		{7024C7BC-4149-4255-99C7-D8B25E8E0103}.AppStore|Any CPU.Deploy.0 = Release|Any CPU
		{7024C7BC-4149-4255-99C7-D8B25E8E0103}.AppStore|ARM.ActiveCfg = Release|Any CPU
		{7024C7BC-4149-4255-99C7-D8B25E8E0103}.AppStore|ARM.Build.0 = Release|Any CPU
		{7024C7BC-4149-4255-99C7-D8B25E8E0103}.AppStore|ARM.Deploy.0 = Release|Any CPU
		{7024C7BC-4149-4255-99C7-D8B25E8E0103}.AppStore|iPhone.ActiveCfg = Release|Any CPU
		{7024C7BC-4149-4255-99C7-D8B25E8E0103}.AppStore|iPhone.Build.0 = Release|Any CPU
		{7024C7BC-4149-4255-99C7-D8B25E8E0103}.AppStore|iPhone.Deploy.0 = Release|Any CPU
		{7024C7BC-4149-4255-99C7-D8B25E8E0103}.AppStore|iPhoneSimulator.ActiveCfg = Release|Any CPU
		{7024C7BC-4149-4255-99C7-D8B25E8E0103}.AppStore|iPhoneSimulator.Build.0 = Release|Any CPU
		{7024C7BC-4149-4255-99C7-D8B25E8E0103}.AppStore|iPhoneSimulator.Deploy.0 = Release|Any CPU
		{7024C7BC-4149-4255-99C7-D8B25E8E0103}.AppStore|x64.ActiveCfg = Release|Any CPU
		{7024C7BC-4149-4255-99C7-D8B25E8E0103}.AppStore|x64.Build.0 = Release|Any CPU
		{7024C7BC-4149-4255-99C7-D8B25E8E0103}.AppStore|x64.Deploy.0 = Release|Any CPU
		{7024C7BC-4149-4255-99C7-D8B25E8E0103}.AppStore|x86.ActiveCfg = Release|Any CPU
		{7024C7BC-4149-4255-99C7-D8B25E8E0103}.AppStore|x86.Build.0 = Release|Any CPU
		{7024C7BC-4149-4255-99C7-D8B25E8E0103}.AppStore|x86.Deploy.0 = Release|Any CPU
		{7024C7BC-4149-4255-99C7-D8B25E8E0103}.Debug|Any CPU.ActiveCfg = Debug|Any CPU
		{7024C7BC-4149-4255-99C7-D8B25E8E0103}.Debug|Any CPU.Build.0 = Debug|Any CPU
		{7024C7BC-4149-4255-99C7-D8B25E8E0103}.Debug|Any CPU.Deploy.0 = Debug|Any CPU
		{7024C7BC-4149-4255-99C7-D8B25E8E0103}.Debug|ARM.ActiveCfg = Debug|Any CPU
		{7024C7BC-4149-4255-99C7-D8B25E8E0103}.Debug|ARM.Build.0 = Debug|Any CPU
		{7024C7BC-4149-4255-99C7-D8B25E8E0103}.Debug|ARM.Deploy.0 = Debug|Any CPU
		{7024C7BC-4149-4255-99C7-D8B25E8E0103}.Debug|iPhone.ActiveCfg = Debug|Any CPU
		{7024C7BC-4149-4255-99C7-D8B25E8E0103}.Debug|iPhone.Build.0 = Debug|Any CPU
		{7024C7BC-4149-4255-99C7-D8B25E8E0103}.Debug|iPhone.Deploy.0 = Debug|Any CPU
		{7024C7BC-4149-4255-99C7-D8B25E8E0103}.Debug|iPhoneSimulator.ActiveCfg = Debug|Any CPU
		{7024C7BC-4149-4255-99C7-D8B25E8E0103}.Debug|iPhoneSimulator.Build.0 = Debug|Any CPU
		{7024C7BC-4149-4255-99C7-D8B25E8E0103}.Debug|iPhoneSimulator.Deploy.0 = Debug|Any CPU
		{7024C7BC-4149-4255-99C7-D8B25E8E0103}.Debug|x64.ActiveCfg = Debug|Any CPU
		{7024C7BC-4149-4255-99C7-D8B25E8E0103}.Debug|x64.Build.0 = Debug|Any CPU
		{7024C7BC-4149-4255-99C7-D8B25E8E0103}.Debug|x64.Deploy.0 = Debug|Any CPU
		{7024C7BC-4149-4255-99C7-D8B25E8E0103}.Debug|x86.ActiveCfg = Debug|Any CPU
		{7024C7BC-4149-4255-99C7-D8B25E8E0103}.Debug|x86.Build.0 = Debug|Any CPU
		{7024C7BC-4149-4255-99C7-D8B25E8E0103}.Debug|x86.Deploy.0 = Debug|Any CPU
		{7024C7BC-4149-4255-99C7-D8B25E8E0103}.Release|Any CPU.ActiveCfg = Release|Any CPU
		{7024C7BC-4149-4255-99C7-D8B25E8E0103}.Release|Any CPU.Build.0 = Release|Any CPU
		{7024C7BC-4149-4255-99C7-D8B25E8E0103}.Release|Any CPU.Deploy.0 = Release|Any CPU
		{7024C7BC-4149-4255-99C7-D8B25E8E0103}.Release|ARM.ActiveCfg = Release|Any CPU
		{7024C7BC-4149-4255-99C7-D8B25E8E0103}.Release|ARM.Build.0 = Release|Any CPU
		{7024C7BC-4149-4255-99C7-D8B25E8E0103}.Release|ARM.Deploy.0 = Release|Any CPU
		{7024C7BC-4149-4255-99C7-D8B25E8E0103}.Release|iPhone.ActiveCfg = Release|Any CPU
		{7024C7BC-4149-4255-99C7-D8B25E8E0103}.Release|iPhone.Build.0 = Release|Any CPU
		{7024C7BC-4149-4255-99C7-D8B25E8E0103}.Release|iPhone.Deploy.0 = Release|Any CPU
		{7024C7BC-4149-4255-99C7-D8B25E8E0103}.Release|iPhoneSimulator.ActiveCfg = Release|Any CPU
		{7024C7BC-4149-4255-99C7-D8B25E8E0103}.Release|iPhoneSimulator.Build.0 = Release|Any CPU
		{7024C7BC-4149-4255-99C7-D8B25E8E0103}.Release|iPhoneSimulator.Deploy.0 = Release|Any CPU
		{7024C7BC-4149-4255-99C7-D8B25E8E0103}.Release|x64.ActiveCfg = Release|Any CPU
		{7024C7BC-4149-4255-99C7-D8B25E8E0103}.Release|x64.Build.0 = Release|Any CPU
		{7024C7BC-4149-4255-99C7-D8B25E8E0103}.Release|x64.Deploy.0 = Release|Any CPU
		{7024C7BC-4149-4255-99C7-D8B25E8E0103}.Release|x86.ActiveCfg = Release|Any CPU
		{7024C7BC-4149-4255-99C7-D8B25E8E0103}.Release|x86.Build.0 = Release|Any CPU
		{7024C7BC-4149-4255-99C7-D8B25E8E0103}.Release|x86.Deploy.0 = Release|Any CPU
		{AD29A066-21F3-4E35-AB5D-AD2D7AC93006}.Ad-Hoc|Any CPU.ActiveCfg = Ad-Hoc|iPhone
		{AD29A066-21F3-4E35-AB5D-AD2D7AC93006}.Ad-Hoc|ARM.ActiveCfg = Ad-Hoc|iPhone
		{AD29A066-21F3-4E35-AB5D-AD2D7AC93006}.Ad-Hoc|iPhone.ActiveCfg = Ad-Hoc|iPhone
		{AD29A066-21F3-4E35-AB5D-AD2D7AC93006}.Ad-Hoc|iPhone.Build.0 = Ad-Hoc|iPhone
		{AD29A066-21F3-4E35-AB5D-AD2D7AC93006}.Ad-Hoc|iPhoneSimulator.ActiveCfg = Ad-Hoc|iPhoneSimulator
		{AD29A066-21F3-4E35-AB5D-AD2D7AC93006}.Ad-Hoc|iPhoneSimulator.Build.0 = Ad-Hoc|iPhoneSimulator
		{AD29A066-21F3-4E35-AB5D-AD2D7AC93006}.Ad-Hoc|x64.ActiveCfg = Ad-Hoc|iPhone
		{AD29A066-21F3-4E35-AB5D-AD2D7AC93006}.Ad-Hoc|x86.ActiveCfg = Ad-Hoc|iPhone
		{AD29A066-21F3-4E35-AB5D-AD2D7AC93006}.AppStore|Any CPU.ActiveCfg = AppStore|iPhone
		{AD29A066-21F3-4E35-AB5D-AD2D7AC93006}.AppStore|ARM.ActiveCfg = AppStore|iPhone
		{AD29A066-21F3-4E35-AB5D-AD2D7AC93006}.AppStore|iPhone.ActiveCfg = AppStore|iPhone
		{AD29A066-21F3-4E35-AB5D-AD2D7AC93006}.AppStore|iPhone.Build.0 = AppStore|iPhone
		{AD29A066-21F3-4E35-AB5D-AD2D7AC93006}.AppStore|iPhoneSimulator.ActiveCfg = AppStore|iPhoneSimulator
		{AD29A066-21F3-4E35-AB5D-AD2D7AC93006}.AppStore|iPhoneSimulator.Build.0 = AppStore|iPhoneSimulator
		{AD29A066-21F3-4E35-AB5D-AD2D7AC93006}.AppStore|x64.ActiveCfg = AppStore|iPhone
		{AD29A066-21F3-4E35-AB5D-AD2D7AC93006}.AppStore|x86.ActiveCfg = AppStore|iPhone
		{AD29A066-21F3-4E35-AB5D-AD2D7AC93006}.Debug|Any CPU.ActiveCfg = Debug|iPhone
		{AD29A066-21F3-4E35-AB5D-AD2D7AC93006}.Debug|ARM.ActiveCfg = Debug|iPhone
		{AD29A066-21F3-4E35-AB5D-AD2D7AC93006}.Debug|iPhone.ActiveCfg = Debug|iPhone
		{AD29A066-21F3-4E35-AB5D-AD2D7AC93006}.Debug|iPhone.Build.0 = Debug|iPhone
		{AD29A066-21F3-4E35-AB5D-AD2D7AC93006}.Debug|iPhoneSimulator.ActiveCfg = Debug|iPhoneSimulator
		{AD29A066-21F3-4E35-AB5D-AD2D7AC93006}.Debug|iPhoneSimulator.Build.0 = Debug|iPhoneSimulator
		{AD29A066-21F3-4E35-AB5D-AD2D7AC93006}.Debug|x64.ActiveCfg = Debug|iPhone
		{AD29A066-21F3-4E35-AB5D-AD2D7AC93006}.Debug|x86.ActiveCfg = Debug|iPhone
		{AD29A066-21F3-4E35-AB5D-AD2D7AC93006}.Release|Any CPU.ActiveCfg = Release|iPhone
		{AD29A066-21F3-4E35-AB5D-AD2D7AC93006}.Release|ARM.ActiveCfg = Release|iPhone
		{AD29A066-21F3-4E35-AB5D-AD2D7AC93006}.Release|iPhone.ActiveCfg = Release|iPhone
		{AD29A066-21F3-4E35-AB5D-AD2D7AC93006}.Release|iPhone.Build.0 = Release|iPhone
		{AD29A066-21F3-4E35-AB5D-AD2D7AC93006}.Release|iPhoneSimulator.ActiveCfg = Release|iPhoneSimulator
		{AD29A066-21F3-4E35-AB5D-AD2D7AC93006}.Release|iPhoneSimulator.Build.0 = Release|iPhoneSimulator
		{AD29A066-21F3-4E35-AB5D-AD2D7AC93006}.Release|x64.ActiveCfg = Release|iPhone
		{AD29A066-21F3-4E35-AB5D-AD2D7AC93006}.Release|x86.ActiveCfg = Release|iPhone
		{3FACCE20-F1EA-4B6C-A7F8-16A43D94A288}.Ad-Hoc|Any CPU.ActiveCfg = Release|Any CPU
		{3FACCE20-F1EA-4B6C-A7F8-16A43D94A288}.Ad-Hoc|Any CPU.Build.0 = Release|Any CPU
		{3FACCE20-F1EA-4B6C-A7F8-16A43D94A288}.Ad-Hoc|Any CPU.Deploy.0 = Release|Any CPU
		{3FACCE20-F1EA-4B6C-A7F8-16A43D94A288}.Ad-Hoc|ARM.ActiveCfg = Release|ARM
		{3FACCE20-F1EA-4B6C-A7F8-16A43D94A288}.Ad-Hoc|ARM.Build.0 = Release|ARM
		{3FACCE20-F1EA-4B6C-A7F8-16A43D94A288}.Ad-Hoc|ARM.Deploy.0 = Release|ARM
		{3FACCE20-F1EA-4B6C-A7F8-16A43D94A288}.Ad-Hoc|iPhone.ActiveCfg = Release|Any CPU
		{3FACCE20-F1EA-4B6C-A7F8-16A43D94A288}.Ad-Hoc|iPhone.Build.0 = Release|Any CPU
		{3FACCE20-F1EA-4B6C-A7F8-16A43D94A288}.Ad-Hoc|iPhone.Deploy.0 = Release|Any CPU
		{3FACCE20-F1EA-4B6C-A7F8-16A43D94A288}.Ad-Hoc|iPhoneSimulator.ActiveCfg = Release|Any CPU
		{3FACCE20-F1EA-4B6C-A7F8-16A43D94A288}.Ad-Hoc|iPhoneSimulator.Build.0 = Release|Any CPU
		{3FACCE20-F1EA-4B6C-A7F8-16A43D94A288}.Ad-Hoc|iPhoneSimulator.Deploy.0 = Release|Any CPU
		{3FACCE20-F1EA-4B6C-A7F8-16A43D94A288}.Ad-Hoc|x64.ActiveCfg = Release|Any CPU
		{3FACCE20-F1EA-4B6C-A7F8-16A43D94A288}.Ad-Hoc|x64.Build.0 = Release|Any CPU
		{3FACCE20-F1EA-4B6C-A7F8-16A43D94A288}.Ad-Hoc|x64.Deploy.0 = Release|Any CPU
		{3FACCE20-F1EA-4B6C-A7F8-16A43D94A288}.Ad-Hoc|x86.ActiveCfg = Release|x86
		{3FACCE20-F1EA-4B6C-A7F8-16A43D94A288}.Ad-Hoc|x86.Build.0 = Release|x86
		{3FACCE20-F1EA-4B6C-A7F8-16A43D94A288}.Ad-Hoc|x86.Deploy.0 = Release|x86
		{3FACCE20-F1EA-4B6C-A7F8-16A43D94A288}.AppStore|Any CPU.ActiveCfg = Release|Any CPU
		{3FACCE20-F1EA-4B6C-A7F8-16A43D94A288}.AppStore|Any CPU.Build.0 = Release|Any CPU
		{3FACCE20-F1EA-4B6C-A7F8-16A43D94A288}.AppStore|Any CPU.Deploy.0 = Release|Any CPU
		{3FACCE20-F1EA-4B6C-A7F8-16A43D94A288}.AppStore|ARM.ActiveCfg = Release|ARM
		{3FACCE20-F1EA-4B6C-A7F8-16A43D94A288}.AppStore|ARM.Build.0 = Release|ARM
		{3FACCE20-F1EA-4B6C-A7F8-16A43D94A288}.AppStore|ARM.Deploy.0 = Release|ARM
		{3FACCE20-F1EA-4B6C-A7F8-16A43D94A288}.AppStore|iPhone.ActiveCfg = Release|Any CPU
		{3FACCE20-F1EA-4B6C-A7F8-16A43D94A288}.AppStore|iPhone.Build.0 = Release|Any CPU
		{3FACCE20-F1EA-4B6C-A7F8-16A43D94A288}.AppStore|iPhone.Deploy.0 = Release|Any CPU
		{3FACCE20-F1EA-4B6C-A7F8-16A43D94A288}.AppStore|iPhoneSimulator.ActiveCfg = Release|Any CPU
		{3FACCE20-F1EA-4B6C-A7F8-16A43D94A288}.AppStore|iPhoneSimulator.Build.0 = Release|Any CPU
		{3FACCE20-F1EA-4B6C-A7F8-16A43D94A288}.AppStore|iPhoneSimulator.Deploy.0 = Release|Any CPU
		{3FACCE20-F1EA-4B6C-A7F8-16A43D94A288}.AppStore|x64.ActiveCfg = Release|Any CPU
		{3FACCE20-F1EA-4B6C-A7F8-16A43D94A288}.AppStore|x64.Build.0 = Release|Any CPU
		{3FACCE20-F1EA-4B6C-A7F8-16A43D94A288}.AppStore|x64.Deploy.0 = Release|Any CPU
		{3FACCE20-F1EA-4B6C-A7F8-16A43D94A288}.AppStore|x86.ActiveCfg = Release|x86
		{3FACCE20-F1EA-4B6C-A7F8-16A43D94A288}.AppStore|x86.Build.0 = Release|x86
		{3FACCE20-F1EA-4B6C-A7F8-16A43D94A288}.AppStore|x86.Deploy.0 = Release|x86
		{3FACCE20-F1EA-4B6C-A7F8-16A43D94A288}.Debug|Any CPU.ActiveCfg = Debug|Any CPU
		{3FACCE20-F1EA-4B6C-A7F8-16A43D94A288}.Debug|Any CPU.Build.0 = Debug|Any CPU
		{3FACCE20-F1EA-4B6C-A7F8-16A43D94A288}.Debug|Any CPU.Deploy.0 = Debug|Any CPU
		{3FACCE20-F1EA-4B6C-A7F8-16A43D94A288}.Debug|ARM.ActiveCfg = Debug|ARM
		{3FACCE20-F1EA-4B6C-A7F8-16A43D94A288}.Debug|ARM.Build.0 = Debug|ARM
		{3FACCE20-F1EA-4B6C-A7F8-16A43D94A288}.Debug|ARM.Deploy.0 = Debug|ARM
		{3FACCE20-F1EA-4B6C-A7F8-16A43D94A288}.Debug|iPhone.ActiveCfg = Debug|Any CPU
		{3FACCE20-F1EA-4B6C-A7F8-16A43D94A288}.Debug|iPhone.Build.0 = Debug|Any CPU
		{3FACCE20-F1EA-4B6C-A7F8-16A43D94A288}.Debug|iPhone.Deploy.0 = Debug|Any CPU
		{3FACCE20-F1EA-4B6C-A7F8-16A43D94A288}.Debug|iPhoneSimulator.ActiveCfg = Debug|Any CPU
		{3FACCE20-F1EA-4B6C-A7F8-16A43D94A288}.Debug|iPhoneSimulator.Build.0 = Debug|Any CPU
		{3FACCE20-F1EA-4B6C-A7F8-16A43D94A288}.Debug|iPhoneSimulator.Deploy.0 = Debug|Any CPU
		{3FACCE20-F1EA-4B6C-A7F8-16A43D94A288}.Debug|x64.ActiveCfg = Debug|Any CPU
		{3FACCE20-F1EA-4B6C-A7F8-16A43D94A288}.Debug|x64.Build.0 = Debug|Any CPU
		{3FACCE20-F1EA-4B6C-A7F8-16A43D94A288}.Debug|x64.Deploy.0 = Debug|Any CPU
		{3FACCE20-F1EA-4B6C-A7F8-16A43D94A288}.Debug|x86.ActiveCfg = Debug|x86
		{3FACCE20-F1EA-4B6C-A7F8-16A43D94A288}.Debug|x86.Build.0 = Debug|x86
		{3FACCE20-F1EA-4B6C-A7F8-16A43D94A288}.Debug|x86.Deploy.0 = Debug|x86
		{3FACCE20-F1EA-4B6C-A7F8-16A43D94A288}.Release|Any CPU.ActiveCfg = Release|Any CPU
		{3FACCE20-F1EA-4B6C-A7F8-16A43D94A288}.Release|Any CPU.Build.0 = Release|Any CPU
		{3FACCE20-F1EA-4B6C-A7F8-16A43D94A288}.Release|Any CPU.Deploy.0 = Release|Any CPU
		{3FACCE20-F1EA-4B6C-A7F8-16A43D94A288}.Release|ARM.ActiveCfg = Release|ARM
		{3FACCE20-F1EA-4B6C-A7F8-16A43D94A288}.Release|ARM.Build.0 = Release|ARM
		{3FACCE20-F1EA-4B6C-A7F8-16A43D94A288}.Release|ARM.Deploy.0 = Release|ARM
		{3FACCE20-F1EA-4B6C-A7F8-16A43D94A288}.Release|iPhone.ActiveCfg = Release|Any CPU
		{3FACCE20-F1EA-4B6C-A7F8-16A43D94A288}.Release|iPhone.Build.0 = Release|Any CPU
		{3FACCE20-F1EA-4B6C-A7F8-16A43D94A288}.Release|iPhone.Deploy.0 = Release|Any CPU
		{3FACCE20-F1EA-4B6C-A7F8-16A43D94A288}.Release|iPhoneSimulator.ActiveCfg = Release|Any CPU
		{3FACCE20-F1EA-4B6C-A7F8-16A43D94A288}.Release|iPhoneSimulator.Build.0 = Release|Any CPU
		{3FACCE20-F1EA-4B6C-A7F8-16A43D94A288}.Release|iPhoneSimulator.Deploy.0 = Release|Any CPU
		{3FACCE20-F1EA-4B6C-A7F8-16A43D94A288}.Release|x64.ActiveCfg = Release|Any CPU
		{3FACCE20-F1EA-4B6C-A7F8-16A43D94A288}.Release|x64.Build.0 = Release|Any CPU
		{3FACCE20-F1EA-4B6C-A7F8-16A43D94A288}.Release|x64.Deploy.0 = Release|Any CPU
		{3FACCE20-F1EA-4B6C-A7F8-16A43D94A288}.Release|x86.ActiveCfg = Release|x86
		{3FACCE20-F1EA-4B6C-A7F8-16A43D94A288}.Release|x86.Build.0 = Release|x86
		{3FACCE20-F1EA-4B6C-A7F8-16A43D94A288}.Release|x86.Deploy.0 = Release|x86
		{51482B2D-2877-4D4A-9311-964B45394D3E}.Ad-Hoc|Any CPU.ActiveCfg = Release|Any CPU
		{51482B2D-2877-4D4A-9311-964B45394D3E}.Ad-Hoc|Any CPU.Build.0 = Release|Any CPU
		{51482B2D-2877-4D4A-9311-964B45394D3E}.Ad-Hoc|Any CPU.Deploy.0 = Release|Any CPU
		{51482B2D-2877-4D4A-9311-964B45394D3E}.Ad-Hoc|ARM.ActiveCfg = Release|ARM
		{51482B2D-2877-4D4A-9311-964B45394D3E}.Ad-Hoc|ARM.Build.0 = Release|ARM
		{51482B2D-2877-4D4A-9311-964B45394D3E}.Ad-Hoc|ARM.Deploy.0 = Release|ARM
		{51482B2D-2877-4D4A-9311-964B45394D3E}.Ad-Hoc|iPhone.ActiveCfg = Release|Any CPU
		{51482B2D-2877-4D4A-9311-964B45394D3E}.Ad-Hoc|iPhone.Build.0 = Release|Any CPU
		{51482B2D-2877-4D4A-9311-964B45394D3E}.Ad-Hoc|iPhone.Deploy.0 = Release|Any CPU
		{51482B2D-2877-4D4A-9311-964B45394D3E}.Ad-Hoc|iPhoneSimulator.ActiveCfg = Release|Any CPU
		{51482B2D-2877-4D4A-9311-964B45394D3E}.Ad-Hoc|iPhoneSimulator.Build.0 = Release|Any CPU
		{51482B2D-2877-4D4A-9311-964B45394D3E}.Ad-Hoc|iPhoneSimulator.Deploy.0 = Release|Any CPU
		{51482B2D-2877-4D4A-9311-964B45394D3E}.Ad-Hoc|x64.ActiveCfg = Release|x64
		{51482B2D-2877-4D4A-9311-964B45394D3E}.Ad-Hoc|x64.Build.0 = Release|x64
		{51482B2D-2877-4D4A-9311-964B45394D3E}.Ad-Hoc|x64.Deploy.0 = Release|x64
		{51482B2D-2877-4D4A-9311-964B45394D3E}.Ad-Hoc|x86.ActiveCfg = Release|x86
		{51482B2D-2877-4D4A-9311-964B45394D3E}.Ad-Hoc|x86.Build.0 = Release|x86
		{51482B2D-2877-4D4A-9311-964B45394D3E}.Ad-Hoc|x86.Deploy.0 = Release|x86
		{51482B2D-2877-4D4A-9311-964B45394D3E}.AppStore|Any CPU.ActiveCfg = Release|Any CPU
		{51482B2D-2877-4D4A-9311-964B45394D3E}.AppStore|Any CPU.Build.0 = Release|Any CPU
		{51482B2D-2877-4D4A-9311-964B45394D3E}.AppStore|Any CPU.Deploy.0 = Release|Any CPU
		{51482B2D-2877-4D4A-9311-964B45394D3E}.AppStore|ARM.ActiveCfg = Release|ARM
		{51482B2D-2877-4D4A-9311-964B45394D3E}.AppStore|ARM.Build.0 = Release|ARM
		{51482B2D-2877-4D4A-9311-964B45394D3E}.AppStore|ARM.Deploy.0 = Release|ARM
		{51482B2D-2877-4D4A-9311-964B45394D3E}.AppStore|iPhone.ActiveCfg = Release|Any CPU
		{51482B2D-2877-4D4A-9311-964B45394D3E}.AppStore|iPhone.Build.0 = Release|Any CPU
		{51482B2D-2877-4D4A-9311-964B45394D3E}.AppStore|iPhone.Deploy.0 = Release|Any CPU
		{51482B2D-2877-4D4A-9311-964B45394D3E}.AppStore|iPhoneSimulator.ActiveCfg = Release|Any CPU
		{51482B2D-2877-4D4A-9311-964B45394D3E}.AppStore|iPhoneSimulator.Build.0 = Release|Any CPU
		{51482B2D-2877-4D4A-9311-964B45394D3E}.AppStore|iPhoneSimulator.Deploy.0 = Release|Any CPU
		{51482B2D-2877-4D4A-9311-964B45394D3E}.AppStore|x64.ActiveCfg = Release|x64
		{51482B2D-2877-4D4A-9311-964B45394D3E}.AppStore|x64.Build.0 = Release|x64
		{51482B2D-2877-4D4A-9311-964B45394D3E}.AppStore|x64.Deploy.0 = Release|x64
		{51482B2D-2877-4D4A-9311-964B45394D3E}.AppStore|x86.ActiveCfg = Release|x86
		{51482B2D-2877-4D4A-9311-964B45394D3E}.AppStore|x86.Build.0 = Release|x86
		{51482B2D-2877-4D4A-9311-964B45394D3E}.AppStore|x86.Deploy.0 = Release|x86
		{51482B2D-2877-4D4A-9311-964B45394D3E}.Debug|Any CPU.ActiveCfg = Debug|Any CPU
		{51482B2D-2877-4D4A-9311-964B45394D3E}.Debug|Any CPU.Build.0 = Debug|Any CPU
		{51482B2D-2877-4D4A-9311-964B45394D3E}.Debug|Any CPU.Deploy.0 = Debug|Any CPU
		{51482B2D-2877-4D4A-9311-964B45394D3E}.Debug|ARM.ActiveCfg = Debug|ARM
		{51482B2D-2877-4D4A-9311-964B45394D3E}.Debug|ARM.Build.0 = Debug|ARM
		{51482B2D-2877-4D4A-9311-964B45394D3E}.Debug|ARM.Deploy.0 = Debug|ARM
		{51482B2D-2877-4D4A-9311-964B45394D3E}.Debug|iPhone.ActiveCfg = Debug|Any CPU
		{51482B2D-2877-4D4A-9311-964B45394D3E}.Debug|iPhone.Build.0 = Debug|Any CPU
		{51482B2D-2877-4D4A-9311-964B45394D3E}.Debug|iPhone.Deploy.0 = Debug|Any CPU
		{51482B2D-2877-4D4A-9311-964B45394D3E}.Debug|iPhoneSimulator.ActiveCfg = Debug|Any CPU
		{51482B2D-2877-4D4A-9311-964B45394D3E}.Debug|iPhoneSimulator.Build.0 = Debug|Any CPU
		{51482B2D-2877-4D4A-9311-964B45394D3E}.Debug|iPhoneSimulator.Deploy.0 = Debug|Any CPU
		{51482B2D-2877-4D4A-9311-964B45394D3E}.Debug|x64.ActiveCfg = Debug|x64
		{51482B2D-2877-4D4A-9311-964B45394D3E}.Debug|x64.Build.0 = Debug|x64
		{51482B2D-2877-4D4A-9311-964B45394D3E}.Debug|x64.Deploy.0 = Debug|x64
		{51482B2D-2877-4D4A-9311-964B45394D3E}.Debug|x86.ActiveCfg = Debug|x86
		{51482B2D-2877-4D4A-9311-964B45394D3E}.Debug|x86.Build.0 = Debug|x86
		{51482B2D-2877-4D4A-9311-964B45394D3E}.Debug|x86.Deploy.0 = Debug|x86
		{51482B2D-2877-4D4A-9311-964B45394D3E}.Release|Any CPU.ActiveCfg = Release|Any CPU
		{51482B2D-2877-4D4A-9311-964B45394D3E}.Release|Any CPU.Build.0 = Release|Any CPU
		{51482B2D-2877-4D4A-9311-964B45394D3E}.Release|Any CPU.Deploy.0 = Release|Any CPU
		{51482B2D-2877-4D4A-9311-964B45394D3E}.Release|ARM.ActiveCfg = Release|ARM
		{51482B2D-2877-4D4A-9311-964B45394D3E}.Release|ARM.Build.0 = Release|ARM
		{51482B2D-2877-4D4A-9311-964B45394D3E}.Release|ARM.Deploy.0 = Release|ARM
		{51482B2D-2877-4D4A-9311-964B45394D3E}.Release|iPhone.ActiveCfg = Release|Any CPU
		{51482B2D-2877-4D4A-9311-964B45394D3E}.Release|iPhone.Build.0 = Release|Any CPU
		{51482B2D-2877-4D4A-9311-964B45394D3E}.Release|iPhone.Deploy.0 = Release|Any CPU
		{51482B2D-2877-4D4A-9311-964B45394D3E}.Release|iPhoneSimulator.ActiveCfg = Release|Any CPU
		{51482B2D-2877-4D4A-9311-964B45394D3E}.Release|iPhoneSimulator.Build.0 = Release|Any CPU
		{51482B2D-2877-4D4A-9311-964B45394D3E}.Release|iPhoneSimulator.Deploy.0 = Release|Any CPU
		{51482B2D-2877-4D4A-9311-964B45394D3E}.Release|x64.ActiveCfg = Release|x64
		{51482B2D-2877-4D4A-9311-964B45394D3E}.Release|x64.Build.0 = Release|x64
		{51482B2D-2877-4D4A-9311-964B45394D3E}.Release|x64.Deploy.0 = Release|x64
		{51482B2D-2877-4D4A-9311-964B45394D3E}.Release|x86.ActiveCfg = Release|x86
		{51482B2D-2877-4D4A-9311-964B45394D3E}.Release|x86.Build.0 = Release|x86
		{51482B2D-2877-4D4A-9311-964B45394D3E}.Release|x86.Deploy.0 = Release|x86
		{D8DA5F45-70D0-4465-8ECB-EF2AC9F68299}.Ad-Hoc|Any CPU.ActiveCfg = Release|Any CPU
		{D8DA5F45-70D0-4465-8ECB-EF2AC9F68299}.Ad-Hoc|Any CPU.Build.0 = Release|Any CPU
		{D8DA5F45-70D0-4465-8ECB-EF2AC9F68299}.Ad-Hoc|ARM.ActiveCfg = Release|Any CPU
		{D8DA5F45-70D0-4465-8ECB-EF2AC9F68299}.Ad-Hoc|ARM.Build.0 = Release|Any CPU
		{D8DA5F45-70D0-4465-8ECB-EF2AC9F68299}.Ad-Hoc|iPhone.ActiveCfg = Release|Any CPU
		{D8DA5F45-70D0-4465-8ECB-EF2AC9F68299}.Ad-Hoc|iPhone.Build.0 = Release|Any CPU
		{D8DA5F45-70D0-4465-8ECB-EF2AC9F68299}.Ad-Hoc|iPhoneSimulator.ActiveCfg = Release|Any CPU
		{D8DA5F45-70D0-4465-8ECB-EF2AC9F68299}.Ad-Hoc|iPhoneSimulator.Build.0 = Release|Any CPU
		{D8DA5F45-70D0-4465-8ECB-EF2AC9F68299}.Ad-Hoc|x64.ActiveCfg = Release|Any CPU
		{D8DA5F45-70D0-4465-8ECB-EF2AC9F68299}.Ad-Hoc|x64.Build.0 = Release|Any CPU
		{D8DA5F45-70D0-4465-8ECB-EF2AC9F68299}.Ad-Hoc|x86.ActiveCfg = Release|Any CPU
		{D8DA5F45-70D0-4465-8ECB-EF2AC9F68299}.Ad-Hoc|x86.Build.0 = Release|Any CPU
		{D8DA5F45-70D0-4465-8ECB-EF2AC9F68299}.AppStore|Any CPU.ActiveCfg = Release|Any CPU
		{D8DA5F45-70D0-4465-8ECB-EF2AC9F68299}.AppStore|Any CPU.Build.0 = Release|Any CPU
		{D8DA5F45-70D0-4465-8ECB-EF2AC9F68299}.AppStore|ARM.ActiveCfg = Release|Any CPU
		{D8DA5F45-70D0-4465-8ECB-EF2AC9F68299}.AppStore|ARM.Build.0 = Release|Any CPU
		{D8DA5F45-70D0-4465-8ECB-EF2AC9F68299}.AppStore|iPhone.ActiveCfg = Release|Any CPU
		{D8DA5F45-70D0-4465-8ECB-EF2AC9F68299}.AppStore|iPhone.Build.0 = Release|Any CPU
		{D8DA5F45-70D0-4465-8ECB-EF2AC9F68299}.AppStore|iPhoneSimulator.ActiveCfg = Release|Any CPU
		{D8DA5F45-70D0-4465-8ECB-EF2AC9F68299}.AppStore|iPhoneSimulator.Build.0 = Release|Any CPU
		{D8DA5F45-70D0-4465-8ECB-EF2AC9F68299}.AppStore|x64.ActiveCfg = Release|Any CPU
		{D8DA5F45-70D0-4465-8ECB-EF2AC9F68299}.AppStore|x64.Build.0 = Release|Any CPU
		{D8DA5F45-70D0-4465-8ECB-EF2AC9F68299}.AppStore|x86.ActiveCfg = Release|Any CPU
		{D8DA5F45-70D0-4465-8ECB-EF2AC9F68299}.AppStore|x86.Build.0 = Release|Any CPU
		{D8DA5F45-70D0-4465-8ECB-EF2AC9F68299}.Debug|Any CPU.ActiveCfg = Debug|Any CPU
		{D8DA5F45-70D0-4465-8ECB-EF2AC9F68299}.Debug|Any CPU.Build.0 = Debug|Any CPU
		{D8DA5F45-70D0-4465-8ECB-EF2AC9F68299}.Debug|ARM.ActiveCfg = Debug|Any CPU
		{D8DA5F45-70D0-4465-8ECB-EF2AC9F68299}.Debug|ARM.Build.0 = Debug|Any CPU
		{D8DA5F45-70D0-4465-8ECB-EF2AC9F68299}.Debug|iPhone.ActiveCfg = Debug|Any CPU
		{D8DA5F45-70D0-4465-8ECB-EF2AC9F68299}.Debug|iPhone.Build.0 = Debug|Any CPU
		{D8DA5F45-70D0-4465-8ECB-EF2AC9F68299}.Debug|iPhoneSimulator.ActiveCfg = Debug|Any CPU
		{D8DA5F45-70D0-4465-8ECB-EF2AC9F68299}.Debug|iPhoneSimulator.Build.0 = Debug|Any CPU
		{D8DA5F45-70D0-4465-8ECB-EF2AC9F68299}.Debug|x64.ActiveCfg = Debug|Any CPU
		{D8DA5F45-70D0-4465-8ECB-EF2AC9F68299}.Debug|x64.Build.0 = Debug|Any CPU
		{D8DA5F45-70D0-4465-8ECB-EF2AC9F68299}.Debug|x86.ActiveCfg = Debug|Any CPU
		{D8DA5F45-70D0-4465-8ECB-EF2AC9F68299}.Debug|x86.Build.0 = Debug|Any CPU
		{D8DA5F45-70D0-4465-8ECB-EF2AC9F68299}.Release|Any CPU.ActiveCfg = Release|Any CPU
		{D8DA5F45-70D0-4465-8ECB-EF2AC9F68299}.Release|Any CPU.Build.0 = Release|Any CPU
		{D8DA5F45-70D0-4465-8ECB-EF2AC9F68299}.Release|ARM.ActiveCfg = Release|Any CPU
		{D8DA5F45-70D0-4465-8ECB-EF2AC9F68299}.Release|ARM.Build.0 = Release|Any CPU
		{D8DA5F45-70D0-4465-8ECB-EF2AC9F68299}.Release|iPhone.ActiveCfg = Release|Any CPU
		{D8DA5F45-70D0-4465-8ECB-EF2AC9F68299}.Release|iPhone.Build.0 = Release|Any CPU
		{D8DA5F45-70D0-4465-8ECB-EF2AC9F68299}.Release|iPhoneSimulator.ActiveCfg = Release|Any CPU
		{D8DA5F45-70D0-4465-8ECB-EF2AC9F68299}.Release|iPhoneSimulator.Build.0 = Release|Any CPU
		{D8DA5F45-70D0-4465-8ECB-EF2AC9F68299}.Release|x64.ActiveCfg = Release|Any CPU
		{D8DA5F45-70D0-4465-8ECB-EF2AC9F68299}.Release|x64.Build.0 = Release|Any CPU
		{D8DA5F45-70D0-4465-8ECB-EF2AC9F68299}.Release|x86.ActiveCfg = Release|Any CPU
		{D8DA5F45-70D0-4465-8ECB-EF2AC9F68299}.Release|x86.Build.0 = Release|Any CPU
	EndGlobalSection
	GlobalSection(SolutionProperties) = preSolution
		HideSolutionNode = FALSE
	EndGlobalSection
EndGlobal
