
Microsoft Visual Studio Solution File, Format Version 12.00
# Visual Studio 14
VisualStudioVersion = 14.0.25123.0
MinimumVisualStudioVersion = 10.0.40219.1
Project("{FAE04EC0-301F-11D3-BF4B-00C04F79EFBC}") = "XamarinToast.Droid", "XamarinToast\XamarinToast.Droid\XamarinToast.Droid.csproj", "{6CA9AAA9-356A-4B03-AF1E-E34F2289C187}"
EndProject
Project("{FAE04EC0-301F-11D3-BF4B-00C04F79EFBC}") = "XamarinToast.iOS", "XamarinToast\XamarinToast.iOS\XamarinToast.iOS.csproj", "{73C88368-409C-4906-9313-5E5F65E6DC71}"
EndProject
Project("{FAE04EC0-301F-11D3-BF4B-00C04F79EFBC}") = "XamarinToast.WinPhone", "XamarinToast\XamarinToast.WinPhone\XamarinToast.WinPhone.csproj", "{678F3A4E-D6FD-40FF-81F8-B5BA6BF11DAC}"
EndProject
Project("{FAE04EC0-301F-11D3-BF4B-00C04F79EFBC}") = "XamarinToast.UWP", "XamarinToast\XamarinToast.UWP\XamarinToast.UWP.csproj", "{E612EF29-5943-48BC-A4C6-2B9B97C00E21}"
EndProject
Project("{FAE04EC0-301F-11D3-BF4B-00C04F79EFBC}") = "XamarinToast.Windows", "XamarinToast\XamarinToast.Windows\XamarinToast.Windows.csproj", "{529C6252-9913-49A6-A43B-9E300567EB6D}"
EndProject
Project("{D954291E-2A0B-460D-934E-DC6B0785DB48}") = "XamarinToast", "XamarinToast\XamarinToast\XamarinToast.shproj", "{A767C8A3-9915-4076-8B92-705E1815AE32}"
EndProject
Global
	GlobalSection(SharedMSBuildProjectFiles) = preSolution
		XamarinToast\XamarinToast\XamarinToast.projitems*{e612ef29-5943-48bc-a4c6-2b9b97c00e21}*SharedItemsImports = 4
		XamarinToast\XamarinToast\XamarinToast.projitems*{6ca9aaa9-356a-4b03-af1e-e34f2289c187}*SharedItemsImports = 4
		XamarinToast\XamarinToast\XamarinToast.projitems*{678f3a4e-d6fd-40ff-81f8-b5ba6bf11dac}*SharedItemsImports = 4
		XamarinToast\XamarinToast\XamarinToast.projitems*{a767c8a3-9915-4076-8b92-705e1815ae32}*SharedItemsImports = 13
		XamarinToast\XamarinToast\XamarinToast.projitems*{529c6252-9913-49a6-a43b-9e300567eb6d}*SharedItemsImports = 4
		XamarinToast\XamarinToast\XamarinToast.projitems*{73c88368-409c-4906-9313-5e5f65e6dc71}*SharedItemsImports = 4
	EndGlobalSection
	GlobalSection(SolutionConfigurationPlatforms) = preSolution
		Ad-Hoc|Any CPU = Ad-Hoc|Any CPU
		Ad-Hoc|ARM = Ad-Hoc|ARM
		Ad-Hoc|iPhone = Ad-Hoc|iPhone
		Ad-Hoc|iPhoneSimulator = Ad-Hoc|iPhoneSimulator
		Ad-Hoc|x64 = Ad-Hoc|x64
		Ad-Hoc|x86 = Ad-Hoc|x86
		AppStore|Any CPU = AppStore|Any CPU
		AppStore|ARM = AppStore|ARM
		AppStore|iPhone = AppStore|iPhone
		AppStore|iPhoneSimulator = AppStore|iPhoneSimulator
		AppStore|x64 = AppStore|x64
		AppStore|x86 = AppStore|x86
		Debug|Any CPU = Debug|Any CPU
		Debug|ARM = Debug|ARM
		Debug|iPhone = Debug|iPhone
		Debug|iPhoneSimulator = Debug|iPhoneSimulator
		Debug|x64 = Debug|x64
		Debug|x86 = Debug|x86
		Release|Any CPU = Release|Any CPU
		Release|ARM = Release|ARM
		Release|iPhone = Release|iPhone
		Release|iPhoneSimulator = Release|iPhoneSimulator
		Release|x64 = Release|x64
		Release|x86 = Release|x86
	EndGlobalSection
	GlobalSection(ProjectConfigurationPlatforms) = postSolution
		{6CA9AAA9-356A-4B03-AF1E-E34F2289C187}.Ad-Hoc|Any CPU.ActiveCfg = Release|Any CPU
		{6CA9AAA9-356A-4B03-AF1E-E34F2289C187}.Ad-Hoc|Any CPU.Build.0 = Release|Any CPU
		{6CA9AAA9-356A-4B03-AF1E-E34F2289C187}.Ad-Hoc|Any CPU.Deploy.0 = Release|Any CPU
		{6CA9AAA9-356A-4B03-AF1E-E34F2289C187}.Ad-Hoc|ARM.ActiveCfg = Release|Any CPU
		{6CA9AAA9-356A-4B03-AF1E-E34F2289C187}.Ad-Hoc|ARM.Build.0 = Release|Any CPU
		{6CA9AAA9-356A-4B03-AF1E-E34F2289C187}.Ad-Hoc|ARM.Deploy.0 = Release|Any CPU
		{6CA9AAA9-356A-4B03-AF1E-E34F2289C187}.Ad-Hoc|iPhone.ActiveCfg = Release|Any CPU
		{6CA9AAA9-356A-4B03-AF1E-E34F2289C187}.Ad-Hoc|iPhone.Build.0 = Release|Any CPU
		{6CA9AAA9-356A-4B03-AF1E-E34F2289C187}.Ad-Hoc|iPhone.Deploy.0 = Release|Any CPU
		{6CA9AAA9-356A-4B03-AF1E-E34F2289C187}.Ad-Hoc|iPhoneSimulator.ActiveCfg = Release|Any CPU
		{6CA9AAA9-356A-4B03-AF1E-E34F2289C187}.Ad-Hoc|iPhoneSimulator.Build.0 = Release|Any CPU
		{6CA9AAA9-356A-4B03-AF1E-E34F2289C187}.Ad-Hoc|iPhoneSimulator.Deploy.0 = Release|Any CPU
		{6CA9AAA9-356A-4B03-AF1E-E34F2289C187}.Ad-Hoc|x64.ActiveCfg = Release|Any CPU
		{6CA9AAA9-356A-4B03-AF1E-E34F2289C187}.Ad-Hoc|x64.Build.0 = Release|Any CPU
		{6CA9AAA9-356A-4B03-AF1E-E34F2289C187}.Ad-Hoc|x64.Deploy.0 = Release|Any CPU
		{6CA9AAA9-356A-4B03-AF1E-E34F2289C187}.Ad-Hoc|x86.ActiveCfg = Release|Any CPU
		{6CA9AAA9-356A-4B03-AF1E-E34F2289C187}.Ad-Hoc|x86.Build.0 = Release|Any CPU
		{6CA9AAA9-356A-4B03-AF1E-E34F2289C187}.Ad-Hoc|x86.Deploy.0 = Release|Any CPU
		{6CA9AAA9-356A-4B03-AF1E-E34F2289C187}.AppStore|Any CPU.ActiveCfg = Release|Any CPU
		{6CA9AAA9-356A-4B03-AF1E-E34F2289C187}.AppStore|Any CPU.Build.0 = Release|Any CPU
		{6CA9AAA9-356A-4B03-AF1E-E34F2289C187}.AppStore|Any CPU.Deploy.0 = Release|Any CPU
		{6CA9AAA9-356A-4B03-AF1E-E34F2289C187}.AppStore|ARM.ActiveCfg = Release|Any CPU
		{6CA9AAA9-356A-4B03-AF1E-E34F2289C187}.AppStore|ARM.Build.0 = Release|Any CPU
		{6CA9AAA9-356A-4B03-AF1E-E34F2289C187}.AppStore|ARM.Deploy.0 = Release|Any CPU
		{6CA9AAA9-356A-4B03-AF1E-E34F2289C187}.AppStore|iPhone.ActiveCfg = Release|Any CPU
		{6CA9AAA9-356A-4B03-AF1E-E34F2289C187}.AppStore|iPhone.Build.0 = Release|Any CPU
		{6CA9AAA9-356A-4B03-AF1E-E34F2289C187}.AppStore|iPhone.Deploy.0 = Release|Any CPU
		{6CA9AAA9-356A-4B03-AF1E-E34F2289C187}.AppStore|iPhoneSimulator.ActiveCfg = Release|Any CPU
		{6CA9AAA9-356A-4B03-AF1E-E34F2289C187}.AppStore|iPhoneSimulator.Build.0 = Release|Any CPU
		{6CA9AAA9-356A-4B03-AF1E-E34F2289C187}.AppStore|iPhoneSimulator.Deploy.0 = Release|Any CPU
		{6CA9AAA9-356A-4B03-AF1E-E34F2289C187}.AppStore|x64.ActiveCfg = Release|Any CPU
		{6CA9AAA9-356A-4B03-AF1E-E34F2289C187}.AppStore|x64.Build.0 = Release|Any CPU
		{6CA9AAA9-356A-4B03-AF1E-E34F2289C187}.AppStore|x64.Deploy.0 = Release|Any CPU
		{6CA9AAA9-356A-4B03-AF1E-E34F2289C187}.AppStore|x86.ActiveCfg = Release|Any CPU
		{6CA9AAA9-356A-4B03-AF1E-E34F2289C187}.AppStore|x86.Build.0 = Release|Any CPU
		{6CA9AAA9-356A-4B03-AF1E-E34F2289C187}.AppStore|x86.Deploy.0 = Release|Any CPU
		{6CA9AAA9-356A-4B03-AF1E-E34F2289C187}.Debug|Any CPU.ActiveCfg = Debug|Any CPU
		{6CA9AAA9-356A-4B03-AF1E-E34F2289C187}.Debug|Any CPU.Build.0 = Debug|Any CPU
		{6CA9AAA9-356A-4B03-AF1E-E34F2289C187}.Debug|Any CPU.Deploy.0 = Debug|Any CPU
		{6CA9AAA9-356A-4B03-AF1E-E34F2289C187}.Debug|ARM.ActiveCfg = Debug|Any CPU
		{6CA9AAA9-356A-4B03-AF1E-E34F2289C187}.Debug|ARM.Build.0 = Debug|Any CPU
		{6CA9AAA9-356A-4B03-AF1E-E34F2289C187}.Debug|ARM.Deploy.0 = Debug|Any CPU
		{6CA9AAA9-356A-4B03-AF1E-E34F2289C187}.Debug|iPhone.ActiveCfg = Debug|Any CPU
		{6CA9AAA9-356A-4B03-AF1E-E34F2289C187}.Debug|iPhone.Build.0 = Debug|Any CPU
		{6CA9AAA9-356A-4B03-AF1E-E34F2289C187}.Debug|iPhone.Deploy.0 = Debug|Any CPU
		{6CA9AAA9-356A-4B03-AF1E-E34F2289C187}.Debug|iPhoneSimulator.ActiveCfg = Debug|Any CPU
		{6CA9AAA9-356A-4B03-AF1E-E34F2289C187}.Debug|iPhoneSimulator.Build.0 = Debug|Any CPU
		{6CA9AAA9-356A-4B03-AF1E-E34F2289C187}.Debug|iPhoneSimulator.Deploy.0 = Debug|Any CPU
		{6CA9AAA9-356A-4B03-AF1E-E34F2289C187}.Debug|x64.ActiveCfg = Debug|Any CPU
		{6CA9AAA9-356A-4B03-AF1E-E34F2289C187}.Debug|x64.Build.0 = Debug|Any CPU
		{6CA9AAA9-356A-4B03-AF1E-E34F2289C187}.Debug|x64.Deploy.0 = Debug|Any CPU
		{6CA9AAA9-356A-4B03-AF1E-E34F2289C187}.Debug|x86.ActiveCfg = Debug|Any CPU
		{6CA9AAA9-356A-4B03-AF1E-E34F2289C187}.Debug|x86.Build.0 = Debug|Any CPU
		{6CA9AAA9-356A-4B03-AF1E-E34F2289C187}.Debug|x86.Deploy.0 = Debug|Any CPU
		{6CA9AAA9-356A-4B03-AF1E-E34F2289C187}.Release|Any CPU.ActiveCfg = Release|Any CPU
		{6CA9AAA9-356A-4B03-AF1E-E34F2289C187}.Release|Any CPU.Build.0 = Release|Any CPU
		{6CA9AAA9-356A-4B03-AF1E-E34F2289C187}.Release|Any CPU.Deploy.0 = Release|Any CPU
		{6CA9AAA9-356A-4B03-AF1E-E34F2289C187}.Release|ARM.ActiveCfg = Release|Any CPU
		{6CA9AAA9-356A-4B03-AF1E-E34F2289C187}.Release|ARM.Build.0 = Release|Any CPU
		{6CA9AAA9-356A-4B03-AF1E-E34F2289C187}.Release|ARM.Deploy.0 = Release|Any CPU
		{6CA9AAA9-356A-4B03-AF1E-E34F2289C187}.Release|iPhone.ActiveCfg = Release|Any CPU
		{6CA9AAA9-356A-4B03-AF1E-E34F2289C187}.Release|iPhone.Build.0 = Release|Any CPU
		{6CA9AAA9-356A-4B03-AF1E-E34F2289C187}.Release|iPhone.Deploy.0 = Release|Any CPU
		{6CA9AAA9-356A-4B03-AF1E-E34F2289C187}.Release|iPhoneSimulator.ActiveCfg = Release|Any CPU
		{6CA9AAA9-356A-4B03-AF1E-E34F2289C187}.Release|iPhoneSimulator.Build.0 = Release|Any CPU
		{6CA9AAA9-356A-4B03-AF1E-E34F2289C187}.Release|iPhoneSimulator.Deploy.0 = Release|Any CPU
		{6CA9AAA9-356A-4B03-AF1E-E34F2289C187}.Release|x64.ActiveCfg = Release|Any CPU
		{6CA9AAA9-356A-4B03-AF1E-E34F2289C187}.Release|x64.Build.0 = Release|Any CPU
		{6CA9AAA9-356A-4B03-AF1E-E34F2289C187}.Release|x64.Deploy.0 = Release|Any CPU
		{6CA9AAA9-356A-4B03-AF1E-E34F2289C187}.Release|x86.ActiveCfg = Release|Any CPU
		{6CA9AAA9-356A-4B03-AF1E-E34F2289C187}.Release|x86.Build.0 = Release|Any CPU
		{6CA9AAA9-356A-4B03-AF1E-E34F2289C187}.Release|x86.Deploy.0 = Release|Any CPU
		{73C88368-409C-4906-9313-5E5F65E6DC71}.Ad-Hoc|Any CPU.ActiveCfg = Ad-Hoc|iPhone
		{73C88368-409C-4906-9313-5E5F65E6DC71}.Ad-Hoc|ARM.ActiveCfg = Ad-Hoc|iPhone
		{73C88368-409C-4906-9313-5E5F65E6DC71}.Ad-Hoc|iPhone.ActiveCfg = Ad-Hoc|iPhone
		{73C88368-409C-4906-9313-5E5F65E6DC71}.Ad-Hoc|iPhone.Build.0 = Ad-Hoc|iPhone
		{73C88368-409C-4906-9313-5E5F65E6DC71}.Ad-Hoc|iPhoneSimulator.ActiveCfg = Ad-Hoc|iPhoneSimulator
		{73C88368-409C-4906-9313-5E5F65E6DC71}.Ad-Hoc|iPhoneSimulator.Build.0 = Ad-Hoc|iPhoneSimulator
		{73C88368-409C-4906-9313-5E5F65E6DC71}.Ad-Hoc|x64.ActiveCfg = Ad-Hoc|iPhone
		{73C88368-409C-4906-9313-5E5F65E6DC71}.Ad-Hoc|x86.ActiveCfg = Ad-Hoc|iPhone
		{73C88368-409C-4906-9313-5E5F65E6DC71}.AppStore|Any CPU.ActiveCfg = AppStore|iPhone
		{73C88368-409C-4906-9313-5E5F65E6DC71}.AppStore|ARM.ActiveCfg = AppStore|iPhone
		{73C88368-409C-4906-9313-5E5F65E6DC71}.AppStore|iPhone.ActiveCfg = AppStore|iPhone
		{73C88368-409C-4906-9313-5E5F65E6DC71}.AppStore|iPhone.Build.0 = AppStore|iPhone
		{73C88368-409C-4906-9313-5E5F65E6DC71}.AppStore|iPhoneSimulator.ActiveCfg = AppStore|iPhoneSimulator
		{73C88368-409C-4906-9313-5E5F65E6DC71}.AppStore|iPhoneSimulator.Build.0 = AppStore|iPhoneSimulator
		{73C88368-409C-4906-9313-5E5F65E6DC71}.AppStore|x64.ActiveCfg = AppStore|iPhone
		{73C88368-409C-4906-9313-5E5F65E6DC71}.AppStore|x86.ActiveCfg = AppStore|iPhone
		{73C88368-409C-4906-9313-5E5F65E6DC71}.Debug|Any CPU.ActiveCfg = Debug|iPhone
		{73C88368-409C-4906-9313-5E5F65E6DC71}.Debug|ARM.ActiveCfg = Debug|iPhone
		{73C88368-409C-4906-9313-5E5F65E6DC71}.Debug|iPhone.ActiveCfg = Debug|iPhone
		{73C88368-409C-4906-9313-5E5F65E6DC71}.Debug|iPhone.Build.0 = Debug|iPhone
		{73C88368-409C-4906-9313-5E5F65E6DC71}.Debug|iPhoneSimulator.ActiveCfg = Debug|iPhoneSimulator
		{73C88368-409C-4906-9313-5E5F65E6DC71}.Debug|iPhoneSimulator.Build.0 = Debug|iPhoneSimulator
		{73C88368-409C-4906-9313-5E5F65E6DC71}.Debug|x64.ActiveCfg = Debug|iPhone
		{73C88368-409C-4906-9313-5E5F65E6DC71}.Debug|x86.ActiveCfg = Debug|iPhone
		{73C88368-409C-4906-9313-5E5F65E6DC71}.Release|Any CPU.ActiveCfg = Release|iPhone
		{73C88368-409C-4906-9313-5E5F65E6DC71}.Release|ARM.ActiveCfg = Release|iPhone
		{73C88368-409C-4906-9313-5E5F65E6DC71}.Release|iPhone.ActiveCfg = Release|iPhone
		{73C88368-409C-4906-9313-5E5F65E6DC71}.Release|iPhone.Build.0 = Release|iPhone
		{73C88368-409C-4906-9313-5E5F65E6DC71}.Release|iPhoneSimulator.ActiveCfg = Release|iPhoneSimulator
		{73C88368-409C-4906-9313-5E5F65E6DC71}.Release|iPhoneSimulator.Build.0 = Release|iPhoneSimulator
		{73C88368-409C-4906-9313-5E5F65E6DC71}.Release|x64.ActiveCfg = Release|iPhone
		{73C88368-409C-4906-9313-5E5F65E6DC71}.Release|x86.ActiveCfg = Release|iPhone
		{678F3A4E-D6FD-40FF-81F8-B5BA6BF11DAC}.Ad-Hoc|Any CPU.ActiveCfg = Release|Any CPU
		{678F3A4E-D6FD-40FF-81F8-B5BA6BF11DAC}.Ad-Hoc|Any CPU.Build.0 = Release|Any CPU
		{678F3A4E-D6FD-40FF-81F8-B5BA6BF11DAC}.Ad-Hoc|Any CPU.Deploy.0 = Release|Any CPU
		{678F3A4E-D6FD-40FF-81F8-B5BA6BF11DAC}.Ad-Hoc|ARM.ActiveCfg = Release|ARM
		{678F3A4E-D6FD-40FF-81F8-B5BA6BF11DAC}.Ad-Hoc|ARM.Build.0 = Release|ARM
		{678F3A4E-D6FD-40FF-81F8-B5BA6BF11DAC}.Ad-Hoc|ARM.Deploy.0 = Release|ARM
		{678F3A4E-D6FD-40FF-81F8-B5BA6BF11DAC}.Ad-Hoc|iPhone.ActiveCfg = Release|Any CPU
		{678F3A4E-D6FD-40FF-81F8-B5BA6BF11DAC}.Ad-Hoc|iPhone.Build.0 = Release|Any CPU
		{678F3A4E-D6FD-40FF-81F8-B5BA6BF11DAC}.Ad-Hoc|iPhone.Deploy.0 = Release|Any CPU
		{678F3A4E-D6FD-40FF-81F8-B5BA6BF11DAC}.Ad-Hoc|iPhoneSimulator.ActiveCfg = Release|Any CPU
		{678F3A4E-D6FD-40FF-81F8-B5BA6BF11DAC}.Ad-Hoc|iPhoneSimulator.Build.0 = Release|Any CPU
		{678F3A4E-D6FD-40FF-81F8-B5BA6BF11DAC}.Ad-Hoc|iPhoneSimulator.Deploy.0 = Release|Any CPU
		{678F3A4E-D6FD-40FF-81F8-B5BA6BF11DAC}.Ad-Hoc|x64.ActiveCfg = Release|Any CPU
		{678F3A4E-D6FD-40FF-81F8-B5BA6BF11DAC}.Ad-Hoc|x64.Build.0 = Release|Any CPU
		{678F3A4E-D6FD-40FF-81F8-B5BA6BF11DAC}.Ad-Hoc|x64.Deploy.0 = Release|Any CPU
		{678F3A4E-D6FD-40FF-81F8-B5BA6BF11DAC}.Ad-Hoc|x86.ActiveCfg = Release|x86
		{678F3A4E-D6FD-40FF-81F8-B5BA6BF11DAC}.Ad-Hoc|x86.Build.0 = Release|x86
		{678F3A4E-D6FD-40FF-81F8-B5BA6BF11DAC}.Ad-Hoc|x86.Deploy.0 = Release|x86
		{678F3A4E-D6FD-40FF-81F8-B5BA6BF11DAC}.AppStore|Any CPU.ActiveCfg = Release|Any CPU
		{678F3A4E-D6FD-40FF-81F8-B5BA6BF11DAC}.AppStore|Any CPU.Build.0 = Release|Any CPU
		{678F3A4E-D6FD-40FF-81F8-B5BA6BF11DAC}.AppStore|Any CPU.Deploy.0 = Release|Any CPU
		{678F3A4E-D6FD-40FF-81F8-B5BA6BF11DAC}.AppStore|ARM.ActiveCfg = Release|ARM
		{678F3A4E-D6FD-40FF-81F8-B5BA6BF11DAC}.AppStore|ARM.Build.0 = Release|ARM
		{678F3A4E-D6FD-40FF-81F8-B5BA6BF11DAC}.AppStore|ARM.Deploy.0 = Release|ARM
		{678F3A4E-D6FD-40FF-81F8-B5BA6BF11DAC}.AppStore|iPhone.ActiveCfg = Release|Any CPU
		{678F3A4E-D6FD-40FF-81F8-B5BA6BF11DAC}.AppStore|iPhone.Build.0 = Release|Any CPU
		{678F3A4E-D6FD-40FF-81F8-B5BA6BF11DAC}.AppStore|iPhone.Deploy.0 = Release|Any CPU
		{678F3A4E-D6FD-40FF-81F8-B5BA6BF11DAC}.AppStore|iPhoneSimulator.ActiveCfg = Release|Any CPU
		{678F3A4E-D6FD-40FF-81F8-B5BA6BF11DAC}.AppStore|iPhoneSimulator.Build.0 = Release|Any CPU
		{678F3A4E-D6FD-40FF-81F8-B5BA6BF11DAC}.AppStore|iPhoneSimulator.Deploy.0 = Release|Any CPU
		{678F3A4E-D6FD-40FF-81F8-B5BA6BF11DAC}.AppStore|x64.ActiveCfg = Release|Any CPU
		{678F3A4E-D6FD-40FF-81F8-B5BA6BF11DAC}.AppStore|x64.Build.0 = Release|Any CPU
		{678F3A4E-D6FD-40FF-81F8-B5BA6BF11DAC}.AppStore|x64.Deploy.0 = Release|Any CPU
		{678F3A4E-D6FD-40FF-81F8-B5BA6BF11DAC}.AppStore|x86.ActiveCfg = Release|x86
		{678F3A4E-D6FD-40FF-81F8-B5BA6BF11DAC}.AppStore|x86.Build.0 = Release|x86
		{678F3A4E-D6FD-40FF-81F8-B5BA6BF11DAC}.AppStore|x86.Deploy.0 = Release|x86
		{678F3A4E-D6FD-40FF-81F8-B5BA6BF11DAC}.Debug|Any CPU.ActiveCfg = Debug|Any CPU
		{678F3A4E-D6FD-40FF-81F8-B5BA6BF11DAC}.Debug|Any CPU.Build.0 = Debug|Any CPU
		{678F3A4E-D6FD-40FF-81F8-B5BA6BF11DAC}.Debug|Any CPU.Deploy.0 = Debug|Any CPU
		{678F3A4E-D6FD-40FF-81F8-B5BA6BF11DAC}.Debug|ARM.ActiveCfg = Debug|ARM
		{678F3A4E-D6FD-40FF-81F8-B5BA6BF11DAC}.Debug|ARM.Build.0 = Debug|ARM
		{678F3A4E-D6FD-40FF-81F8-B5BA6BF11DAC}.Debug|ARM.Deploy.0 = Debug|ARM
		{678F3A4E-D6FD-40FF-81F8-B5BA6BF11DAC}.Debug|iPhone.ActiveCfg = Debug|Any CPU
		{678F3A4E-D6FD-40FF-81F8-B5BA6BF11DAC}.Debug|iPhone.Build.0 = Debug|Any CPU
		{678F3A4E-D6FD-40FF-81F8-B5BA6BF11DAC}.Debug|iPhone.Deploy.0 = Debug|Any CPU
		{678F3A4E-D6FD-40FF-81F8-B5BA6BF11DAC}.Debug|iPhoneSimulator.ActiveCfg = Debug|Any CPU
		{678F3A4E-D6FD-40FF-81F8-B5BA6BF11DAC}.Debug|iPhoneSimulator.Build.0 = Debug|Any CPU
		{678F3A4E-D6FD-40FF-81F8-B5BA6BF11DAC}.Debug|iPhoneSimulator.Deploy.0 = Debug|Any CPU
		{678F3A4E-D6FD-40FF-81F8-B5BA6BF11DAC}.Debug|x64.ActiveCfg = Debug|Any CPU
		{678F3A4E-D6FD-40FF-81F8-B5BA6BF11DAC}.Debug|x64.Build.0 = Debug|Any CPU
		{678F3A4E-D6FD-40FF-81F8-B5BA6BF11DAC}.Debug|x64.Deploy.0 = Debug|Any CPU
		{678F3A4E-D6FD-40FF-81F8-B5BA6BF11DAC}.Debug|x86.ActiveCfg = Debug|x86
		{678F3A4E-D6FD-40FF-81F8-B5BA6BF11DAC}.Debug|x86.Build.0 = Debug|x86
		{678F3A4E-D6FD-40FF-81F8-B5BA6BF11DAC}.Debug|x86.Deploy.0 = Debug|x86
		{678F3A4E-D6FD-40FF-81F8-B5BA6BF11DAC}.Release|Any CPU.ActiveCfg = Release|Any CPU
		{678F3A4E-D6FD-40FF-81F8-B5BA6BF11DAC}.Release|Any CPU.Build.0 = Release|Any CPU
		{678F3A4E-D6FD-40FF-81F8-B5BA6BF11DAC}.Release|Any CPU.Deploy.0 = Release|Any CPU
		{678F3A4E-D6FD-40FF-81F8-B5BA6BF11DAC}.Release|ARM.ActiveCfg = Release|ARM
		{678F3A4E-D6FD-40FF-81F8-B5BA6BF11DAC}.Release|ARM.Build.0 = Release|ARM
		{678F3A4E-D6FD-40FF-81F8-B5BA6BF11DAC}.Release|ARM.Deploy.0 = Release|ARM
		{678F3A4E-D6FD-40FF-81F8-B5BA6BF11DAC}.Release|iPhone.ActiveCfg = Release|Any CPU
		{678F3A4E-D6FD-40FF-81F8-B5BA6BF11DAC}.Release|iPhone.Build.0 = Release|Any CPU
		{678F3A4E-D6FD-40FF-81F8-B5BA6BF11DAC}.Release|iPhone.Deploy.0 = Release|Any CPU
		{678F3A4E-D6FD-40FF-81F8-B5BA6BF11DAC}.Release|iPhoneSimulator.ActiveCfg = Release|Any CPU
		{678F3A4E-D6FD-40FF-81F8-B5BA6BF11DAC}.Release|iPhoneSimulator.Build.0 = Release|Any CPU
		{678F3A4E-D6FD-40FF-81F8-B5BA6BF11DAC}.Release|iPhoneSimulator.Deploy.0 = Release|Any CPU
		{678F3A4E-D6FD-40FF-81F8-B5BA6BF11DAC}.Release|x64.ActiveCfg = Release|Any CPU
		{678F3A4E-D6FD-40FF-81F8-B5BA6BF11DAC}.Release|x64.Build.0 = Release|Any CPU
		{678F3A4E-D6FD-40FF-81F8-B5BA6BF11DAC}.Release|x64.Deploy.0 = Release|Any CPU
		{678F3A4E-D6FD-40FF-81F8-B5BA6BF11DAC}.Release|x86.ActiveCfg = Release|x86
		{678F3A4E-D6FD-40FF-81F8-B5BA6BF11DAC}.Release|x86.Build.0 = Release|x86
		{678F3A4E-D6FD-40FF-81F8-B5BA6BF11DAC}.Release|x86.Deploy.0 = Release|x86
		{E612EF29-5943-48BC-A4C6-2B9B97C00E21}.Ad-Hoc|Any CPU.ActiveCfg = Release|x86
		{E612EF29-5943-48BC-A4C6-2B9B97C00E21}.Ad-Hoc|Any CPU.Build.0 = Release|x86
		{E612EF29-5943-48BC-A4C6-2B9B97C00E21}.Ad-Hoc|Any CPU.Deploy.0 = Release|x86
		{E612EF29-5943-48BC-A4C6-2B9B97C00E21}.Ad-Hoc|ARM.ActiveCfg = Release|ARM
		{E612EF29-5943-48BC-A4C6-2B9B97C00E21}.Ad-Hoc|ARM.Build.0 = Release|ARM
		{E612EF29-5943-48BC-A4C6-2B9B97C00E21}.Ad-Hoc|ARM.Deploy.0 = Release|ARM
		{E612EF29-5943-48BC-A4C6-2B9B97C00E21}.Ad-Hoc|iPhone.ActiveCfg = Release|x86
		{E612EF29-5943-48BC-A4C6-2B9B97C00E21}.Ad-Hoc|iPhone.Build.0 = Release|x86
		{E612EF29-5943-48BC-A4C6-2B9B97C00E21}.Ad-Hoc|iPhone.Deploy.0 = Release|x86
		{E612EF29-5943-48BC-A4C6-2B9B97C00E21}.Ad-Hoc|iPhoneSimulator.ActiveCfg = Release|x86
		{E612EF29-5943-48BC-A4C6-2B9B97C00E21}.Ad-Hoc|iPhoneSimulator.Build.0 = Release|x86
		{E612EF29-5943-48BC-A4C6-2B9B97C00E21}.Ad-Hoc|iPhoneSimulator.Deploy.0 = Release|x86
		{E612EF29-5943-48BC-A4C6-2B9B97C00E21}.Ad-Hoc|x64.ActiveCfg = Release|x64
		{E612EF29-5943-48BC-A4C6-2B9B97C00E21}.Ad-Hoc|x64.Build.0 = Release|x64
		{E612EF29-5943-48BC-A4C6-2B9B97C00E21}.Ad-Hoc|x64.Deploy.0 = Release|x64
		{E612EF29-5943-48BC-A4C6-2B9B97C00E21}.Ad-Hoc|x86.ActiveCfg = Release|x86
		{E612EF29-5943-48BC-A4C6-2B9B97C00E21}.Ad-Hoc|x86.Build.0 = Release|x86
		{E612EF29-5943-48BC-A4C6-2B9B97C00E21}.Ad-Hoc|x86.Deploy.0 = Release|x86
		{E612EF29-5943-48BC-A4C6-2B9B97C00E21}.AppStore|Any CPU.ActiveCfg = Release|x86
		{E612EF29-5943-48BC-A4C6-2B9B97C00E21}.AppStore|Any CPU.Build.0 = Release|x86
		{E612EF29-5943-48BC-A4C6-2B9B97C00E21}.AppStore|Any CPU.Deploy.0 = Release|x86
		{E612EF29-5943-48BC-A4C6-2B9B97C00E21}.AppStore|ARM.ActiveCfg = Release|ARM
		{E612EF29-5943-48BC-A4C6-2B9B97C00E21}.AppStore|ARM.Build.0 = Release|ARM
		{E612EF29-5943-48BC-A4C6-2B9B97C00E21}.AppStore|ARM.Deploy.0 = Release|ARM
		{E612EF29-5943-48BC-A4C6-2B9B97C00E21}.AppStore|iPhone.ActiveCfg = Release|x86
		{E612EF29-5943-48BC-A4C6-2B9B97C00E21}.AppStore|iPhone.Build.0 = Release|x86
		{E612EF29-5943-48BC-A4C6-2B9B97C00E21}.AppStore|iPhone.Deploy.0 = Release|x86
		{E612EF29-5943-48BC-A4C6-2B9B97C00E21}.AppStore|iPhoneSimulator.ActiveCfg = Release|x86
		{E612EF29-5943-48BC-A4C6-2B9B97C00E21}.AppStore|iPhoneSimulator.Build.0 = Release|x86
		{E612EF29-5943-48BC-A4C6-2B9B97C00E21}.AppStore|iPhoneSimulator.Deploy.0 = Release|x86
		{E612EF29-5943-48BC-A4C6-2B9B97C00E21}.AppStore|x64.ActiveCfg = Release|x64
		{E612EF29-5943-48BC-A4C6-2B9B97C00E21}.AppStore|x64.Build.0 = Release|x64
		{E612EF29-5943-48BC-A4C6-2B9B97C00E21}.AppStore|x64.Deploy.0 = Release|x64
		{E612EF29-5943-48BC-A4C6-2B9B97C00E21}.AppStore|x86.ActiveCfg = Release|x86
		{E612EF29-5943-48BC-A4C6-2B9B97C00E21}.AppStore|x86.Build.0 = Release|x86
		{E612EF29-5943-48BC-A4C6-2B9B97C00E21}.AppStore|x86.Deploy.0 = Release|x86
		{E612EF29-5943-48BC-A4C6-2B9B97C00E21}.Debug|Any CPU.ActiveCfg = Debug|x86
		{E612EF29-5943-48BC-A4C6-2B9B97C00E21}.Debug|ARM.ActiveCfg = Debug|ARM
		{E612EF29-5943-48BC-A4C6-2B9B97C00E21}.Debug|ARM.Build.0 = Debug|ARM
		{E612EF29-5943-48BC-A4C6-2B9B97C00E21}.Debug|ARM.Deploy.0 = Debug|ARM
		{E612EF29-5943-48BC-A4C6-2B9B97C00E21}.Debug|iPhone.ActiveCfg = Debug|x86
		{E612EF29-5943-48BC-A4C6-2B9B97C00E21}.Debug|iPhoneSimulator.ActiveCfg = Debug|x86
		{E612EF29-5943-48BC-A4C6-2B9B97C00E21}.Debug|x64.ActiveCfg = Debug|x64
		{E612EF29-5943-48BC-A4C6-2B9B97C00E21}.Debug|x64.Build.0 = Debug|x64
		{E612EF29-5943-48BC-A4C6-2B9B97C00E21}.Debug|x64.Deploy.0 = Debug|x64
		{E612EF29-5943-48BC-A4C6-2B9B97C00E21}.Debug|x86.ActiveCfg = Debug|x86
		{E612EF29-5943-48BC-A4C6-2B9B97C00E21}.Debug|x86.Build.0 = Debug|x86
		{E612EF29-5943-48BC-A4C6-2B9B97C00E21}.Debug|x86.Deploy.0 = Debug|x86
		{E612EF29-5943-48BC-A4C6-2B9B97C00E21}.Release|Any CPU.ActiveCfg = Release|x86
		{E612EF29-5943-48BC-A4C6-2B9B97C00E21}.Release|ARM.ActiveCfg = Release|ARM
		{E612EF29-5943-48BC-A4C6-2B9B97C00E21}.Release|ARM.Build.0 = Release|ARM
		{E612EF29-5943-48BC-A4C6-2B9B97C00E21}.Release|ARM.Deploy.0 = Release|ARM
		{E612EF29-5943-48BC-A4C6-2B9B97C00E21}.Release|iPhone.ActiveCfg = Release|x86
		{E612EF29-5943-48BC-A4C6-2B9B97C00E21}.Release|iPhoneSimulator.ActiveCfg = Release|x86
		{E612EF29-5943-48BC-A4C6-2B9B97C00E21}.Release|x64.ActiveCfg = Release|x64
		{E612EF29-5943-48BC-A4C6-2B9B97C00E21}.Release|x64.Build.0 = Release|x64
		{E612EF29-5943-48BC-A4C6-2B9B97C00E21}.Release|x64.Deploy.0 = Release|x64
		{E612EF29-5943-48BC-A4C6-2B9B97C00E21}.Release|x86.ActiveCfg = Release|x86
		{E612EF29-5943-48BC-A4C6-2B9B97C00E21}.Release|x86.Build.0 = Release|x86
		{E612EF29-5943-48BC-A4C6-2B9B97C00E21}.Release|x86.Deploy.0 = Release|x86
		{529C6252-9913-49A6-A43B-9E300567EB6D}.Ad-Hoc|Any CPU.ActiveCfg = Release|Any CPU
		{529C6252-9913-49A6-A43B-9E300567EB6D}.Ad-Hoc|Any CPU.Build.0 = Release|Any CPU
		{529C6252-9913-49A6-A43B-9E300567EB6D}.Ad-Hoc|Any CPU.Deploy.0 = Release|Any CPU
		{529C6252-9913-49A6-A43B-9E300567EB6D}.Ad-Hoc|ARM.ActiveCfg = Release|ARM
		{529C6252-9913-49A6-A43B-9E300567EB6D}.Ad-Hoc|ARM.Build.0 = Release|ARM
		{529C6252-9913-49A6-A43B-9E300567EB6D}.Ad-Hoc|ARM.Deploy.0 = Release|ARM
		{529C6252-9913-49A6-A43B-9E300567EB6D}.Ad-Hoc|iPhone.ActiveCfg = Release|Any CPU
		{529C6252-9913-49A6-A43B-9E300567EB6D}.Ad-Hoc|iPhone.Build.0 = Release|Any CPU
		{529C6252-9913-49A6-A43B-9E300567EB6D}.Ad-Hoc|iPhone.Deploy.0 = Release|Any CPU
		{529C6252-9913-49A6-A43B-9E300567EB6D}.Ad-Hoc|iPhoneSimulator.ActiveCfg = Release|Any CPU
		{529C6252-9913-49A6-A43B-9E300567EB6D}.Ad-Hoc|iPhoneSimulator.Build.0 = Release|Any CPU
		{529C6252-9913-49A6-A43B-9E300567EB6D}.Ad-Hoc|iPhoneSimulator.Deploy.0 = Release|Any CPU
		{529C6252-9913-49A6-A43B-9E300567EB6D}.Ad-Hoc|x64.ActiveCfg = Release|x64
		{529C6252-9913-49A6-A43B-9E300567EB6D}.Ad-Hoc|x64.Build.0 = Release|x64
		{529C6252-9913-49A6-A43B-9E300567EB6D}.Ad-Hoc|x64.Deploy.0 = Release|x64
		{529C6252-9913-49A6-A43B-9E300567EB6D}.Ad-Hoc|x86.ActiveCfg = Release|x86
		{529C6252-9913-49A6-A43B-9E300567EB6D}.Ad-Hoc|x86.Build.0 = Release|x86
		{529C6252-9913-49A6-A43B-9E300567EB6D}.Ad-Hoc|x86.Deploy.0 = Release|x86
		{529C6252-9913-49A6-A43B-9E300567EB6D}.AppStore|Any CPU.ActiveCfg = Release|Any CPU
		{529C6252-9913-49A6-A43B-9E300567EB6D}.AppStore|Any CPU.Build.0 = Release|Any CPU
		{529C6252-9913-49A6-A43B-9E300567EB6D}.AppStore|Any CPU.Deploy.0 = Release|Any CPU
		{529C6252-9913-49A6-A43B-9E300567EB6D}.AppStore|ARM.ActiveCfg = Release|ARM
		{529C6252-9913-49A6-A43B-9E300567EB6D}.AppStore|ARM.Build.0 = Release|ARM
		{529C6252-9913-49A6-A43B-9E300567EB6D}.AppStore|ARM.Deploy.0 = Release|ARM
		{529C6252-9913-49A6-A43B-9E300567EB6D}.AppStore|iPhone.ActiveCfg = Release|Any CPU
		{529C6252-9913-49A6-A43B-9E300567EB6D}.AppStore|iPhone.Build.0 = Release|Any CPU
		{529C6252-9913-49A6-A43B-9E300567EB6D}.AppStore|iPhone.Deploy.0 = Release|Any CPU
		{529C6252-9913-49A6-A43B-9E300567EB6D}.AppStore|iPhoneSimulator.ActiveCfg = Release|Any CPU
		{529C6252-9913-49A6-A43B-9E300567EB6D}.AppStore|iPhoneSimulator.Build.0 = Release|Any CPU
		{529C6252-9913-49A6-A43B-9E300567EB6D}.AppStore|iPhoneSimulator.Deploy.0 = Release|Any CPU
		{529C6252-9913-49A6-A43B-9E300567EB6D}.AppStore|x64.ActiveCfg = Release|x64
		{529C6252-9913-49A6-A43B-9E300567EB6D}.AppStore|x64.Build.0 = Release|x64
		{529C6252-9913-49A6-A43B-9E300567EB6D}.AppStore|x64.Deploy.0 = Release|x64
		{529C6252-9913-49A6-A43B-9E300567EB6D}.AppStore|x86.ActiveCfg = Release|x86
		{529C6252-9913-49A6-A43B-9E300567EB6D}.AppStore|x86.Build.0 = Release|x86
		{529C6252-9913-49A6-A43B-9E300567EB6D}.AppStore|x86.Deploy.0 = Release|x86
		{529C6252-9913-49A6-A43B-9E300567EB6D}.Debug|Any CPU.ActiveCfg = Debug|Any CPU
		{529C6252-9913-49A6-A43B-9E300567EB6D}.Debug|Any CPU.Build.0 = Debug|Any CPU
		{529C6252-9913-49A6-A43B-9E300567EB6D}.Debug|Any CPU.Deploy.0 = Debug|Any CPU
		{529C6252-9913-49A6-A43B-9E300567EB6D}.Debug|ARM.ActiveCfg = Debug|ARM
		{529C6252-9913-49A6-A43B-9E300567EB6D}.Debug|ARM.Build.0 = Debug|ARM
		{529C6252-9913-49A6-A43B-9E300567EB6D}.Debug|ARM.Deploy.0 = Debug|ARM
		{529C6252-9913-49A6-A43B-9E300567EB6D}.Debug|iPhone.ActiveCfg = Debug|Any CPU
		{529C6252-9913-49A6-A43B-9E300567EB6D}.Debug|iPhone.Build.0 = Debug|Any CPU
		{529C6252-9913-49A6-A43B-9E300567EB6D}.Debug|iPhone.Deploy.0 = Debug|Any CPU
		{529C6252-9913-49A6-A43B-9E300567EB6D}.Debug|iPhoneSimulator.ActiveCfg = Debug|Any CPU
		{529C6252-9913-49A6-A43B-9E300567EB6D}.Debug|iPhoneSimulator.Build.0 = Debug|Any CPU
		{529C6252-9913-49A6-A43B-9E300567EB6D}.Debug|iPhoneSimulator.Deploy.0 = Debug|Any CPU
		{529C6252-9913-49A6-A43B-9E300567EB6D}.Debug|x64.ActiveCfg = Debug|x64
		{529C6252-9913-49A6-A43B-9E300567EB6D}.Debug|x64.Build.0 = Debug|x64
		{529C6252-9913-49A6-A43B-9E300567EB6D}.Debug|x64.Deploy.0 = Debug|x64
		{529C6252-9913-49A6-A43B-9E300567EB6D}.Debug|x86.ActiveCfg = Debug|x86
		{529C6252-9913-49A6-A43B-9E300567EB6D}.Debug|x86.Build.0 = Debug|x86
		{529C6252-9913-49A6-A43B-9E300567EB6D}.Debug|x86.Deploy.0 = Debug|x86
		{529C6252-9913-49A6-A43B-9E300567EB6D}.Release|Any CPU.ActiveCfg = Release|Any CPU
		{529C6252-9913-49A6-A43B-9E300567EB6D}.Release|Any CPU.Build.0 = Release|Any CPU
		{529C6252-9913-49A6-A43B-9E300567EB6D}.Release|Any CPU.Deploy.0 = Release|Any CPU
		{529C6252-9913-49A6-A43B-9E300567EB6D}.Release|ARM.ActiveCfg = Release|ARM
		{529C6252-9913-49A6-A43B-9E300567EB6D}.Release|ARM.Build.0 = Release|ARM
		{529C6252-9913-49A6-A43B-9E300567EB6D}.Release|ARM.Deploy.0 = Release|ARM
		{529C6252-9913-49A6-A43B-9E300567EB6D}.Release|iPhone.ActiveCfg = Release|Any CPU
		{529C6252-9913-49A6-A43B-9E300567EB6D}.Release|iPhone.Build.0 = Release|Any CPU
		{529C6252-9913-49A6-A43B-9E300567EB6D}.Release|iPhone.Deploy.0 = Release|Any CPU
		{529C6252-9913-49A6-A43B-9E300567EB6D}.Release|iPhoneSimulator.ActiveCfg = Release|Any CPU
		{529C6252-9913-49A6-A43B-9E300567EB6D}.Release|iPhoneSimulator.Build.0 = Release|Any CPU
		{529C6252-9913-49A6-A43B-9E300567EB6D}.Release|iPhoneSimulator.Deploy.0 = Release|Any CPU
		{529C6252-9913-49A6-A43B-9E300567EB6D}.Release|x64.ActiveCfg = Release|x64
		{529C6252-9913-49A6-A43B-9E300567EB6D}.Release|x64.Build.0 = Release|x64
		{529C6252-9913-49A6-A43B-9E300567EB6D}.Release|x64.Deploy.0 = Release|x64
		{529C6252-9913-49A6-A43B-9E300567EB6D}.Release|x86.ActiveCfg = Release|x86
		{529C6252-9913-49A6-A43B-9E300567EB6D}.Release|x86.Build.0 = Release|x86
		{529C6252-9913-49A6-A43B-9E300567EB6D}.Release|x86.Deploy.0 = Release|x86
	EndGlobalSection
	GlobalSection(SolutionProperties) = preSolution
		HideSolutionNode = FALSE
	EndGlobalSection
EndGlobal
